// !$*UTF8*$!
{
	archiveVersion = 1;
	classes = {
	};
	objectVersion = 50;
	objects = {

/* Begin PBXBuildFile section */
		5711DC08243F19CC00A32DBC /* PanoRtc.framework in Frameworks */ = {isa = PBXBuildFile; fileRef = 5711DC07243F19CC00A32DBC /* PanoRtc.framework */; };
		5711DC0A243F19FE00A32DBC /* PanoRtc.framework in Embed Frameworks */ = {isa = PBXBuildFile; fileRef = 5711DC07243F19CC00A32DBC /* PanoRtc.framework */; settings = {ATTRIBUTES = (CodeSignOnCopy, RemoveHeadersOnCopy, ); }; };
		5711DC0D243F27BB00A32DBC /* UserInfo.m in Sources */ = {isa = PBXBuildFile; fileRef = 5711DC0C243F27BB00A32DBC /* UserInfo.m */; };
		5711DC1B24401FC600A32DBC /* UserView.m in Sources */ = {isa = PBXBuildFile; fileRef = 5711DC1A24401FC600A32DBC /* UserView.m */; };
		572A0B0E2436E8D60003C457 /* Localizable.strings in Resources */ = {isa = PBXBuildFile; fileRef = 572A0B102436E8D60003C457 /* Localizable.strings */; };
		572A0B14243715600003C457 /* SettingTableViewController.m in Sources */ = {isa = PBXBuildFile; fileRef = 572A0B13243715600003C457 /* SettingTableViewController.m */; };
		5752F3EB2437653400CAEA64 /* BeautifyTableViewController.m in Sources */ = {isa = PBXBuildFile; fileRef = 5752F3EA2437653400CAEA64 /* BeautifyTableViewController.m */; };
		575943D4243D7B7F00266F59 /* FeedbackViewController.m in Sources */ = {isa = PBXBuildFile; fileRef = 575943D3243D7B7F00266F59 /* FeedbackViewController.m */; };
		575943D7243D811100266F59 /* PanoCallClient.m in Sources */ = {isa = PBXBuildFile; fileRef = 575943D6243D811100266F59 /* PanoCallClient.m */; };
		57C6E49A2434780200ADF2CB /* AppDelegate.m in Sources */ = {isa = PBXBuildFile; fileRef = 57C6E4992434780200ADF2CB /* AppDelegate.m */; };
		57C6E49D2434780200ADF2CB /* SceneDelegate.m in Sources */ = {isa = PBXBuildFile; fileRef = 57C6E49C2434780200ADF2CB /* SceneDelegate.m */; };
		57C6E4A32434780200ADF2CB /* Main.storyboard in Resources */ = {isa = PBXBuildFile; fileRef = 57C6E4A12434780200ADF2CB /* Main.storyboard */; };
		57C6E4A52434780500ADF2CB /* Assets.xcassets in Resources */ = {isa = PBXBuildFile; fileRef = 57C6E4A42434780500ADF2CB /* Assets.xcassets */; };
		57C6E4A82434780500ADF2CB /* LaunchScreen.storyboard in Resources */ = {isa = PBXBuildFile; fileRef = 57C6E4A62434780500ADF2CB /* LaunchScreen.storyboard */; };
		57C6E4AB2434780500ADF2CB /* main.m in Sources */ = {isa = PBXBuildFile; fileRef = 57C6E4AA2434780500ADF2CB /* main.m */; };
		57C6E4C62434A4C400ADF2CB /* JoinViewController.m in Sources */ = {isa = PBXBuildFile; fileRef = 57C6E4BF2434A4C400ADF2CB /* JoinViewController.m */; };
		57C6E4C72434A4C400ADF2CB /* CallViewController.m in Sources */ = {isa = PBXBuildFile; fileRef = 57C6E4C02434A4C400ADF2CB /* CallViewController.m */; };
		57C6E4C82434A4C400ADF2CB /* WhiteboardViewController.m in Sources */ = {isa = PBXBuildFile; fileRef = 57C6E4C22434A4C400ADF2CB /* WhiteboardViewController.m */; };
		57D7E07F24DAACF100761E83 /* VideoFilterDelegate.m in Sources */ = {isa = PBXBuildFile; fileRef = 57D7E07E24DAACF100761E83 /* VideoFilterDelegate.m */; };
		57E4F32F244A18170004A856 /* InfoPlist.strings in Resources */ = {isa = PBXBuildFile; fileRef = 57E4F331244A18170004A856 /* InfoPlist.strings */; };
		57FC408C243769B500508035 /* WebViewController.m in Sources */ = {isa = PBXBuildFile; fileRef = 57FC408B243769B500508035 /* WebViewController.m */; };
		BD79D93C269D331C00CADDE5 /* iconfont.ttf in Resources */ = {isa = PBXBuildFile; fileRef = BD79D8D5269D331B00CADDE5 /* iconfont.ttf */; };
		BD79D93D269D331C00CADDE5 /* demo_index.html in Resources */ = {isa = PBXBuildFile; fileRef = BD79D8D6269D331B00CADDE5 /* demo_index.html */; };
		BD79D93E269D331C00CADDE5 /* image.launch2@3x.png in Resources */ = {isa = PBXBuildFile; fileRef = BD79D8D7269D331B00CADDE5 /* image.launch2@3x.png */; };
		BD79D93F269D331C00CADDE5 /* PanoBaseMediaView.m in Sources */ = {isa = PBXBuildFile; fileRef = BD79D8DC269D331B00CADDE5 /* PanoBaseMediaView.m */; };
		BD79D940269D331C00CADDE5 /* PanoAnnotationToolView.m in Sources */ = {isa = PBXBuildFile; fileRef = BD79D8DD269D331B00CADDE5 /* PanoAnnotationToolView.m */; };
		BD79D941269D331C00CADDE5 /* PanoDesktopView.m in Sources */ = {isa = PBXBuildFile; fileRef = BD79D8E0269D331B00CADDE5 /* PanoDesktopView.m */; };
		BD79D942269D331C00CADDE5 /* PanoVideoView.m in Sources */ = {isa = PBXBuildFile; fileRef = BD79D8E1269D331B00CADDE5 /* PanoVideoView.m */; };
		BD79D943269D331C00CADDE5 /* PanoWhiteBoradView.m in Sources */ = {isa = PBXBuildFile; fileRef = BD79D8E5269D331B00CADDE5 /* PanoWhiteBoradView.m */; };
		BD79D944269D331C00CADDE5 /* PanoAnnotationTool.m in Sources */ = {isa = PBXBuildFile; fileRef = BD79D8E6269D331B00CADDE5 /* PanoAnnotationTool.m */; };
		BD79D945269D331C00CADDE5 /* PanoAnnotationPenView.m in Sources */ = {isa = PBXBuildFile; fileRef = BD79D8E9269D331B00CADDE5 /* PanoAnnotationPenView.m */; };
		BD79D946269D331C00CADDE5 /* PanoPoolLayout.m in Sources */ = {isa = PBXBuildFile; fileRef = BD79D8EB269D331B00CADDE5 /* PanoPoolLayout.m */; };
		BD79D947269D331C00CADDE5 /* PanoPoolFullScreenLayout.m in Sources */ = {isa = PBXBuildFile; fileRef = BD79D8ED269D331B00CADDE5 /* PanoPoolFullScreenLayout.m */; };
		BD79D948269D331C00CADDE5 /* PanoPoolFourAvgLayout.m in Sources */ = {isa = PBXBuildFile; fileRef = BD79D8EF269D331B00CADDE5 /* PanoPoolFourAvgLayout.m */; };
		BD79D949269D331C00CADDE5 /* PanoPoolFloatLayout.m in Sources */ = {isa = PBXBuildFile; fileRef = BD79D8F2269D331B00CADDE5 /* PanoPoolFloatLayout.m */; };
		BD79D94A269D331C00CADDE5 /* PanoUserInfo.m in Sources */ = {isa = PBXBuildFile; fileRef = BD79D8F7269D331B00CADDE5 /* PanoUserInfo.m */; };
		BD79D94B269D331C00CADDE5 /* PanoConfig.m in Sources */ = {isa = PBXBuildFile; fileRef = BD79D8F8269D331B00CADDE5 /* PanoConfig.m */; };
		BD79D94D269D331C00CADDE5 /* PanoViewInstance.m in Sources */ = {isa = PBXBuildFile; fileRef = BD79D8FA269D331B00CADDE5 /* PanoViewInstance.m */; };
		BD79D94E269D331C00CADDE5 /* PanoPoolView.m in Sources */ = {isa = PBXBuildFile; fileRef = BD79D901269D331B00CADDE5 /* PanoPoolView.m */; };
		BD79D94F269D331C00CADDE5 /* PanoFeedAudioController.m in Sources */ = {isa = PBXBuildFile; fileRef = BD79D902269D331B00CADDE5 /* PanoFeedAudioController.m */; };
		BD79D951269D331C00CADDE5 /* PanoBroadcastButton.m in Sources */ = {isa = PBXBuildFile; fileRef = BD79D906269D331B00CADDE5 /* PanoBroadcastButton.m */; };
		BD79D953269D331C00CADDE5 /* PanoUserListViewController.m in Sources */ = {isa = PBXBuildFile; fileRef = BD79D90B269D331B00CADDE5 /* PanoUserListViewController.m */; };
		BD79D954269D331C00CADDE5 /* PanoWbTopView.m in Sources */ = {isa = PBXBuildFile; fileRef = BD79D90C269D331B00CADDE5 /* PanoWbTopView.m */; };
		BD79D955269D331C00CADDE5 /* PanoUserCell.m in Sources */ = {isa = PBXBuildFile; fileRef = BD79D90E269D331B00CADDE5 /* PanoUserCell.m */; };
		BD79D956269D331C00CADDE5 /* PanoPoolService.m in Sources */ = {isa = PBXBuildFile; fileRef = BD79D911269D331B00CADDE5 /* PanoPoolService.m */; };
		BD79D957269D331C00CADDE5 /* PanoWhiteboardService.m in Sources */ = {isa = PBXBuildFile; fileRef = BD79D914269D331B00CADDE5 /* PanoWhiteboardService.m */; };
		BD79D958269D331C00CADDE5 /* PanoAnnotationService.m in Sources */ = {isa = PBXBuildFile; fileRef = BD79D915269D331B00CADDE5 /* PanoAnnotationService.m */; };
		BD79D959269D331C00CADDE5 /* PanoUserService.m in Sources */ = {isa = PBXBuildFile; fileRef = BD79D916269D331B00CADDE5 /* PanoUserService.m */; };
		BD79D95A269D331C00CADDE5 /* PanoServiceManager.m in Sources */ = {isa = PBXBuildFile; fileRef = BD79D917269D331B00CADDE5 /* PanoServiceManager.m */; };
		BD79D95B269D331C00CADDE5 /* PanoAudioService.m in Sources */ = {isa = PBXBuildFile; fileRef = BD79D91B269D331B00CADDE5 /* PanoAudioService.m */; };
		BD79D95C269D331C00CADDE5 /* PanoRTMService.m in Sources */ = {isa = PBXBuildFile; fileRef = BD79D91D269D331B00CADDE5 /* PanoRTMService.m */; };
		BD79D95D269D331C00CADDE5 /* PanoDesktopService.m in Sources */ = {isa = PBXBuildFile; fileRef = BD79D91E269D331B00CADDE5 /* PanoDesktopService.m */; };
		BD79D95E269D331C00CADDE5 /* PanoVideoService.m in Sources */ = {isa = PBXBuildFile; fileRef = BD79D923269D331C00CADDE5 /* PanoVideoService.m */; };
		BD79D95F269D331C00CADDE5 /* PanoClientService.m in Sources */ = {isa = PBXBuildFile; fileRef = BD79D924269D331C00CADDE5 /* PanoClientService.m */; };
		BD79D960269D331C00CADDE5 /* PanoBaseView.m in Sources */ = {isa = PBXBuildFile; fileRef = BD79D927269D331C00CADDE5 /* PanoBaseView.m */; };
		BD79D961269D331C00CADDE5 /* PanoBaseViewController.m in Sources */ = {isa = PBXBuildFile; fileRef = BD79D928269D331C00CADDE5 /* PanoBaseViewController.m */; };
		BD79D962269D331C00CADDE5 /* PanoBaseService.m in Sources */ = {isa = PBXBuildFile; fileRef = BD79D929269D331C00CADDE5 /* PanoBaseService.m */; };
		BD79D963269D331C00CADDE5 /* UIImage+IconFont.m in Sources */ = {isa = PBXBuildFile; fileRef = BD79D92E269D331C00CADDE5 /* UIImage+IconFont.m */; };
		BD79D964269D331C00CADDE5 /* UIImage+Extension.m in Sources */ = {isa = PBXBuildFile; fileRef = BD79D933269D331C00CADDE5 /* UIImage+Extension.m */; };
		BD79D965269D331C00CADDE5 /* NSURL+Extension.m in Sources */ = {isa = PBXBuildFile; fileRef = BD79D934269D331C00CADDE5 /* NSURL+Extension.m */; };
		BD79D966269D331C00CADDE5 /* UIColor+Extension.m in Sources */ = {isa = PBXBuildFile; fileRef = BD79D936269D331C00CADDE5 /* UIColor+Extension.m */; };
		BD79D967269D331C00CADDE5 /* UIView+Designable.m in Sources */ = {isa = PBXBuildFile; fileRef = BD79D937269D331C00CADDE5 /* UIView+Designable.m */; };
		BD79D968269D331C00CADDE5 /* MBProgressHUD+Extension.m in Sources */ = {isa = PBXBuildFile; fileRef = BD79D939269D331C00CADDE5 /* MBProgressHUD+Extension.m */; };
		BD79D969269D331C00CADDE5 /* UIView+Extension.m in Sources */ = {isa = PBXBuildFile; fileRef = BD79D93A269D331C00CADDE5 /* UIView+Extension.m */; };
		BD79D988269D341D00CADDE5 /* PanoAction.m in Sources */ = {isa = PBXBuildFile; fileRef = BD79D96B269D341D00CADDE5 /* PanoAction.m */; };
		BD79D989269D341D00CADDE5 /* Reachability.m in Sources */ = {isa = PBXBuildFile; fileRef = BD79D96C269D341D00CADDE5 /* Reachability.m */; };
		BD79D98A269D341D00CADDE5 /* PanoMenuCell.m in Sources */ = {isa = PBXBuildFile; fileRef = BD79D973269D341D00CADDE5 /* PanoMenuCell.m */; };
		BD79D98B269D341D00CADDE5 /* PanoArrayDataSource.m in Sources */ = {isa = PBXBuildFile; fileRef = BD79D974269D341D00CADDE5 /* PanoArrayDataSource.m */; };
		BD79D98C269D341D00CADDE5 /* PanoItem.m in Sources */ = {isa = PBXBuildFile; fileRef = BD79D975269D341D00CADDE5 /* PanoItem.m */; };
		BD79D98D269D341D00CADDE5 /* PanoAvatorUtil.m in Sources */ = {isa = PBXBuildFile; fileRef = BD79D976269D341D00CADDE5 /* PanoAvatorUtil.m */; };
		BD79D98E269D341D00CADDE5 /* PanoNotificationCenter.m in Sources */ = {isa = PBXBuildFile; fileRef = BD79D97A269D341D00CADDE5 /* PanoNotificationCenter.m */; };
		BD79D98F269D341D00CADDE5 /* TCPopupViewPath.m in Sources */ = {isa = PBXBuildFile; fileRef = BD79D97C269D341D00CADDE5 /* TCPopupViewPath.m */; };
		BD79D990269D341D00CADDE5 /* TCRectConst.m in Sources */ = {isa = PBXBuildFile; fileRef = BD79D97D269D341D00CADDE5 /* TCRectConst.m */; };
		BD79D991269D341D00CADDE5 /* PanoMulticastDelegate.m in Sources */ = {isa = PBXBuildFile; fileRef = BD79D980269D341D00CADDE5 /* PanoMulticastDelegate.m */; };
		BD79D992269D341D00CADDE5 /* PanoEmptyView.m in Sources */ = {isa = PBXBuildFile; fileRef = BD79D981269D341D00CADDE5 /* PanoEmptyView.m */; };
		BD79D994269D341D00CADDE5 /* PanoNetworkManager.m in Sources */ = {isa = PBXBuildFile; fileRef = BD79D984269D341D00CADDE5 /* PanoNetworkManager.m */; };
		BD79D99F269D61CB00CADDE5 /* MBProgressHUD.m in Sources */ = {isa = PBXBuildFile; fileRef = BD79D99B269D61CB00CADDE5 /* MBProgressHUD.m */; };
		BD79D9BC269D61E400CADDE5 /* NSLayoutConstraint+MASDebugAdditions.m in Sources */ = {isa = PBXBuildFile; fileRef = BD79D9A4269D61E400CADDE5 /* NSLayoutConstraint+MASDebugAdditions.m */; };
		BD79D9BD269D61E400CADDE5 /* ViewController+MASAdditions.m in Sources */ = {isa = PBXBuildFile; fileRef = BD79D9AD269D61E400CADDE5 /* ViewController+MASAdditions.m */; };
		BD79D9BE269D61E400CADDE5 /* MASCompositeConstraint.m in Sources */ = {isa = PBXBuildFile; fileRef = BD79D9B1269D61E400CADDE5 /* MASCompositeConstraint.m */; };
		BD79D9BF269D61E400CADDE5 /* MASConstraintMaker.m in Sources */ = {isa = PBXBuildFile; fileRef = BD79D9B2269D61E400CADDE5 /* MASConstraintMaker.m */; };
		BD79D9C0269D61E400CADDE5 /* MASLayoutConstraint.m in Sources */ = {isa = PBXBuildFile; fileRef = BD79D9B3269D61E400CADDE5 /* MASLayoutConstraint.m */; };
		BD79D9C1269D61E400CADDE5 /* NSArray+MASAdditions.m in Sources */ = {isa = PBXBuildFile; fileRef = BD79D9B4269D61E400CADDE5 /* NSArray+MASAdditions.m */; };
		BD79D9C2269D61E400CADDE5 /* View+MASAdditions.m in Sources */ = {isa = PBXBuildFile; fileRef = BD79D9B5269D61E400CADDE5 /* View+MASAdditions.m */; };
		BD79D9C3269D61E400CADDE5 /* MASConstraint.m in Sources */ = {isa = PBXBuildFile; fileRef = BD79D9B8269D61E400CADDE5 /* MASConstraint.m */; };
		BD79D9C4269D61E400CADDE5 /* MASViewConstraint.m in Sources */ = {isa = PBXBuildFile; fileRef = BD79D9BA269D61E400CADDE5 /* MASViewConstraint.m */; };
		BD79D9C5269D61E400CADDE5 /* MASViewAttribute.m in Sources */ = {isa = PBXBuildFile; fileRef = BD79D9BB269D61E400CADDE5 /* MASViewAttribute.m */; };
		BD79D9D7269D6DBB00CADDE5 /* ReplayKit.framework in Frameworks */ = {isa = PBXBuildFile; fileRef = BD79D9D6269D6DBB00CADDE5 /* ReplayKit.framework */; };
		BD79D9DB269D6DBB00CADDE5 /* SampleHandler.m in Sources */ = {isa = PBXBuildFile; fileRef = BD79D9DA269D6DBB00CADDE5 /* SampleHandler.m */; };
		BD79D9DF269D6DBB00CADDE5 /* BroadcastExtension.appex in Embed App Extensions */ = {isa = PBXBuildFile; fileRef = BD79D9D5269D6DBB00CADDE5 /* BroadcastExtension.appex */; settings = {ATTRIBUTES = (RemoveHeadersOnCopy, ); }; };
		BD79D9E6269D6E8200CADDE5 /* PanoReplayKitExt.framework in Frameworks */ = {isa = PBXBuildFile; fileRef = BD79D9E5269D6E8200CADDE5 /* PanoReplayKitExt.framework */; };
		BD79D9E9269D6E9900CADDE5 /* PanoReplayKitExt.framework in Frameworks */ = {isa = PBXBuildFile; fileRef = BD79D9E5269D6E8200CADDE5 /* PanoReplayKitExt.framework */; };
		BD79D9EA269D6E9900CADDE5 /* PanoReplayKitExt.framework in Embed Frameworks */ = {isa = PBXBuildFile; fileRef = BD79D9E5269D6E8200CADDE5 /* PanoReplayKitExt.framework */; settings = {ATTRIBUTES = (CodeSignOnCopy, RemoveHeadersOnCopy, ); }; };
/* End PBXBuildFile section */

/* Begin PBXContainerItemProxy section */
		BD79D9DD269D6DBB00CADDE5 /* PBXContainerItemProxy */ = {
			isa = PBXContainerItemProxy;
			containerPortal = 57C6E48D2434780200ADF2CB /* Project object */;
			proxyType = 1;
			remoteGlobalIDString = BD79D9D4269D6DBB00CADDE5;
			remoteInfo = BroadcastExtension;
		};
/* End PBXContainerItemProxy section */

/* Begin PBXCopyFilesBuildPhase section */
		5711DC09243F19D800A32DBC /* Embed Frameworks */ = {
			isa = PBXCopyFilesBuildPhase;
			buildActionMask = 2147483647;
			dstPath = "";
			dstSubfolderSpec = 10;
			files = (
				BD79D9EA269D6E9900CADDE5 /* PanoReplayKitExt.framework in Embed Frameworks */,
				5711DC0A243F19FE00A32DBC /* PanoRtc.framework in Embed Frameworks */,
			);
			name = "Embed Frameworks";
			runOnlyForDeploymentPostprocessing = 0;
		};
		BD79D9E3269D6DBB00CADDE5 /* Embed App Extensions */ = {
			isa = PBXCopyFilesBuildPhase;
			buildActionMask = 2147483647;
			dstPath = "";
			dstSubfolderSpec = 13;
			files = (
				BD79D9DF269D6DBB00CADDE5 /* BroadcastExtension.appex in Embed App Extensions */,
			);
			name = "Embed App Extensions";
			runOnlyForDeploymentPostprocessing = 0;
		};
/* End PBXCopyFilesBuildPhase section */

/* Begin PBXFileReference section */
		51053C52D50DBAEA4BBD7315 /* libPods-PanoVideoDemo.a */ = {isa = PBXFileReference; explicitFileType = archive.ar; includeInIndex = 0; path = "libPods-PanoVideoDemo.a"; sourceTree = BUILT_PRODUCTS_DIR; };
		5711DC07243F19CC00A32DBC /* PanoRtc.framework */ = {isa = PBXFileReference; lastKnownFileType = wrapper.framework; name = PanoRtc.framework; path = ../SDK/PanoRtc.framework; sourceTree = "<group>"; };
		5711DC0B243F27BB00A32DBC /* UserInfo.h */ = {isa = PBXFileReference; lastKnownFileType = sourcecode.c.h; path = UserInfo.h; sourceTree = "<group>"; };
		5711DC0C243F27BB00A32DBC /* UserInfo.m */ = {isa = PBXFileReference; lastKnownFileType = sourcecode.c.objc; path = UserInfo.m; sourceTree = "<group>"; };
		5711DC16244018C400A32DBC /* zh-Hans */ = {isa = PBXFileReference; lastKnownFileType = text.plist.strings; name = "zh-Hans"; path = "zh-Hans.lproj/Main.strings"; sourceTree = "<group>"; };
		5711DC1924401FC600A32DBC /* UserView.h */ = {isa = PBXFileReference; lastKnownFileType = sourcecode.c.h; path = UserView.h; sourceTree = "<group>"; };
		5711DC1A24401FC600A32DBC /* UserView.m */ = {isa = PBXFileReference; lastKnownFileType = sourcecode.c.objc; path = UserView.m; sourceTree = "<group>"; };
		572A0B0F2436E8D60003C457 /* zh-Hans */ = {isa = PBXFileReference; lastKnownFileType = text.plist.strings; name = "zh-Hans"; path = "zh-Hans.lproj/Localizable.strings"; sourceTree = "<group>"; };
		572A0B12243715600003C457 /* SettingTableViewController.h */ = {isa = PBXFileReference; lastKnownFileType = sourcecode.c.h; path = SettingTableViewController.h; sourceTree = "<group>"; };
		572A0B13243715600003C457 /* SettingTableViewController.m */ = {isa = PBXFileReference; lastKnownFileType = sourcecode.c.objc; path = SettingTableViewController.m; sourceTree = "<group>"; };
		5752F3E92437653400CAEA64 /* BeautifyTableViewController.h */ = {isa = PBXFileReference; lastKnownFileType = sourcecode.c.h; path = BeautifyTableViewController.h; sourceTree = "<group>"; };
		5752F3EA2437653400CAEA64 /* BeautifyTableViewController.m */ = {isa = PBXFileReference; lastKnownFileType = sourcecode.c.objc; path = BeautifyTableViewController.m; sourceTree = "<group>"; };
		575943D2243D7B7F00266F59 /* FeedbackViewController.h */ = {isa = PBXFileReference; lastKnownFileType = sourcecode.c.h; path = FeedbackViewController.h; sourceTree = "<group>"; };
		575943D3243D7B7F00266F59 /* FeedbackViewController.m */ = {isa = PBXFileReference; lastKnownFileType = sourcecode.c.objc; path = FeedbackViewController.m; sourceTree = "<group>"; };
		575943D5243D811100266F59 /* PanoCallClient.h */ = {isa = PBXFileReference; lastKnownFileType = sourcecode.c.h; path = PanoCallClient.h; sourceTree = "<group>"; };
		575943D6243D811100266F59 /* PanoCallClient.m */ = {isa = PBXFileReference; lastKnownFileType = sourcecode.c.objc; path = PanoCallClient.m; sourceTree = "<group>"; };
		57A7E64B2466B2FD002A04F1 /* en */ = {isa = PBXFileReference; lastKnownFileType = text.plist.strings; name = en; path = en.lproj/Main.strings; sourceTree = "<group>"; };
		57A7E64C2466B3CB002A04F1 /* en */ = {isa = PBXFileReference; lastKnownFileType = text.plist.strings; name = en; path = en.lproj/Localizable.strings; sourceTree = "<group>"; };
		57A7E64D2466B3D7002A04F1 /* en */ = {isa = PBXFileReference; lastKnownFileType = text.plist.strings; name = en; path = en.lproj/InfoPlist.strings; sourceTree = "<group>"; };
		57C6E4952434780200ADF2CB /* PanoVideoDemo.app */ = {isa = PBXFileReference; explicitFileType = wrapper.application; includeInIndex = 0; path = PanoVideoDemo.app; sourceTree = BUILT_PRODUCTS_DIR; };
		57C6E4982434780200ADF2CB /* AppDelegate.h */ = {isa = PBXFileReference; lastKnownFileType = sourcecode.c.h; path = AppDelegate.h; sourceTree = "<group>"; };
		57C6E4992434780200ADF2CB /* AppDelegate.m */ = {isa = PBXFileReference; lastKnownFileType = sourcecode.c.objc; path = AppDelegate.m; sourceTree = "<group>"; };
		57C6E49B2434780200ADF2CB /* SceneDelegate.h */ = {isa = PBXFileReference; lastKnownFileType = sourcecode.c.h; path = SceneDelegate.h; sourceTree = "<group>"; };
		57C6E49C2434780200ADF2CB /* SceneDelegate.m */ = {isa = PBXFileReference; lastKnownFileType = sourcecode.c.objc; path = SceneDelegate.m; sourceTree = "<group>"; };
		57C6E4A22434780200ADF2CB /* Base */ = {isa = PBXFileReference; lastKnownFileType = file.storyboard; name = Base; path = Base.lproj/Main.storyboard; sourceTree = "<group>"; };
		57C6E4A42434780500ADF2CB /* Assets.xcassets */ = {isa = PBXFileReference; lastKnownFileType = folder.assetcatalog; path = Assets.xcassets; sourceTree = "<group>"; };
		57C6E4A72434780500ADF2CB /* Base */ = {isa = PBXFileReference; lastKnownFileType = file.storyboard; name = Base; path = Base.lproj/LaunchScreen.storyboard; sourceTree = "<group>"; };
		57C6E4A92434780500ADF2CB /* Info.plist */ = {isa = PBXFileReference; lastKnownFileType = text.plist.xml; path = Info.plist; sourceTree = "<group>"; };
		57C6E4AA2434780500ADF2CB /* main.m */ = {isa = PBXFileReference; lastKnownFileType = sourcecode.c.objc; path = main.m; sourceTree = "<group>"; };
		57C6E4BC2434A4C400ADF2CB /* WhiteboardViewController.h */ = {isa = PBXFileReference; fileEncoding = 4; lastKnownFileType = sourcecode.c.h; path = WhiteboardViewController.h; sourceTree = "<group>"; };
		57C6E4BD2434A4C400ADF2CB /* JoinViewController.h */ = {isa = PBXFileReference; fileEncoding = 4; lastKnownFileType = sourcecode.c.h; path = JoinViewController.h; sourceTree = "<group>"; };
		57C6E4BF2434A4C400ADF2CB /* JoinViewController.m */ = {isa = PBXFileReference; fileEncoding = 4; lastKnownFileType = sourcecode.c.objc; path = JoinViewController.m; sourceTree = "<group>"; };
		57C6E4C02434A4C400ADF2CB /* CallViewController.m */ = {isa = PBXFileReference; fileEncoding = 4; lastKnownFileType = sourcecode.c.objc; path = CallViewController.m; sourceTree = "<group>"; };
		57C6E4C12434A4C400ADF2CB /* CallViewController.h */ = {isa = PBXFileReference; fileEncoding = 4; lastKnownFileType = sourcecode.c.h; path = CallViewController.h; sourceTree = "<group>"; };
		57C6E4C22434A4C400ADF2CB /* WhiteboardViewController.m */ = {isa = PBXFileReference; fileEncoding = 4; lastKnownFileType = sourcecode.c.objc; path = WhiteboardViewController.m; sourceTree = "<group>"; };
		57D7E07D24DAACF100761E83 /* VideoFilterDelegate.h */ = {isa = PBXFileReference; lastKnownFileType = sourcecode.c.h; path = VideoFilterDelegate.h; sourceTree = "<group>"; };
		57D7E07E24DAACF100761E83 /* VideoFilterDelegate.m */ = {isa = PBXFileReference; lastKnownFileType = sourcecode.c.objc; path = VideoFilterDelegate.m; sourceTree = "<group>"; };
		57E4F330244A18170004A856 /* zh-Hans */ = {isa = PBXFileReference; lastKnownFileType = text.plist.strings; name = "zh-Hans"; path = "zh-Hans.lproj/InfoPlist.strings"; sourceTree = "<group>"; };
		57FC408A243769B500508035 /* WebViewController.h */ = {isa = PBXFileReference; lastKnownFileType = sourcecode.c.h; path = WebViewController.h; sourceTree = "<group>"; };
		57FC408B243769B500508035 /* WebViewController.m */ = {isa = PBXFileReference; lastKnownFileType = sourcecode.c.objc; path = WebViewController.m; sourceTree = "<group>"; };
		BD79D8D5269D331B00CADDE5 /* iconfont.ttf */ = {isa = PBXFileReference; lastKnownFileType = file; path = iconfont.ttf; sourceTree = "<group>"; };
		BD79D8D6269D331B00CADDE5 /* demo_index.html */ = {isa = PBXFileReference; fileEncoding = 4; lastKnownFileType = text.html; path = demo_index.html; sourceTree = "<group>"; };
		BD79D8D7269D331B00CADDE5 /* image.launch2@3x.png */ = {isa = PBXFileReference; lastKnownFileType = image.png; path = "image.launch2@3x.png"; sourceTree = "<group>"; };
		BD79D8DC269D331B00CADDE5 /* PanoBaseMediaView.m */ = {isa = PBXFileReference; fileEncoding = 4; lastKnownFileType = sourcecode.c.objc; path = PanoBaseMediaView.m; sourceTree = "<group>"; };
		BD79D8DD269D331B00CADDE5 /* PanoAnnotationToolView.m */ = {isa = PBXFileReference; fileEncoding = 4; lastKnownFileType = sourcecode.c.objc; path = PanoAnnotationToolView.m; sourceTree = "<group>"; };
		BD79D8DE269D331B00CADDE5 /* PanoAnnotationTool.h */ = {isa = PBXFileReference; fileEncoding = 4; lastKnownFileType = sourcecode.c.h; path = PanoAnnotationTool.h; sourceTree = "<group>"; };
		BD79D8DF269D331B00CADDE5 /* PanoWhiteBoradView.h */ = {isa = PBXFileReference; fileEncoding = 4; lastKnownFileType = sourcecode.c.h; path = PanoWhiteBoradView.h; sourceTree = "<group>"; };
		BD79D8E0269D331B00CADDE5 /* PanoDesktopView.m */ = {isa = PBXFileReference; fileEncoding = 4; lastKnownFileType = sourcecode.c.objc; path = PanoDesktopView.m; sourceTree = "<group>"; };
		BD79D8E1269D331B00CADDE5 /* PanoVideoView.m */ = {isa = PBXFileReference; fileEncoding = 4; lastKnownFileType = sourcecode.c.objc; path = PanoVideoView.m; sourceTree = "<group>"; };
		BD79D8E2269D331B00CADDE5 /* PanoAnnotationPenView.h */ = {isa = PBXFileReference; fileEncoding = 4; lastKnownFileType = sourcecode.c.h; path = PanoAnnotationPenView.h; sourceTree = "<group>"; };
		BD79D8E3269D331B00CADDE5 /* PanoAnnotationToolView.h */ = {isa = PBXFileReference; fileEncoding = 4; lastKnownFileType = sourcecode.c.h; path = PanoAnnotationToolView.h; sourceTree = "<group>"; };
		BD79D8E4269D331B00CADDE5 /* PanoBaseMediaView.h */ = {isa = PBXFileReference; fileEncoding = 4; lastKnownFileType = sourcecode.c.h; path = PanoBaseMediaView.h; sourceTree = "<group>"; };
		BD79D8E5269D331B00CADDE5 /* PanoWhiteBoradView.m */ = {isa = PBXFileReference; fileEncoding = 4; lastKnownFileType = sourcecode.c.objc; path = PanoWhiteBoradView.m; sourceTree = "<group>"; };
		BD79D8E6269D331B00CADDE5 /* PanoAnnotationTool.m */ = {isa = PBXFileReference; fileEncoding = 4; lastKnownFileType = sourcecode.c.objc; path = PanoAnnotationTool.m; sourceTree = "<group>"; };
		BD79D8E7269D331B00CADDE5 /* PanoVideoView.h */ = {isa = PBXFileReference; fileEncoding = 4; lastKnownFileType = sourcecode.c.h; path = PanoVideoView.h; sourceTree = "<group>"; };
		BD79D8E8269D331B00CADDE5 /* PanoDesktopView.h */ = {isa = PBXFileReference; fileEncoding = 4; lastKnownFileType = sourcecode.c.h; path = PanoDesktopView.h; sourceTree = "<group>"; };
		BD79D8E9269D331B00CADDE5 /* PanoAnnotationPenView.m */ = {isa = PBXFileReference; fileEncoding = 4; lastKnownFileType = sourcecode.c.objc; path = PanoAnnotationPenView.m; sourceTree = "<group>"; };
		BD79D8EB269D331B00CADDE5 /* PanoPoolLayout.m */ = {isa = PBXFileReference; fileEncoding = 4; lastKnownFileType = sourcecode.c.objc; path = PanoPoolLayout.m; sourceTree = "<group>"; };
		BD79D8EC269D331B00CADDE5 /* PanoPoolFourAvgLayout.h */ = {isa = PBXFileReference; fileEncoding = 4; lastKnownFileType = sourcecode.c.h; path = PanoPoolFourAvgLayout.h; sourceTree = "<group>"; };
		BD79D8ED269D331B00CADDE5 /* PanoPoolFullScreenLayout.m */ = {isa = PBXFileReference; fileEncoding = 4; lastKnownFileType = sourcecode.c.objc; path = PanoPoolFullScreenLayout.m; sourceTree = "<group>"; };
		BD79D8EE269D331B00CADDE5 /* PanoPoolFloatLayout.h */ = {isa = PBXFileReference; fileEncoding = 4; lastKnownFileType = sourcecode.c.h; path = PanoPoolFloatLayout.h; sourceTree = "<group>"; };
		BD79D8EF269D331B00CADDE5 /* PanoPoolFourAvgLayout.m */ = {isa = PBXFileReference; fileEncoding = 4; lastKnownFileType = sourcecode.c.objc; path = PanoPoolFourAvgLayout.m; sourceTree = "<group>"; };
		BD79D8F0269D331B00CADDE5 /* PanoPoolLayout.h */ = {isa = PBXFileReference; fileEncoding = 4; lastKnownFileType = sourcecode.c.h; path = PanoPoolLayout.h; sourceTree = "<group>"; };
		BD79D8F1269D331B00CADDE5 /* PanoPoolLayoutDelegate.h */ = {isa = PBXFileReference; fileEncoding = 4; lastKnownFileType = sourcecode.c.h; path = PanoPoolLayoutDelegate.h; sourceTree = "<group>"; };
		BD79D8F2269D331B00CADDE5 /* PanoPoolFloatLayout.m */ = {isa = PBXFileReference; fileEncoding = 4; lastKnownFileType = sourcecode.c.objc; path = PanoPoolFloatLayout.m; sourceTree = "<group>"; };
		BD79D8F3269D331B00CADDE5 /* PanoPoolFullScreenLayout.h */ = {isa = PBXFileReference; fileEncoding = 4; lastKnownFileType = sourcecode.c.h; path = PanoPoolFullScreenLayout.h; sourceTree = "<group>"; };
		BD79D8F6269D331B00CADDE5 /* PanoViewInstance.h */ = {isa = PBXFileReference; fileEncoding = 4; lastKnownFileType = sourcecode.c.h; path = PanoViewInstance.h; sourceTree = "<group>"; };
		BD79D8F7269D331B00CADDE5 /* PanoUserInfo.m */ = {isa = PBXFileReference; fileEncoding = 4; lastKnownFileType = sourcecode.c.objc; path = PanoUserInfo.m; sourceTree = "<group>"; };
		BD79D8F8269D331B00CADDE5 /* PanoConfig.m */ = {isa = PBXFileReference; fileEncoding = 4; lastKnownFileType = sourcecode.c.objc; path = PanoConfig.m; sourceTree = "<group>"; };
		BD79D8FA269D331B00CADDE5 /* PanoViewInstance.m */ = {isa = PBXFileReference; fileEncoding = 4; lastKnownFileType = sourcecode.c.objc; path = PanoViewInstance.m; sourceTree = "<group>"; };
		BD79D8FB269D331B00CADDE5 /* PanoConfig.h */ = {isa = PBXFileReference; fileEncoding = 4; lastKnownFileType = sourcecode.c.h; path = PanoConfig.h; sourceTree = "<group>"; };
		BD79D8FC269D331B00CADDE5 /* PanoUserInfo.h */ = {isa = PBXFileReference; fileEncoding = 4; lastKnownFileType = sourcecode.c.h; path = PanoUserInfo.h; sourceTree = "<group>"; };
		BD79D8FE269D331B00CADDE5 /* PanoWbTopView.h */ = {isa = PBXFileReference; fileEncoding = 4; lastKnownFileType = sourcecode.c.h; path = PanoWbTopView.h; sourceTree = "<group>"; };
		BD79D8FF269D331B00CADDE5 /* PanoUserListViewController.h */ = {isa = PBXFileReference; fileEncoding = 4; lastKnownFileType = sourcecode.c.h; path = PanoUserListViewController.h; sourceTree = "<group>"; };
		BD79D901269D331B00CADDE5 /* PanoPoolView.m */ = {isa = PBXFileReference; fileEncoding = 4; lastKnownFileType = sourcecode.c.objc; path = PanoPoolView.m; sourceTree = "<group>"; };
		BD79D902269D331B00CADDE5 /* PanoFeedAudioController.m */ = {isa = PBXFileReference; fileEncoding = 4; lastKnownFileType = sourcecode.c.objc; path = PanoFeedAudioController.m; sourceTree = "<group>"; };
		BD79D904269D331B00CADDE5 /* PanoUserCell.h */ = {isa = PBXFileReference; fileEncoding = 4; lastKnownFileType = sourcecode.c.h; path = PanoUserCell.h; sourceTree = "<group>"; };
		BD79D906269D331B00CADDE5 /* PanoBroadcastButton.m */ = {isa = PBXFileReference; fileEncoding = 4; lastKnownFileType = sourcecode.c.objc; path = PanoBroadcastButton.m; sourceTree = "<group>"; };
		BD79D907269D331B00CADDE5 /* PanoBroadcastButton.h */ = {isa = PBXFileReference; fileEncoding = 4; lastKnownFileType = sourcecode.c.h; path = PanoBroadcastButton.h; sourceTree = "<group>"; };
		BD79D908269D331B00CADDE5 /* PanoFeedAudioController.h */ = {isa = PBXFileReference; fileEncoding = 4; lastKnownFileType = sourcecode.c.h; path = PanoFeedAudioController.h; sourceTree = "<group>"; };
		BD79D909269D331B00CADDE5 /* PanoPoolView.h */ = {isa = PBXFileReference; fileEncoding = 4; lastKnownFileType = sourcecode.c.h; path = PanoPoolView.h; sourceTree = "<group>"; };
		BD79D90B269D331B00CADDE5 /* PanoUserListViewController.m */ = {isa = PBXFileReference; fileEncoding = 4; lastKnownFileType = sourcecode.c.objc; path = PanoUserListViewController.m; sourceTree = "<group>"; };
		BD79D90C269D331B00CADDE5 /* PanoWbTopView.m */ = {isa = PBXFileReference; fileEncoding = 4; lastKnownFileType = sourcecode.c.objc; path = PanoWbTopView.m; sourceTree = "<group>"; };
		BD79D90E269D331B00CADDE5 /* PanoUserCell.m */ = {isa = PBXFileReference; fileEncoding = 4; lastKnownFileType = sourcecode.c.objc; path = PanoUserCell.m; sourceTree = "<group>"; };
		BD79D910269D331B00CADDE5 /* PanoWhiteboardPrivateHeader.h */ = {isa = PBXFileReference; fileEncoding = 4; lastKnownFileType = sourcecode.c.h; path = PanoWhiteboardPrivateHeader.h; sourceTree = "<group>"; };
		BD79D911269D331B00CADDE5 /* PanoPoolService.m */ = {isa = PBXFileReference; fileEncoding = 4; lastKnownFileType = sourcecode.c.objc; path = PanoPoolService.m; sourceTree = "<group>"; };
		BD79D912269D331B00CADDE5 /* PanoDesktopService.h */ = {isa = PBXFileReference; fileEncoding = 4; lastKnownFileType = sourcecode.c.h; path = PanoDesktopService.h; sourceTree = "<group>"; };
		BD79D913269D331B00CADDE5 /* PanoRTMService.h */ = {isa = PBXFileReference; fileEncoding = 4; lastKnownFileType = sourcecode.c.h; path = PanoRTMService.h; sourceTree = "<group>"; };
		BD79D914269D331B00CADDE5 /* PanoWhiteboardService.m */ = {isa = PBXFileReference; fileEncoding = 4; lastKnownFileType = sourcecode.c.objc; path = PanoWhiteboardService.m; sourceTree = "<group>"; };
		BD79D915269D331B00CADDE5 /* PanoAnnotationService.m */ = {isa = PBXFileReference; fileEncoding = 4; lastKnownFileType = sourcecode.c.objc; path = PanoAnnotationService.m; sourceTree = "<group>"; };
		BD79D916269D331B00CADDE5 /* PanoUserService.m */ = {isa = PBXFileReference; fileEncoding = 4; lastKnownFileType = sourcecode.c.objc; path = PanoUserService.m; sourceTree = "<group>"; };
		BD79D917269D331B00CADDE5 /* PanoServiceManager.m */ = {isa = PBXFileReference; fileEncoding = 4; lastKnownFileType = sourcecode.c.objc; path = PanoServiceManager.m; sourceTree = "<group>"; };
		BD79D918269D331B00CADDE5 /* PanoClientService.h */ = {isa = PBXFileReference; fileEncoding = 4; lastKnownFileType = sourcecode.c.h; path = PanoClientService.h; sourceTree = "<group>"; };
		BD79D919269D331B00CADDE5 /* PanoVideoService.h */ = {isa = PBXFileReference; fileEncoding = 4; lastKnownFileType = sourcecode.c.h; path = PanoVideoService.h; sourceTree = "<group>"; };
		BD79D91A269D331B00CADDE5 /* PanoPoolProtocols.h */ = {isa = PBXFileReference; fileEncoding = 4; lastKnownFileType = sourcecode.c.h; path = PanoPoolProtocols.h; sourceTree = "<group>"; };
		BD79D91B269D331B00CADDE5 /* PanoAudioService.m */ = {isa = PBXFileReference; fileEncoding = 4; lastKnownFileType = sourcecode.c.objc; path = PanoAudioService.m; sourceTree = "<group>"; };
		BD79D91C269D331B00CADDE5 /* PanoWhiteboardService.h */ = {isa = PBXFileReference; fileEncoding = 4; lastKnownFileType = sourcecode.c.h; path = PanoWhiteboardService.h; sourceTree = "<group>"; };
		BD79D91D269D331B00CADDE5 /* PanoRTMService.m */ = {isa = PBXFileReference; fileEncoding = 4; lastKnownFileType = sourcecode.c.objc; path = PanoRTMService.m; sourceTree = "<group>"; };
		BD79D91E269D331B00CADDE5 /* PanoDesktopService.m */ = {isa = PBXFileReference; fileEncoding = 4; lastKnownFileType = sourcecode.c.objc; path = PanoDesktopService.m; sourceTree = "<group>"; };
		BD79D91F269D331B00CADDE5 /* PanoPoolService.h */ = {isa = PBXFileReference; fileEncoding = 4; lastKnownFileType = sourcecode.c.h; path = PanoPoolService.h; sourceTree = "<group>"; };
		BD79D920269D331B00CADDE5 /* PanoServiceManager.h */ = {isa = PBXFileReference; fileEncoding = 4; lastKnownFileType = sourcecode.c.h; path = PanoServiceManager.h; sourceTree = "<group>"; };
		BD79D921269D331B00CADDE5 /* PanoUserService.h */ = {isa = PBXFileReference; fileEncoding = 4; lastKnownFileType = sourcecode.c.h; path = PanoUserService.h; sourceTree = "<group>"; };
		BD79D922269D331C00CADDE5 /* PanoAnnotationService.h */ = {isa = PBXFileReference; fileEncoding = 4; lastKnownFileType = sourcecode.c.h; path = PanoAnnotationService.h; sourceTree = "<group>"; };
		BD79D923269D331C00CADDE5 /* PanoVideoService.m */ = {isa = PBXFileReference; fileEncoding = 4; lastKnownFileType = sourcecode.c.objc; path = PanoVideoService.m; sourceTree = "<group>"; };
		BD79D924269D331C00CADDE5 /* PanoClientService.m */ = {isa = PBXFileReference; fileEncoding = 4; lastKnownFileType = sourcecode.c.objc; path = PanoClientService.m; sourceTree = "<group>"; };
		BD79D925269D331C00CADDE5 /* PanoAudioService.h */ = {isa = PBXFileReference; fileEncoding = 4; lastKnownFileType = sourcecode.c.h; path = PanoAudioService.h; sourceTree = "<group>"; };
		BD79D927269D331C00CADDE5 /* PanoBaseView.m */ = {isa = PBXFileReference; fileEncoding = 4; lastKnownFileType = sourcecode.c.objc; path = PanoBaseView.m; sourceTree = "<group>"; };
		BD79D928269D331C00CADDE5 /* PanoBaseViewController.m */ = {isa = PBXFileReference; fileEncoding = 4; lastKnownFileType = sourcecode.c.objc; path = PanoBaseViewController.m; sourceTree = "<group>"; };
		BD79D929269D331C00CADDE5 /* PanoBaseService.m */ = {isa = PBXFileReference; fileEncoding = 4; lastKnownFileType = sourcecode.c.objc; path = PanoBaseService.m; sourceTree = "<group>"; };
		BD79D92A269D331C00CADDE5 /* PanoBaseViewController.h */ = {isa = PBXFileReference; fileEncoding = 4; lastKnownFileType = sourcecode.c.h; path = PanoBaseViewController.h; sourceTree = "<group>"; };
		BD79D92B269D331C00CADDE5 /* PanoBaseView.h */ = {isa = PBXFileReference; fileEncoding = 4; lastKnownFileType = sourcecode.c.h; path = PanoBaseView.h; sourceTree = "<group>"; };
		BD79D92C269D331C00CADDE5 /* PanoBaseService.h */ = {isa = PBXFileReference; fileEncoding = 4; lastKnownFileType = sourcecode.c.h; path = PanoBaseService.h; sourceTree = "<group>"; };
		BD79D92E269D331C00CADDE5 /* UIImage+IconFont.m */ = {isa = PBXFileReference; fileEncoding = 4; lastKnownFileType = sourcecode.c.objc; path = "UIImage+IconFont.m"; sourceTree = "<group>"; };
		BD79D92F269D331C00CADDE5 /* UIView+Designable.h */ = {isa = PBXFileReference; fileEncoding = 4; lastKnownFileType = sourcecode.c.h; path = "UIView+Designable.h"; sourceTree = "<group>"; };
		BD79D930269D331C00CADDE5 /* UIColor+Extension.h */ = {isa = PBXFileReference; fileEncoding = 4; lastKnownFileType = sourcecode.c.h; path = "UIColor+Extension.h"; sourceTree = "<group>"; };
		BD79D931269D331C00CADDE5 /* UIView+Extension.h */ = {isa = PBXFileReference; fileEncoding = 4; lastKnownFileType = sourcecode.c.h; path = "UIView+Extension.h"; sourceTree = "<group>"; };
		BD79D932269D331C00CADDE5 /* MBProgressHUD+Extension.h */ = {isa = PBXFileReference; fileEncoding = 4; lastKnownFileType = sourcecode.c.h; path = "MBProgressHUD+Extension.h"; sourceTree = "<group>"; };
		BD79D933269D331C00CADDE5 /* UIImage+Extension.m */ = {isa = PBXFileReference; fileEncoding = 4; lastKnownFileType = sourcecode.c.objc; path = "UIImage+Extension.m"; sourceTree = "<group>"; };
		BD79D934269D331C00CADDE5 /* NSURL+Extension.m */ = {isa = PBXFileReference; fileEncoding = 4; lastKnownFileType = sourcecode.c.objc; path = "NSURL+Extension.m"; sourceTree = "<group>"; };
		BD79D935269D331C00CADDE5 /* UIImage+IconFont.h */ = {isa = PBXFileReference; fileEncoding = 4; lastKnownFileType = sourcecode.c.h; path = "UIImage+IconFont.h"; sourceTree = "<group>"; };
		BD79D936269D331C00CADDE5 /* UIColor+Extension.m */ = {isa = PBXFileReference; fileEncoding = 4; lastKnownFileType = sourcecode.c.objc; path = "UIColor+Extension.m"; sourceTree = "<group>"; };
		BD79D937269D331C00CADDE5 /* UIView+Designable.m */ = {isa = PBXFileReference; fileEncoding = 4; lastKnownFileType = sourcecode.c.objc; path = "UIView+Designable.m"; sourceTree = "<group>"; };
		BD79D938269D331C00CADDE5 /* UIImage+Extension.h */ = {isa = PBXFileReference; fileEncoding = 4; lastKnownFileType = sourcecode.c.h; path = "UIImage+Extension.h"; sourceTree = "<group>"; };
		BD79D939269D331C00CADDE5 /* MBProgressHUD+Extension.m */ = {isa = PBXFileReference; fileEncoding = 4; lastKnownFileType = sourcecode.c.objc; path = "MBProgressHUD+Extension.m"; sourceTree = "<group>"; };
		BD79D93A269D331C00CADDE5 /* UIView+Extension.m */ = {isa = PBXFileReference; fileEncoding = 4; lastKnownFileType = sourcecode.c.objc; path = "UIView+Extension.m"; sourceTree = "<group>"; };
		BD79D93B269D331C00CADDE5 /* NSURL+Extension.h */ = {isa = PBXFileReference; fileEncoding = 4; lastKnownFileType = sourcecode.c.h; path = "NSURL+Extension.h"; sourceTree = "<group>"; };
		BD79D96B269D341D00CADDE5 /* PanoAction.m */ = {isa = PBXFileReference; fileEncoding = 4; lastKnownFileType = sourcecode.c.objc; path = PanoAction.m; sourceTree = "<group>"; };
		BD79D96C269D341D00CADDE5 /* Reachability.m */ = {isa = PBXFileReference; fileEncoding = 4; lastKnownFileType = sourcecode.c.objc; path = Reachability.m; sourceTree = "<group>"; };
		BD79D96D269D341D00CADDE5 /* PanoAvatorUtil.h */ = {isa = PBXFileReference; fileEncoding = 4; lastKnownFileType = sourcecode.c.h; path = PanoAvatorUtil.h; sourceTree = "<group>"; };
		BD79D96E269D341D00CADDE5 /* PanoNotificationCenter.h */ = {isa = PBXFileReference; fileEncoding = 4; lastKnownFileType = sourcecode.c.h; path = PanoNotificationCenter.h; sourceTree = "<group>"; };
		BD79D96F269D341D00CADDE5 /* PanoNetworkManager.h */ = {isa = PBXFileReference; fileEncoding = 4; lastKnownFileType = sourcecode.c.h; path = PanoNetworkManager.h; sourceTree = "<group>"; };
		BD79D971269D341D00CADDE5 /* PanoEmptyView.h */ = {isa = PBXFileReference; fileEncoding = 4; lastKnownFileType = sourcecode.c.h; path = PanoEmptyView.h; sourceTree = "<group>"; };
		BD79D972269D341D00CADDE5 /* PanoMulticastDelegate.h */ = {isa = PBXFileReference; fileEncoding = 4; lastKnownFileType = sourcecode.c.h; path = PanoMulticastDelegate.h; sourceTree = "<group>"; };
		BD79D973269D341D00CADDE5 /* PanoMenuCell.m */ = {isa = PBXFileReference; fileEncoding = 4; lastKnownFileType = sourcecode.c.objc; path = PanoMenuCell.m; sourceTree = "<group>"; };
		BD79D974269D341D00CADDE5 /* PanoArrayDataSource.m */ = {isa = PBXFileReference; fileEncoding = 4; lastKnownFileType = sourcecode.c.objc; path = PanoArrayDataSource.m; sourceTree = "<group>"; };
		BD79D975269D341D00CADDE5 /* PanoItem.m */ = {isa = PBXFileReference; fileEncoding = 4; lastKnownFileType = sourcecode.c.objc; path = PanoItem.m; sourceTree = "<group>"; };
		BD79D976269D341D00CADDE5 /* PanoAvatorUtil.m */ = {isa = PBXFileReference; fileEncoding = 4; lastKnownFileType = sourcecode.c.objc; path = PanoAvatorUtil.m; sourceTree = "<group>"; };
		BD79D977269D341D00CADDE5 /* Reachability.h */ = {isa = PBXFileReference; fileEncoding = 4; lastKnownFileType = sourcecode.c.h; path = Reachability.h; sourceTree = "<group>"; };
		BD79D978269D341D00CADDE5 /* PanoAction.h */ = {isa = PBXFileReference; fileEncoding = 4; lastKnownFileType = sourcecode.c.h; path = PanoAction.h; sourceTree = "<group>"; };
		BD79D979269D341D00CADDE5 /* PanoItemDelegate.h */ = {isa = PBXFileReference; fileEncoding = 4; lastKnownFileType = sourcecode.c.h; path = PanoItemDelegate.h; sourceTree = "<group>"; };
		BD79D97A269D341D00CADDE5 /* PanoNotificationCenter.m */ = {isa = PBXFileReference; fileEncoding = 4; lastKnownFileType = sourcecode.c.objc; path = PanoNotificationCenter.m; sourceTree = "<group>"; };
		BD79D97C269D341D00CADDE5 /* TCPopupViewPath.m */ = {isa = PBXFileReference; fileEncoding = 4; lastKnownFileType = sourcecode.c.objc; path = TCPopupViewPath.m; sourceTree = "<group>"; };
		BD79D97D269D341D00CADDE5 /* TCRectConst.m */ = {isa = PBXFileReference; fileEncoding = 4; lastKnownFileType = sourcecode.c.objc; path = TCRectConst.m; sourceTree = "<group>"; };
		BD79D97E269D341D00CADDE5 /* TCPopupViewPath.h */ = {isa = PBXFileReference; fileEncoding = 4; lastKnownFileType = sourcecode.c.h; path = TCPopupViewPath.h; sourceTree = "<group>"; };
		BD79D97F269D341D00CADDE5 /* TCRectConst.h */ = {isa = PBXFileReference; fileEncoding = 4; lastKnownFileType = sourcecode.c.h; path = TCRectConst.h; sourceTree = "<group>"; };
		BD79D980269D341D00CADDE5 /* PanoMulticastDelegate.m */ = {isa = PBXFileReference; fileEncoding = 4; lastKnownFileType = sourcecode.c.objc; path = PanoMulticastDelegate.m; sourceTree = "<group>"; };
		BD79D981269D341D00CADDE5 /* PanoEmptyView.m */ = {isa = PBXFileReference; fileEncoding = 4; lastKnownFileType = sourcecode.c.objc; path = PanoEmptyView.m; sourceTree = "<group>"; };
		BD79D983269D341D00CADDE5 /* PanoDefine.h */ = {isa = PBXFileReference; fileEncoding = 4; lastKnownFileType = sourcecode.c.h; path = PanoDefine.h; sourceTree = "<group>"; };
		BD79D984269D341D00CADDE5 /* PanoNetworkManager.m */ = {isa = PBXFileReference; fileEncoding = 4; lastKnownFileType = sourcecode.c.objc; path = PanoNetworkManager.m; sourceTree = "<group>"; };
		BD79D985269D341D00CADDE5 /* PanoItem.h */ = {isa = PBXFileReference; fileEncoding = 4; lastKnownFileType = sourcecode.c.h; path = PanoItem.h; sourceTree = "<group>"; };
		BD79D986269D341D00CADDE5 /* PanoArrayDataSource.h */ = {isa = PBXFileReference; fileEncoding = 4; lastKnownFileType = sourcecode.c.h; path = PanoArrayDataSource.h; sourceTree = "<group>"; };
		BD79D987269D341D00CADDE5 /* PanoMenuCell.h */ = {isa = PBXFileReference; fileEncoding = 4; lastKnownFileType = sourcecode.c.h; path = PanoMenuCell.h; sourceTree = "<group>"; };
		BD79D99B269D61CB00CADDE5 /* MBProgressHUD.m */ = {isa = PBXFileReference; fileEncoding = 4; lastKnownFileType = sourcecode.c.objc; path = MBProgressHUD.m; sourceTree = "<group>"; };
		BD79D99D269D61CB00CADDE5 /* MBProgressHUD.h */ = {isa = PBXFileReference; fileEncoding = 4; lastKnownFileType = sourcecode.c.h; path = MBProgressHUD.h; sourceTree = "<group>"; };
		BD79D9A3269D61E400CADDE5 /* MASCompositeConstraint.h */ = {isa = PBXFileReference; fileEncoding = 4; lastKnownFileType = sourcecode.c.h; path = MASCompositeConstraint.h; sourceTree = "<group>"; };
		BD79D9A4269D61E400CADDE5 /* NSLayoutConstraint+MASDebugAdditions.m */ = {isa = PBXFileReference; fileEncoding = 4; lastKnownFileType = sourcecode.c.objc; path = "NSLayoutConstraint+MASDebugAdditions.m"; sourceTree = "<group>"; };
		BD79D9A5269D61E400CADDE5 /* MASConstraint+Private.h */ = {isa = PBXFileReference; fileEncoding = 4; lastKnownFileType = sourcecode.c.h; path = "MASConstraint+Private.h"; sourceTree = "<group>"; };
		BD79D9A6269D61E400CADDE5 /* MASLayoutConstraint.h */ = {isa = PBXFileReference; fileEncoding = 4; lastKnownFileType = sourcecode.c.h; path = MASLayoutConstraint.h; sourceTree = "<group>"; };
		BD79D9A7269D61E400CADDE5 /* NSArray+MASShorthandAdditions.h */ = {isa = PBXFileReference; fileEncoding = 4; lastKnownFileType = sourcecode.c.h; path = "NSArray+MASShorthandAdditions.h"; sourceTree = "<group>"; };
		BD79D9A8269D61E400CADDE5 /* MASConstraintMaker.h */ = {isa = PBXFileReference; fileEncoding = 4; lastKnownFileType = sourcecode.c.h; path = MASConstraintMaker.h; sourceTree = "<group>"; };
		BD79D9A9269D61E400CADDE5 /* View+MASAdditions.h */ = {isa = PBXFileReference; fileEncoding = 4; lastKnownFileType = sourcecode.c.h; path = "View+MASAdditions.h"; sourceTree = "<group>"; };
		BD79D9AA269D61E400CADDE5 /* NSArray+MASAdditions.h */ = {isa = PBXFileReference; fileEncoding = 4; lastKnownFileType = sourcecode.c.h; path = "NSArray+MASAdditions.h"; sourceTree = "<group>"; };
		BD79D9AB269D61E400CADDE5 /* MASUtilities.h */ = {isa = PBXFileReference; fileEncoding = 4; lastKnownFileType = sourcecode.c.h; path = MASUtilities.h; sourceTree = "<group>"; };
		BD79D9AC269D61E400CADDE5 /* MASViewAttribute.h */ = {isa = PBXFileReference; fileEncoding = 4; lastKnownFileType = sourcecode.c.h; path = MASViewAttribute.h; sourceTree = "<group>"; };
		BD79D9AD269D61E400CADDE5 /* ViewController+MASAdditions.m */ = {isa = PBXFileReference; fileEncoding = 4; lastKnownFileType = sourcecode.c.objc; path = "ViewController+MASAdditions.m"; sourceTree = "<group>"; };
		BD79D9AE269D61E400CADDE5 /* MASViewConstraint.h */ = {isa = PBXFileReference; fileEncoding = 4; lastKnownFileType = sourcecode.c.h; path = MASViewConstraint.h; sourceTree = "<group>"; };
		BD79D9AF269D61E400CADDE5 /* MASConstraint.h */ = {isa = PBXFileReference; fileEncoding = 4; lastKnownFileType = sourcecode.c.h; path = MASConstraint.h; sourceTree = "<group>"; };
		BD79D9B0269D61E400CADDE5 /* NSLayoutConstraint+MASDebugAdditions.h */ = {isa = PBXFileReference; fileEncoding = 4; lastKnownFileType = sourcecode.c.h; path = "NSLayoutConstraint+MASDebugAdditions.h"; sourceTree = "<group>"; };
		BD79D9B1269D61E400CADDE5 /* MASCompositeConstraint.m */ = {isa = PBXFileReference; fileEncoding = 4; lastKnownFileType = sourcecode.c.objc; path = MASCompositeConstraint.m; sourceTree = "<group>"; };
		BD79D9B2269D61E400CADDE5 /* MASConstraintMaker.m */ = {isa = PBXFileReference; fileEncoding = 4; lastKnownFileType = sourcecode.c.objc; path = MASConstraintMaker.m; sourceTree = "<group>"; };
		BD79D9B3269D61E400CADDE5 /* MASLayoutConstraint.m */ = {isa = PBXFileReference; fileEncoding = 4; lastKnownFileType = sourcecode.c.objc; path = MASLayoutConstraint.m; sourceTree = "<group>"; };
		BD79D9B4269D61E400CADDE5 /* NSArray+MASAdditions.m */ = {isa = PBXFileReference; fileEncoding = 4; lastKnownFileType = sourcecode.c.objc; path = "NSArray+MASAdditions.m"; sourceTree = "<group>"; };
		BD79D9B5269D61E400CADDE5 /* View+MASAdditions.m */ = {isa = PBXFileReference; fileEncoding = 4; lastKnownFileType = sourcecode.c.objc; path = "View+MASAdditions.m"; sourceTree = "<group>"; };
		BD79D9B6269D61E400CADDE5 /* View+MASShorthandAdditions.h */ = {isa = PBXFileReference; fileEncoding = 4; lastKnownFileType = sourcecode.c.h; path = "View+MASShorthandAdditions.h"; sourceTree = "<group>"; };
		BD79D9B7269D61E400CADDE5 /* Masonry.h */ = {isa = PBXFileReference; fileEncoding = 4; lastKnownFileType = sourcecode.c.h; path = Masonry.h; sourceTree = "<group>"; };
		BD79D9B8269D61E400CADDE5 /* MASConstraint.m */ = {isa = PBXFileReference; fileEncoding = 4; lastKnownFileType = sourcecode.c.objc; path = MASConstraint.m; sourceTree = "<group>"; };
		BD79D9B9269D61E400CADDE5 /* ViewController+MASAdditions.h */ = {isa = PBXFileReference; fileEncoding = 4; lastKnownFileType = sourcecode.c.h; path = "ViewController+MASAdditions.h"; sourceTree = "<group>"; };
		BD79D9BA269D61E400CADDE5 /* MASViewConstraint.m */ = {isa = PBXFileReference; fileEncoding = 4; lastKnownFileType = sourcecode.c.objc; path = MASViewConstraint.m; sourceTree = "<group>"; };
		BD79D9BB269D61E400CADDE5 /* MASViewAttribute.m */ = {isa = PBXFileReference; fileEncoding = 4; lastKnownFileType = sourcecode.c.objc; path = MASViewAttribute.m; sourceTree = "<group>"; };
		BD79D9D5269D6DBB00CADDE5 /* BroadcastExtension.appex */ = {isa = PBXFileReference; explicitFileType = "wrapper.app-extension"; includeInIndex = 0; path = BroadcastExtension.appex; sourceTree = BUILT_PRODUCTS_DIR; };
		BD79D9D6269D6DBB00CADDE5 /* ReplayKit.framework */ = {isa = PBXFileReference; lastKnownFileType = wrapper.framework; name = ReplayKit.framework; path = System/Library/Frameworks/ReplayKit.framework; sourceTree = SDKROOT; };
		BD79D9D9269D6DBB00CADDE5 /* SampleHandler.h */ = {isa = PBXFileReference; lastKnownFileType = sourcecode.c.h; path = SampleHandler.h; sourceTree = "<group>"; };
		BD79D9DA269D6DBB00CADDE5 /* SampleHandler.m */ = {isa = PBXFileReference; lastKnownFileType = sourcecode.c.objc; path = SampleHandler.m; sourceTree = "<group>"; };
		BD79D9DC269D6DBB00CADDE5 /* Info.plist */ = {isa = PBXFileReference; lastKnownFileType = text.plist.xml; path = Info.plist; sourceTree = "<group>"; };
		BD79D9E5269D6E8200CADDE5 /* PanoReplayKitExt.framework */ = {isa = PBXFileReference; lastKnownFileType = wrapper.framework; name = PanoReplayKitExt.framework; path = ../SDK/PanoReplayKitExt.framework; sourceTree = "<group>"; };
		BD79D9EC269D6ED800CADDE5 /* BroadcastExtension.entitlements */ = {isa = PBXFileReference; lastKnownFileType = text.plist.entitlements; path = BroadcastExtension.entitlements; sourceTree = "<group>"; };
		BD79D9F0269D750400CADDE5 /* PanoVideoDemo.entitlements */ = {isa = PBXFileReference; lastKnownFileType = text.plist.entitlements; path = PanoVideoDemo.entitlements; sourceTree = "<group>"; };
/* End PBXFileReference section */

/* Begin PBXFrameworksBuildPhase section */
		57C6E4922434780200ADF2CB /* Frameworks */ = {
			isa = PBXFrameworksBuildPhase;
			buildActionMask = 2147483647;
			files = (
				BD79D9E9269D6E9900CADDE5 /* PanoReplayKitExt.framework in Frameworks */,
				5711DC08243F19CC00A32DBC /* PanoRtc.framework in Frameworks */,
			);
			runOnlyForDeploymentPostprocessing = 0;
		};
		BD79D9D2269D6DBB00CADDE5 /* Frameworks */ = {
			isa = PBXFrameworksBuildPhase;
			buildActionMask = 2147483647;
			files = (
				BD79D9E6269D6E8200CADDE5 /* PanoReplayKitExt.framework in Frameworks */,
				BD79D9D7269D6DBB00CADDE5 /* ReplayKit.framework in Frameworks */,
			);
			runOnlyForDeploymentPostprocessing = 0;
		};
/* End PBXFrameworksBuildPhase section */

/* Begin PBXGroup section */
		5711DC06243F19B700A32DBC /* Frameworks */ = {
			isa = PBXGroup;
			children = (
				BD79D9E5269D6E8200CADDE5 /* PanoReplayKitExt.framework */,
				5711DC07243F19CC00A32DBC /* PanoRtc.framework */,
				51053C52D50DBAEA4BBD7315 /* libPods-PanoVideoDemo.a */,
				BD79D9D6269D6DBB00CADDE5 /* ReplayKit.framework */,
			);
			name = Frameworks;
			sourceTree = "<group>";
		};
		57C6E48C2434780200ADF2CB = {
			isa = PBXGroup;
			children = (
				57C6E4972434780200ADF2CB /* PanoVideoDemo */,
				BD79D9D8269D6DBB00CADDE5 /* BroadcastExtension */,
				5711DC06243F19B700A32DBC /* Frameworks */,
				57C6E4962434780200ADF2CB /* Products */,
			);
			sourceTree = "<group>";
		};
		57C6E4962434780200ADF2CB /* Products */ = {
			isa = PBXGroup;
			children = (
				57C6E4952434780200ADF2CB /* PanoVideoDemo.app */,
				BD79D9D5269D6DBB00CADDE5 /* BroadcastExtension.appex */,
			);
			name = Products;
			sourceTree = "<group>";
		};
		57C6E4972434780200ADF2CB /* PanoVideoDemo */ = {
			isa = PBXGroup;
			children = (
				BD79D9F0269D750400CADDE5 /* PanoVideoDemo.entitlements */,
				BD79D96A269D341D00CADDE5 /* Common */,
				BD79D92D269D331C00CADDE5 /* Categary */,
				BD79D8D3269D331B00CADDE5 /* Resource */,
				BD79D8D8269D331B00CADDE5 /* Source */,
				57C6E4982434780200ADF2CB /* AppDelegate.h */,
				57C6E4992434780200ADF2CB /* AppDelegate.m */,
				57C6E49B2434780200ADF2CB /* SceneDelegate.h */,
				57C6E49C2434780200ADF2CB /* SceneDelegate.m */,
				57C6E4BD2434A4C400ADF2CB /* JoinViewController.h */,
				57C6E4BF2434A4C400ADF2CB /* JoinViewController.m */,
				57C6E4C12434A4C400ADF2CB /* CallViewController.h */,
				57C6E4C02434A4C400ADF2CB /* CallViewController.m */,
				57C6E4BC2434A4C400ADF2CB /* WhiteboardViewController.h */,
				57C6E4C22434A4C400ADF2CB /* WhiteboardViewController.m */,
				572A0B12243715600003C457 /* SettingTableViewController.h */,
				572A0B13243715600003C457 /* SettingTableViewController.m */,
				5752F3E92437653400CAEA64 /* BeautifyTableViewController.h */,
				5752F3EA2437653400CAEA64 /* BeautifyTableViewController.m */,
				575943D2243D7B7F00266F59 /* FeedbackViewController.h */,
				575943D3243D7B7F00266F59 /* FeedbackViewController.m */,
				57FC408A243769B500508035 /* WebViewController.h */,
				57FC408B243769B500508035 /* WebViewController.m */,
				575943D5243D811100266F59 /* PanoCallClient.h */,
				575943D6243D811100266F59 /* PanoCallClient.m */,
				5711DC0B243F27BB00A32DBC /* UserInfo.h */,
				5711DC0C243F27BB00A32DBC /* UserInfo.m */,
				5711DC1924401FC600A32DBC /* UserView.h */,
				5711DC1A24401FC600A32DBC /* UserView.m */,
				57D7E07D24DAACF100761E83 /* VideoFilterDelegate.h */,
				57D7E07E24DAACF100761E83 /* VideoFilterDelegate.m */,
				57C6E4A12434780200ADF2CB /* Main.storyboard */,
				57C6E4A42434780500ADF2CB /* Assets.xcassets */,
				57C6E4A62434780500ADF2CB /* LaunchScreen.storyboard */,
				572A0B102436E8D60003C457 /* Localizable.strings */,
				57C6E4A92434780500ADF2CB /* Info.plist */,
				57E4F331244A18170004A856 /* InfoPlist.strings */,
				57C6E4AA2434780500ADF2CB /* main.m */,
			);
			path = PanoVideoDemo;
			sourceTree = "<group>";
		};
		BD79D8D3269D331B00CADDE5 /* Resource */ = {
			isa = PBXGroup;
			children = (
				BD79D8D4269D331B00CADDE5 /* iconFont */,
				BD79D8D7269D331B00CADDE5 /* image.launch2@3x.png */,
			);
			path = Resource;
			sourceTree = "<group>";
		};
		BD79D8D4269D331B00CADDE5 /* iconFont */ = {
			isa = PBXGroup;
			children = (
				BD79D8D5269D331B00CADDE5 /* iconfont.ttf */,
				BD79D8D6269D331B00CADDE5 /* demo_index.html */,
			);
			path = iconFont;
			sourceTree = "<group>";
		};
		BD79D8D8269D331B00CADDE5 /* Source */ = {
			isa = PBXGroup;
			children = (
				BD79D926269D331C00CADDE5 /* Base */,
				BD79D8D9269D331B00CADDE5 /* Conf */,
			);
			path = Source;
			sourceTree = "<group>";
		};
		BD79D8D9269D331B00CADDE5 /* Conf */ = {
			isa = PBXGroup;
			children = (
				BD79D8DA269D331B00CADDE5 /* PanGesture */,
				BD79D8DB269D331B00CADDE5 /* Medias */,
				BD79D8EA269D331B00CADDE5 /* Layouts */,
				BD79D8F4269D331B00CADDE5 /* Model */,
				BD79D8FD269D331B00CADDE5 /* Views */,
				BD79D90F269D331B00CADDE5 /* Services */,
			);
			path = Conf;
			sourceTree = "<group>";
		};
		BD79D8DA269D331B00CADDE5 /* PanGesture */ = {
			isa = PBXGroup;
			children = (
			);
			path = PanGesture;
			sourceTree = "<group>";
		};
		BD79D8DB269D331B00CADDE5 /* Medias */ = {
			isa = PBXGroup;
			children = (
				BD79D8E2269D331B00CADDE5 /* PanoAnnotationPenView.h */,
				BD79D8E9269D331B00CADDE5 /* PanoAnnotationPenView.m */,
				BD79D8DE269D331B00CADDE5 /* PanoAnnotationTool.h */,
				BD79D8E6269D331B00CADDE5 /* PanoAnnotationTool.m */,
				BD79D8E3269D331B00CADDE5 /* PanoAnnotationToolView.h */,
				BD79D8DD269D331B00CADDE5 /* PanoAnnotationToolView.m */,
				BD79D8E4269D331B00CADDE5 /* PanoBaseMediaView.h */,
				BD79D8DC269D331B00CADDE5 /* PanoBaseMediaView.m */,
				BD79D8E8269D331B00CADDE5 /* PanoDesktopView.h */,
				BD79D8E0269D331B00CADDE5 /* PanoDesktopView.m */,
				BD79D8E7269D331B00CADDE5 /* PanoVideoView.h */,
				BD79D8E1269D331B00CADDE5 /* PanoVideoView.m */,
				BD79D8DF269D331B00CADDE5 /* PanoWhiteBoradView.h */,
				BD79D8E5269D331B00CADDE5 /* PanoWhiteBoradView.m */,
			);
			path = Medias;
			sourceTree = "<group>";
		};
		BD79D8EA269D331B00CADDE5 /* Layouts */ = {
			isa = PBXGroup;
			children = (
				BD79D8EE269D331B00CADDE5 /* PanoPoolFloatLayout.h */,
				BD79D8F2269D331B00CADDE5 /* PanoPoolFloatLayout.m */,
				BD79D8EC269D331B00CADDE5 /* PanoPoolFourAvgLayout.h */,
				BD79D8EF269D331B00CADDE5 /* PanoPoolFourAvgLayout.m */,
				BD79D8F3269D331B00CADDE5 /* PanoPoolFullScreenLayout.h */,
				BD79D8ED269D331B00CADDE5 /* PanoPoolFullScreenLayout.m */,
				BD79D8F0269D331B00CADDE5 /* PanoPoolLayout.h */,
				BD79D8EB269D331B00CADDE5 /* PanoPoolLayout.m */,
				BD79D8F1269D331B00CADDE5 /* PanoPoolLayoutDelegate.h */,
			);
			path = Layouts;
			sourceTree = "<group>";
		};
		BD79D8F4269D331B00CADDE5 /* Model */ = {
			isa = PBXGroup;
			children = (
				BD79D8FB269D331B00CADDE5 /* PanoConfig.h */,
				BD79D8F8269D331B00CADDE5 /* PanoConfig.m */,
				BD79D8FC269D331B00CADDE5 /* PanoUserInfo.h */,
				BD79D8F7269D331B00CADDE5 /* PanoUserInfo.m */,
				BD79D8F6269D331B00CADDE5 /* PanoViewInstance.h */,
				BD79D8FA269D331B00CADDE5 /* PanoViewInstance.m */,
			);
			path = Model;
			sourceTree = "<group>";
		};
		BD79D8FD269D331B00CADDE5 /* Views */ = {
			isa = PBXGroup;
			children = (
				BD79D908269D331B00CADDE5 /* PanoFeedAudioController.h */,
				BD79D902269D331B00CADDE5 /* PanoFeedAudioController.m */,
				BD79D909269D331B00CADDE5 /* PanoPoolView.h */,
				BD79D901269D331B00CADDE5 /* PanoPoolView.m */,
				BD79D904269D331B00CADDE5 /* PanoUserCell.h */,
				BD79D90E269D331B00CADDE5 /* PanoUserCell.m */,
				BD79D8FF269D331B00CADDE5 /* PanoUserListViewController.h */,
				BD79D90B269D331B00CADDE5 /* PanoUserListViewController.m */,
				BD79D8FE269D331B00CADDE5 /* PanoWbTopView.h */,
				BD79D90C269D331B00CADDE5 /* PanoWbTopView.m */,
				BD79D905269D331B00CADDE5 /* ShareScreen */,
			);
			path = Views;
			sourceTree = "<group>";
		};
		BD79D905269D331B00CADDE5 /* ShareScreen */ = {
			isa = PBXGroup;
			children = (
				BD79D907269D331B00CADDE5 /* PanoBroadcastButton.h */,
				BD79D906269D331B00CADDE5 /* PanoBroadcastButton.m */,
			);
			path = ShareScreen;
			sourceTree = "<group>";
		};
		BD79D90F269D331B00CADDE5 /* Services */ = {
			isa = PBXGroup;
			children = (
				BD79D922269D331C00CADDE5 /* PanoAnnotationService.h */,
				BD79D915269D331B00CADDE5 /* PanoAnnotationService.m */,
				BD79D925269D331C00CADDE5 /* PanoAudioService.h */,
				BD79D91B269D331B00CADDE5 /* PanoAudioService.m */,
				BD79D918269D331B00CADDE5 /* PanoClientService.h */,
				BD79D924269D331C00CADDE5 /* PanoClientService.m */,
				BD79D912269D331B00CADDE5 /* PanoDesktopService.h */,
				BD79D91E269D331B00CADDE5 /* PanoDesktopService.m */,
				BD79D91A269D331B00CADDE5 /* PanoPoolProtocols.h */,
				BD79D91F269D331B00CADDE5 /* PanoPoolService.h */,
				BD79D911269D331B00CADDE5 /* PanoPoolService.m */,
				BD79D913269D331B00CADDE5 /* PanoRTMService.h */,
				BD79D91D269D331B00CADDE5 /* PanoRTMService.m */,
				BD79D920269D331B00CADDE5 /* PanoServiceManager.h */,
				BD79D917269D331B00CADDE5 /* PanoServiceManager.m */,
				BD79D921269D331B00CADDE5 /* PanoUserService.h */,
				BD79D916269D331B00CADDE5 /* PanoUserService.m */,
				BD79D919269D331B00CADDE5 /* PanoVideoService.h */,
				BD79D923269D331C00CADDE5 /* PanoVideoService.m */,
				BD79D910269D331B00CADDE5 /* PanoWhiteboardPrivateHeader.h */,
				BD79D91C269D331B00CADDE5 /* PanoWhiteboardService.h */,
				BD79D914269D331B00CADDE5 /* PanoWhiteboardService.m */,
			);
			path = Services;
			sourceTree = "<group>";
		};
		BD79D926269D331C00CADDE5 /* Base */ = {
			isa = PBXGroup;
			children = (
				BD79D927269D331C00CADDE5 /* PanoBaseView.m */,
				BD79D928269D331C00CADDE5 /* PanoBaseViewController.m */,
				BD79D929269D331C00CADDE5 /* PanoBaseService.m */,
				BD79D92A269D331C00CADDE5 /* PanoBaseViewController.h */,
				BD79D92B269D331C00CADDE5 /* PanoBaseView.h */,
				BD79D92C269D331C00CADDE5 /* PanoBaseService.h */,
			);
			path = Base;
			sourceTree = "<group>";
		};
		BD79D92D269D331C00CADDE5 /* Categary */ = {
			isa = PBXGroup;
			children = (
				BD79D932269D331C00CADDE5 /* MBProgressHUD+Extension.h */,
				BD79D939269D331C00CADDE5 /* MBProgressHUD+Extension.m */,
				BD79D93B269D331C00CADDE5 /* NSURL+Extension.h */,
				BD79D934269D331C00CADDE5 /* NSURL+Extension.m */,
				BD79D930269D331C00CADDE5 /* UIColor+Extension.h */,
				BD79D936269D331C00CADDE5 /* UIColor+Extension.m */,
				BD79D938269D331C00CADDE5 /* UIImage+Extension.h */,
				BD79D933269D331C00CADDE5 /* UIImage+Extension.m */,
				BD79D935269D331C00CADDE5 /* UIImage+IconFont.h */,
				BD79D92E269D331C00CADDE5 /* UIImage+IconFont.m */,
				BD79D92F269D331C00CADDE5 /* UIView+Designable.h */,
				BD79D937269D331C00CADDE5 /* UIView+Designable.m */,
				BD79D931269D331C00CADDE5 /* UIView+Extension.h */,
				BD79D93A269D331C00CADDE5 /* UIView+Extension.m */,
			);
			path = Categary;
			sourceTree = "<group>";
		};
		BD79D96A269D341D00CADDE5 /* Common */ = {
			isa = PBXGroup;
			children = (
				BD79D97B269D341D00CADDE5 /* TCPopupMenu */,
				BD79D9A2269D61E400CADDE5 /* Masonry */,
				BD79D99A269D61CB00CADDE5 /* MBProgressHUD */,
				BD79D978269D341D00CADDE5 /* PanoAction.h */,
				BD79D96B269D341D00CADDE5 /* PanoAction.m */,
				BD79D986269D341D00CADDE5 /* PanoArrayDataSource.h */,
				BD79D974269D341D00CADDE5 /* PanoArrayDataSource.m */,
				BD79D96D269D341D00CADDE5 /* PanoAvatorUtil.h */,
				BD79D976269D341D00CADDE5 /* PanoAvatorUtil.m */,
				BD79D983269D341D00CADDE5 /* PanoDefine.h */,
				BD79D971269D341D00CADDE5 /* PanoEmptyView.h */,
				BD79D981269D341D00CADDE5 /* PanoEmptyView.m */,
				BD79D985269D341D00CADDE5 /* PanoItem.h */,
				BD79D975269D341D00CADDE5 /* PanoItem.m */,
				BD79D979269D341D00CADDE5 /* PanoItemDelegate.h */,
				BD79D987269D341D00CADDE5 /* PanoMenuCell.h */,
				BD79D973269D341D00CADDE5 /* PanoMenuCell.m */,
				BD79D972269D341D00CADDE5 /* PanoMulticastDelegate.h */,
				BD79D980269D341D00CADDE5 /* PanoMulticastDelegate.m */,
				BD79D96F269D341D00CADDE5 /* PanoNetworkManager.h */,
				BD79D984269D341D00CADDE5 /* PanoNetworkManager.m */,
				BD79D96E269D341D00CADDE5 /* PanoNotificationCenter.h */,
				BD79D97A269D341D00CADDE5 /* PanoNotificationCenter.m */,
				BD79D977269D341D00CADDE5 /* Reachability.h */,
				BD79D96C269D341D00CADDE5 /* Reachability.m */,
			);
			path = Common;
			sourceTree = "<group>";
		};
		BD79D97B269D341D00CADDE5 /* TCPopupMenu */ = {
			isa = PBXGroup;
			children = (
				BD79D97C269D341D00CADDE5 /* TCPopupViewPath.m */,
				BD79D97D269D341D00CADDE5 /* TCRectConst.m */,
				BD79D97E269D341D00CADDE5 /* TCPopupViewPath.h */,
				BD79D97F269D341D00CADDE5 /* TCRectConst.h */,
			);
			path = TCPopupMenu;
			sourceTree = "<group>";
		};
		BD79D99A269D61CB00CADDE5 /* MBProgressHUD */ = {
			isa = PBXGroup;
			children = (
				BD79D99D269D61CB00CADDE5 /* MBProgressHUD.h */,
				BD79D99B269D61CB00CADDE5 /* MBProgressHUD.m */,
			);
			path = MBProgressHUD;
			sourceTree = "<group>";
		};
		BD79D9A2269D61E400CADDE5 /* Masonry */ = {
			isa = PBXGroup;
			children = (
				BD79D9A3269D61E400CADDE5 /* MASCompositeConstraint.h */,
				BD79D9B1269D61E400CADDE5 /* MASCompositeConstraint.m */,
				BD79D9AF269D61E400CADDE5 /* MASConstraint.h */,
				BD79D9B8269D61E400CADDE5 /* MASConstraint.m */,
				BD79D9A5269D61E400CADDE5 /* MASConstraint+Private.h */,
				BD79D9A8269D61E400CADDE5 /* MASConstraintMaker.h */,
				BD79D9B2269D61E400CADDE5 /* MASConstraintMaker.m */,
				BD79D9A6269D61E400CADDE5 /* MASLayoutConstraint.h */,
				BD79D9B3269D61E400CADDE5 /* MASLayoutConstraint.m */,
				BD79D9B7269D61E400CADDE5 /* Masonry.h */,
				BD79D9AB269D61E400CADDE5 /* MASUtilities.h */,
				BD79D9AC269D61E400CADDE5 /* MASViewAttribute.h */,
				BD79D9BB269D61E400CADDE5 /* MASViewAttribute.m */,
				BD79D9AE269D61E400CADDE5 /* MASViewConstraint.h */,
				BD79D9BA269D61E400CADDE5 /* MASViewConstraint.m */,
				BD79D9AA269D61E400CADDE5 /* NSArray+MASAdditions.h */,
				BD79D9B4269D61E400CADDE5 /* NSArray+MASAdditions.m */,
				BD79D9A7269D61E400CADDE5 /* NSArray+MASShorthandAdditions.h */,
				BD79D9B0269D61E400CADDE5 /* NSLayoutConstraint+MASDebugAdditions.h */,
				BD79D9A4269D61E400CADDE5 /* NSLayoutConstraint+MASDebugAdditions.m */,
				BD79D9A9269D61E400CADDE5 /* View+MASAdditions.h */,
				BD79D9B5269D61E400CADDE5 /* View+MASAdditions.m */,
				BD79D9B6269D61E400CADDE5 /* View+MASShorthandAdditions.h */,
				BD79D9B9269D61E400CADDE5 /* ViewController+MASAdditions.h */,
				BD79D9AD269D61E400CADDE5 /* ViewController+MASAdditions.m */,
			);
			name = Masonry;
			path = Masonry/Masonry;
			sourceTree = "<group>";
		};
		BD79D9D8269D6DBB00CADDE5 /* BroadcastExtension */ = {
			isa = PBXGroup;
			children = (
				BD79D9EC269D6ED800CADDE5 /* BroadcastExtension.entitlements */,
				BD79D9D9269D6DBB00CADDE5 /* SampleHandler.h */,
				BD79D9DA269D6DBB00CADDE5 /* SampleHandler.m */,
				BD79D9DC269D6DBB00CADDE5 /* Info.plist */,
			);
			path = BroadcastExtension;
			sourceTree = "<group>";
		};
/* End PBXGroup section */

/* Begin PBXNativeTarget section */
		57C6E4942434780200ADF2CB /* PanoVideoDemo */ = {
			isa = PBXNativeTarget;
			buildConfigurationList = 57C6E4AE2434780500ADF2CB /* Build configuration list for PBXNativeTarget "PanoVideoDemo" */;
			buildPhases = (
				57C6E4912434780200ADF2CB /* Sources */,
				57C6E4922434780200ADF2CB /* Frameworks */,
				57C6E4932434780200ADF2CB /* Resources */,
				5711DC09243F19D800A32DBC /* Embed Frameworks */,
				BD79D9E3269D6DBB00CADDE5 /* Embed App Extensions */,
			);
			buildRules = (
			);
			dependencies = (
				BD79D9DE269D6DBB00CADDE5 /* PBXTargetDependency */,
			);
			name = PanoVideoDemo;
			productName = PanoCall;
			productReference = 57C6E4952434780200ADF2CB /* PanoVideoDemo.app */;
			productType = "com.apple.product-type.application";
		};
		BD79D9D4269D6DBB00CADDE5 /* BroadcastExtension */ = {
			isa = PBXNativeTarget;
			buildConfigurationList = BD79D9E0269D6DBB00CADDE5 /* Build configuration list for PBXNativeTarget "BroadcastExtension" */;
			buildPhases = (
				BD79D9D1269D6DBB00CADDE5 /* Sources */,
				BD79D9D2269D6DBB00CADDE5 /* Frameworks */,
				BD79D9D3269D6DBB00CADDE5 /* Resources */,
			);
			buildRules = (
			);
			dependencies = (
			);
			name = BroadcastExtension;
			productName = BroadcastExtension;
			productReference = BD79D9D5269D6DBB00CADDE5 /* BroadcastExtension.appex */;
			productType = "com.apple.product-type.app-extension";
		};
/* End PBXNativeTarget section */

/* Begin PBXProject section */
		57C6E48D2434780200ADF2CB /* Project object */ = {
			isa = PBXProject;
			attributes = {
				LastUpgradeCheck = 1140;
				ORGANIZATIONNAME = Pano;
				TargetAttributes = {
					57C6E4942434780200ADF2CB = {
						CreatedOnToolsVersion = 11.4;
					};
					BD79D9D4269D6DBB00CADDE5 = {
						CreatedOnToolsVersion = 12.3;
					};
				};
			};
			buildConfigurationList = 57C6E4902434780200ADF2CB /* Build configuration list for PBXProject "PanoVideoDemo" */;
			compatibilityVersion = "Xcode 9.3";
			developmentRegion = en;
			hasScannedForEncodings = 0;
			knownRegions = (
				Base,
				"zh-Hans",
				en,
			);
			mainGroup = 57C6E48C2434780200ADF2CB;
			productRefGroup = 57C6E4962434780200ADF2CB /* Products */;
			projectDirPath = "";
			projectRoot = "";
			targets = (
				57C6E4942434780200ADF2CB /* PanoVideoDemo */,
				BD79D9D4269D6DBB00CADDE5 /* BroadcastExtension */,
			);
		};
/* End PBXProject section */

/* Begin PBXResourcesBuildPhase section */
		57C6E4932434780200ADF2CB /* Resources */ = {
			isa = PBXResourcesBuildPhase;
			buildActionMask = 2147483647;
			files = (
				BD79D93E269D331C00CADDE5 /* image.launch2@3x.png in Resources */,
				57C6E4A82434780500ADF2CB /* LaunchScreen.storyboard in Resources */,
				572A0B0E2436E8D60003C457 /* Localizable.strings in Resources */,
				BD79D93D269D331C00CADDE5 /* demo_index.html in Resources */,
				BD79D93C269D331C00CADDE5 /* iconfont.ttf in Resources */,
				57C6E4A52434780500ADF2CB /* Assets.xcassets in Resources */,
				57C6E4A32434780200ADF2CB /* Main.storyboard in Resources */,
				57E4F32F244A18170004A856 /* InfoPlist.strings in Resources */,
			);
			runOnlyForDeploymentPostprocessing = 0;
		};
		BD79D9D3269D6DBB00CADDE5 /* Resources */ = {
			isa = PBXResourcesBuildPhase;
			buildActionMask = 2147483647;
			files = (
			);
			runOnlyForDeploymentPostprocessing = 0;
		};
/* End PBXResourcesBuildPhase section */

/* Begin PBXSourcesBuildPhase section */
		57C6E4912434780200ADF2CB /* Sources */ = {
			isa = PBXSourcesBuildPhase;
			buildActionMask = 2147483647;
			files = (
				BD79D965269D331C00CADDE5 /* NSURL+Extension.m in Sources */,
				BD79D962269D331C00CADDE5 /* PanoBaseService.m in Sources */,
				BD79D951269D331C00CADDE5 /* PanoBroadcastButton.m in Sources */,
				BD79D95C269D331C00CADDE5 /* PanoRTMService.m in Sources */,
				BD79D95B269D331C00CADDE5 /* PanoAudioService.m in Sources */,
				BD79D956269D331C00CADDE5 /* PanoPoolService.m in Sources */,
				BD79D992269D341D00CADDE5 /* PanoEmptyView.m in Sources */,
				BD79D969269D331C00CADDE5 /* UIView+Extension.m in Sources */,
				BD79D9C2269D61E400CADDE5 /* View+MASAdditions.m in Sources */,
				BD79D959269D331C00CADDE5 /* PanoUserService.m in Sources */,
				BD79D955269D331C00CADDE5 /* PanoUserCell.m in Sources */,
				BD79D98E269D341D00CADDE5 /* PanoNotificationCenter.m in Sources */,
				BD79D942269D331C00CADDE5 /* PanoVideoView.m in Sources */,
				BD79D9C3269D61E400CADDE5 /* MASConstraint.m in Sources */,
				BD79D958269D331C00CADDE5 /* PanoAnnotationService.m in Sources */,
				BD79D9C4269D61E400CADDE5 /* MASViewConstraint.m in Sources */,
				57C6E49A2434780200ADF2CB /* AppDelegate.m in Sources */,
				BD79D948269D331C00CADDE5 /* PanoPoolFourAvgLayout.m in Sources */,
				57C6E4AB2434780500ADF2CB /* main.m in Sources */,
				57D7E07F24DAACF100761E83 /* VideoFilterDelegate.m in Sources */,
				BD79D94D269D331C00CADDE5 /* PanoViewInstance.m in Sources */,
				BD79D960269D331C00CADDE5 /* PanoBaseView.m in Sources */,
				BD79D95E269D331C00CADDE5 /* PanoVideoService.m in Sources */,
				BD79D94E269D331C00CADDE5 /* PanoPoolView.m in Sources */,
				57C6E4C82434A4C400ADF2CB /* WhiteboardViewController.m in Sources */,
				BD79D989269D341D00CADDE5 /* Reachability.m in Sources */,
				BD79D9C0269D61E400CADDE5 /* MASLayoutConstraint.m in Sources */,
				BD79D946269D331C00CADDE5 /* PanoPoolLayout.m in Sources */,
				BD79D953269D331C00CADDE5 /* PanoUserListViewController.m in Sources */,
				BD79D94B269D331C00CADDE5 /* PanoConfig.m in Sources */,
				BD79D947269D331C00CADDE5 /* PanoPoolFullScreenLayout.m in Sources */,
				BD79D991269D341D00CADDE5 /* PanoMulticastDelegate.m in Sources */,
				575943D7243D811100266F59 /* PanoCallClient.m in Sources */,
				BD79D95A269D331C00CADDE5 /* PanoServiceManager.m in Sources */,
				BD79D940269D331C00CADDE5 /* PanoAnnotationToolView.m in Sources */,
				5752F3EB2437653400CAEA64 /* BeautifyTableViewController.m in Sources */,
				BD79D961269D331C00CADDE5 /* PanoBaseViewController.m in Sources */,
				BD79D957269D331C00CADDE5 /* PanoWhiteboardService.m in Sources */,
				5711DC0D243F27BB00A32DBC /* UserInfo.m in Sources */,
				BD79D9C5269D61E400CADDE5 /* MASViewAttribute.m in Sources */,
				BD79D966269D331C00CADDE5 /* UIColor+Extension.m in Sources */,
				BD79D95F269D331C00CADDE5 /* PanoClientService.m in Sources */,
				BD79D968269D331C00CADDE5 /* MBProgressHUD+Extension.m in Sources */,
				BD79D9BE269D61E400CADDE5 /* MASCompositeConstraint.m in Sources */,
				BD79D98A269D341D00CADDE5 /* PanoMenuCell.m in Sources */,
				BD79D94F269D331C00CADDE5 /* PanoFeedAudioController.m in Sources */,
				BD79D98F269D341D00CADDE5 /* TCPopupViewPath.m in Sources */,
				57C6E4C72434A4C400ADF2CB /* CallViewController.m in Sources */,
				BD79D990269D341D00CADDE5 /* TCRectConst.m in Sources */,
				BD79D99F269D61CB00CADDE5 /* MBProgressHUD.m in Sources */,
				BD79D9C1269D61E400CADDE5 /* NSArray+MASAdditions.m in Sources */,
				BD79D9BC269D61E400CADDE5 /* NSLayoutConstraint+MASDebugAdditions.m in Sources */,
				BD79D945269D331C00CADDE5 /* PanoAnnotationPenView.m in Sources */,
				BD79D94A269D331C00CADDE5 /* PanoUserInfo.m in Sources */,
				BD79D98B269D341D00CADDE5 /* PanoArrayDataSource.m in Sources */,
				57FC408C243769B500508035 /* WebViewController.m in Sources */,
				BD79D994269D341D00CADDE5 /* PanoNetworkManager.m in Sources */,
				BD79D943269D331C00CADDE5 /* PanoWhiteBoradView.m in Sources */,
				BD79D967269D331C00CADDE5 /* UIView+Designable.m in Sources */,
				572A0B14243715600003C457 /* SettingTableViewController.m in Sources */,
				57C6E4C62434A4C400ADF2CB /* JoinViewController.m in Sources */,
				BD79D963269D331C00CADDE5 /* UIImage+IconFont.m in Sources */,
				BD79D954269D331C00CADDE5 /* PanoWbTopView.m in Sources */,
				BD79D95D269D331C00CADDE5 /* PanoDesktopService.m in Sources */,
				BD79D941269D331C00CADDE5 /* PanoDesktopView.m in Sources */,
				575943D4243D7B7F00266F59 /* FeedbackViewController.m in Sources */,
				BD79D98D269D341D00CADDE5 /* PanoAvatorUtil.m in Sources */,
				BD79D949269D331C00CADDE5 /* PanoPoolFloatLayout.m in Sources */,
				BD79D964269D331C00CADDE5 /* UIImage+Extension.m in Sources */,
				BD79D9BD269D61E400CADDE5 /* ViewController+MASAdditions.m in Sources */,
				5711DC1B24401FC600A32DBC /* UserView.m in Sources */,
				57C6E49D2434780200ADF2CB /* SceneDelegate.m in Sources */,
				BD79D98C269D341D00CADDE5 /* PanoItem.m in Sources */,
				BD79D9BF269D61E400CADDE5 /* MASConstraintMaker.m in Sources */,
				BD79D988269D341D00CADDE5 /* PanoAction.m in Sources */,
				BD79D944269D331C00CADDE5 /* PanoAnnotationTool.m in Sources */,
				BD79D93F269D331C00CADDE5 /* PanoBaseMediaView.m in Sources */,
			);
			runOnlyForDeploymentPostprocessing = 0;
		};
		BD79D9D1269D6DBB00CADDE5 /* Sources */ = {
			isa = PBXSourcesBuildPhase;
			buildActionMask = 2147483647;
			files = (
				BD79D9DB269D6DBB00CADDE5 /* SampleHandler.m in Sources */,
			);
			runOnlyForDeploymentPostprocessing = 0;
		};
/* End PBXSourcesBuildPhase section */

/* Begin PBXTargetDependency section */
		BD79D9DE269D6DBB00CADDE5 /* PBXTargetDependency */ = {
			isa = PBXTargetDependency;
			target = BD79D9D4269D6DBB00CADDE5 /* BroadcastExtension */;
			targetProxy = BD79D9DD269D6DBB00CADDE5 /* PBXContainerItemProxy */;
		};
/* End PBXTargetDependency section */

/* Begin PBXVariantGroup section */
		572A0B102436E8D60003C457 /* Localizable.strings */ = {
			isa = PBXVariantGroup;
			children = (
				572A0B0F2436E8D60003C457 /* zh-Hans */,
				57A7E64C2466B3CB002A04F1 /* en */,
			);
			name = Localizable.strings;
			sourceTree = "<group>";
		};
		57C6E4A12434780200ADF2CB /* Main.storyboard */ = {
			isa = PBXVariantGroup;
			children = (
				57C6E4A22434780200ADF2CB /* Base */,
				5711DC16244018C400A32DBC /* zh-Hans */,
				57A7E64B2466B2FD002A04F1 /* en */,
			);
			name = Main.storyboard;
			sourceTree = "<group>";
		};
		57C6E4A62434780500ADF2CB /* LaunchScreen.storyboard */ = {
			isa = PBXVariantGroup;
			children = (
				57C6E4A72434780500ADF2CB /* Base */,
			);
			name = LaunchScreen.storyboard;
			sourceTree = "<group>";
		};
		57E4F331244A18170004A856 /* InfoPlist.strings */ = {
			isa = PBXVariantGroup;
			children = (
				57E4F330244A18170004A856 /* zh-Hans */,
				57A7E64D2466B3D7002A04F1 /* en */,
			);
			name = InfoPlist.strings;
			sourceTree = "<group>";
		};
/* End PBXVariantGroup section */

/* Begin XCBuildConfiguration section */
		57C6E4AC2434780500ADF2CB /* Debug */ = {
			isa = XCBuildConfiguration;
			buildSettings = {
				ALWAYS_SEARCH_USER_PATHS = NO;
				"ARCHS[sdk=iphonesimulator*]" = x86_64;
				CLANG_ANALYZER_LOCALIZABILITY_NONLOCALIZED = YES;
				CLANG_ANALYZER_NONNULL = YES;
				CLANG_ANALYZER_NUMBER_OBJECT_CONVERSION = YES_AGGRESSIVE;
				CLANG_CXX_LANGUAGE_STANDARD = "gnu++14";
				CLANG_CXX_LIBRARY = "libc++";
				CLANG_ENABLE_MODULES = YES;
				CLANG_ENABLE_OBJC_ARC = YES;
				CLANG_ENABLE_OBJC_WEAK = YES;
				CLANG_WARN_BLOCK_CAPTURE_AUTORELEASING = YES;
				CLANG_WARN_BOOL_CONVERSION = YES;
				CLANG_WARN_COMMA = YES;
				CLANG_WARN_CONSTANT_CONVERSION = YES;
				CLANG_WARN_DEPRECATED_OBJC_IMPLEMENTATIONS = YES;
				CLANG_WARN_DIRECT_OBJC_ISA_USAGE = YES_ERROR;
				CLANG_WARN_EMPTY_BODY = YES;
				CLANG_WARN_ENUM_CONVERSION = YES;
				CLANG_WARN_INFINITE_RECURSION = YES;
				CLANG_WARN_INT_CONVERSION = YES;
				CLANG_WARN_NON_LITERAL_NULL_CONVERSION = YES;
				CLANG_WARN_OBJC_IMPLICIT_RETAIN_SELF = YES;
				CLANG_WARN_OBJC_LITERAL_CONVERSION = YES;
				CLANG_WARN_OBJC_ROOT_CLASS = YES_ERROR;
				CLANG_WARN_RANGE_LOOP_ANALYSIS = YES;
				CLANG_WARN_STRICT_PROTOTYPES = YES;
				CLANG_WARN_SUSPICIOUS_MOVE = YES;
				CLANG_WARN_UNGUARDED_AVAILABILITY = YES_AGGRESSIVE;
				CLANG_WARN_UNREACHABLE_CODE = YES;
				CLANG_WARN__DUPLICATE_METHOD_MATCH = YES;
				COPY_PHASE_STRIP = NO;
				DEBUG_INFORMATION_FORMAT = dwarf;
				ENABLE_BITCODE = NO;
				ENABLE_STRICT_OBJC_MSGSEND = YES;
				ENABLE_TESTABILITY = YES;
				GCC_C_LANGUAGE_STANDARD = gnu11;
				GCC_DYNAMIC_NO_PIC = NO;
				GCC_NO_COMMON_BLOCKS = YES;
				GCC_OPTIMIZATION_LEVEL = 0;
				GCC_PREPROCESSOR_DEFINITIONS = (
					"DEBUG=1",
					"$(inherited)",
				);
				GCC_WARN_64_TO_32_BIT_CONVERSION = YES;
				GCC_WARN_ABOUT_RETURN_TYPE = YES_ERROR;
				GCC_WARN_UNDECLARED_SELECTOR = YES;
				GCC_WARN_UNINITIALIZED_AUTOS = YES_AGGRESSIVE;
				GCC_WARN_UNUSED_FUNCTION = YES;
				GCC_WARN_UNUSED_VARIABLE = YES;
				IPHONEOS_DEPLOYMENT_TARGET = 9.0;
				MTL_ENABLE_DEBUG_INFO = INCLUDE_SOURCE;
				MTL_FAST_MATH = YES;
				ONLY_ACTIVE_ARCH = YES;
				SDKROOT = iphoneos;
			};
			name = Debug;
		};
		57C6E4AD2434780500ADF2CB /* Release */ = {
			isa = XCBuildConfiguration;
			buildSettings = {
				ALWAYS_SEARCH_USER_PATHS = NO;
				"ARCHS[sdk=iphonesimulator*]" = x86_64;
				CLANG_ANALYZER_LOCALIZABILITY_NONLOCALIZED = YES;
				CLANG_ANALYZER_NONNULL = YES;
				CLANG_ANALYZER_NUMBER_OBJECT_CONVERSION = YES_AGGRESSIVE;
				CLANG_CXX_LANGUAGE_STANDARD = "gnu++14";
				CLANG_CXX_LIBRARY = "libc++";
				CLANG_ENABLE_MODULES = YES;
				CLANG_ENABLE_OBJC_ARC = YES;
				CLANG_ENABLE_OBJC_WEAK = YES;
				CLANG_WARN_BLOCK_CAPTURE_AUTORELEASING = YES;
				CLANG_WARN_BOOL_CONVERSION = YES;
				CLANG_WARN_COMMA = YES;
				CLANG_WARN_CONSTANT_CONVERSION = YES;
				CLANG_WARN_DEPRECATED_OBJC_IMPLEMENTATIONS = YES;
				CLANG_WARN_DIRECT_OBJC_ISA_USAGE = YES_ERROR;
				CLANG_WARN_EMPTY_BODY = YES;
				CLANG_WARN_ENUM_CONVERSION = YES;
				CLANG_WARN_INFINITE_RECURSION = YES;
				CLANG_WARN_INT_CONVERSION = YES;
				CLANG_WARN_NON_LITERAL_NULL_CONVERSION = YES;
				CLANG_WARN_OBJC_IMPLICIT_RETAIN_SELF = YES;
				CLANG_WARN_OBJC_LITERAL_CONVERSION = YES;
				CLANG_WARN_OBJC_ROOT_CLASS = YES_ERROR;
				CLANG_WARN_RANGE_LOOP_ANALYSIS = YES;
				CLANG_WARN_STRICT_PROTOTYPES = YES;
				CLANG_WARN_SUSPICIOUS_MOVE = YES;
				CLANG_WARN_UNGUARDED_AVAILABILITY = YES_AGGRESSIVE;
				CLANG_WARN_UNREACHABLE_CODE = YES;
				CLANG_WARN__DUPLICATE_METHOD_MATCH = YES;
				COPY_PHASE_STRIP = NO;
				DEBUG_INFORMATION_FORMAT = "dwarf-with-dsym";
				ENABLE_BITCODE = NO;
				ENABLE_NS_ASSERTIONS = NO;
				ENABLE_STRICT_OBJC_MSGSEND = YES;
				GCC_C_LANGUAGE_STANDARD = gnu11;
				GCC_NO_COMMON_BLOCKS = YES;
				GCC_WARN_64_TO_32_BIT_CONVERSION = YES;
				GCC_WARN_ABOUT_RETURN_TYPE = YES_ERROR;
				GCC_WARN_UNDECLARED_SELECTOR = YES;
				GCC_WARN_UNINITIALIZED_AUTOS = YES_AGGRESSIVE;
				GCC_WARN_UNUSED_FUNCTION = YES;
				GCC_WARN_UNUSED_VARIABLE = YES;
				IPHONEOS_DEPLOYMENT_TARGET = 9.0;
				MTL_ENABLE_DEBUG_INFO = NO;
				MTL_FAST_MATH = YES;
				SDKROOT = iphoneos;
				VALIDATE_PRODUCT = YES;
			};
			name = Release;
		};
		57C6E4AF2434780500ADF2CB /* Debug */ = {
			isa = XCBuildConfiguration;
			buildSettings = {
				ASSETCATALOG_COMPILER_APPICON_NAME = AppIcon;
				CODE_SIGN_ENTITLEMENTS = PanoVideoDemo/PanoVideoDemo.entitlements;
				CODE_SIGN_IDENTITY = "Apple Development";
				CODE_SIGN_STYLE = Manual;
				DEVELOPMENT_TEAM = "";
				FRAMEWORK_SEARCH_PATHS = (
					"$(inherited)",
					"$(PROJECT_DIR)/../SDK",
				);
				INFOPLIST_FILE = PanoVideoDemo/Info.plist;
				LD_RUNPATH_SEARCH_PATHS = (
					"$(inherited)",
					"@executable_path/Frameworks",
				);
				PRODUCT_BUNDLE_IDENTIFIER = com.pano.videoDemo;
				PRODUCT_NAME = "$(TARGET_NAME)";
				PROVISIONING_PROFILE_SPECIFIER = "";
				TARGETED_DEVICE_FAMILY = 1;
			};
			name = Debug;
		};
		57C6E4B02434780500ADF2CB /* Release */ = {
			isa = XCBuildConfiguration;
			buildSettings = {
				ASSETCATALOG_COMPILER_APPICON_NAME = AppIcon;
				CODE_SIGN_ENTITLEMENTS = PanoVideoDemo/PanoVideoDemo.entitlements;
				CODE_SIGN_IDENTITY = "Apple Development";
				CODE_SIGN_STYLE = Manual;
				DEVELOPMENT_TEAM = "";
				FRAMEWORK_SEARCH_PATHS = (
					"$(inherited)",
					"$(PROJECT_DIR)/../SDK",
				);
				INFOPLIST_FILE = PanoVideoDemo/Info.plist;
				LD_RUNPATH_SEARCH_PATHS = (
					"$(inherited)",
					"@executable_path/Frameworks",
				);
				PRODUCT_BUNDLE_IDENTIFIER = com.pano.videoDemo;
				PRODUCT_NAME = "$(TARGET_NAME)";
				PROVISIONING_PROFILE_SPECIFIER = "";
				TARGETED_DEVICE_FAMILY = 1;
			};
			name = Release;
		};
		BD79D9E1269D6DBB00CADDE5 /* Debug */ = {
			isa = XCBuildConfiguration;
			buildSettings = {
				CLANG_WARN_DOCUMENTATION_COMMENTS = YES;
				CLANG_WARN_QUOTED_INCLUDE_IN_FRAMEWORK_HEADER = YES;
				CODE_SIGN_ENTITLEMENTS = BroadcastExtension/BroadcastExtension.entitlements;
				CODE_SIGN_IDENTITY = "Apple Development";
				CODE_SIGN_STYLE = Manual;
				DEVELOPMENT_TEAM = "";
				FRAMEWORK_SEARCH_PATHS = ../SDK/;
				INFOPLIST_FILE = BroadcastExtension/Info.plist;
				IPHONEOS_DEPLOYMENT_TARGET = 11.0;
				LD_RUNPATH_SEARCH_PATHS = (
					"$(inherited)",
					"@executable_path/Frameworks",
					"@executable_path/../../Frameworks",
				);
				PRODUCT_BUNDLE_IDENTIFIER = com.pano.videoDemo.BroadcastExtension;
				PRODUCT_NAME = "$(TARGET_NAME)";
				PROVISIONING_PROFILE_SPECIFIER = "";
				SKIP_INSTALL = YES;
				TARGETED_DEVICE_FAMILY = "1,2";
			};
			name = Debug;
		};
		BD79D9E2269D6DBB00CADDE5 /* Release */ = {
			isa = XCBuildConfiguration;
			buildSettings = {
				CLANG_WARN_DOCUMENTATION_COMMENTS = YES;
				CLANG_WARN_QUOTED_INCLUDE_IN_FRAMEWORK_HEADER = YES;
				CODE_SIGN_ENTITLEMENTS = BroadcastExtension/BroadcastExtension.entitlements;
				CODE_SIGN_IDENTITY = "Apple Development";
				CODE_SIGN_STYLE = Manual;
				DEVELOPMENT_TEAM = "";
				FRAMEWORK_SEARCH_PATHS = ../SDK/;
				INFOPLIST_FILE = BroadcastExtension/Info.plist;
				IPHONEOS_DEPLOYMENT_TARGET = 11.0;
				LD_RUNPATH_SEARCH_PATHS = (
					"$(inherited)",
					"@executable_path/Frameworks",
					"@executable_path/../../Frameworks",
				);
				PRODUCT_BUNDLE_IDENTIFIER = com.pano.videoDemo.BroadcastExtension;
				PRODUCT_NAME = "$(TARGET_NAME)";
				PROVISIONING_PROFILE_SPECIFIER = "";
				SKIP_INSTALL = YES;
				TARGETED_DEVICE_FAMILY = "1,2";
			};
			name = Release;
		};
/* End XCBuildConfiguration section */

/* Begin XCConfigurationList section */
		57C6E4902434780200ADF2CB /* Build configuration list for PBXProject "PanoVideoDemo" */ = {
			isa = XCConfigurationList;
			buildConfigurations = (
				57C6E4AC2434780500ADF2CB /* Debug */,
				57C6E4AD2434780500ADF2CB /* Release */,
			);
			defaultConfigurationIsVisible = 0;
			defaultConfigurationName = Release;
		};
		57C6E4AE2434780500ADF2CB /* Build configuration list for PBXNativeTarget "PanoVideoDemo" */ = {
			isa = XCConfigurationList;
			buildConfigurations = (
				57C6E4AF2434780500ADF2CB /* Debug */,
				57C6E4B02434780500ADF2CB /* Release */,
			);
			defaultConfigurationIsVisible = 0;
			defaultConfigurationName = Release;
		};
		BD79D9E0269D6DBB00CADDE5 /* Build configuration list for PBXNativeTarget "BroadcastExtension" */ = {
			isa = XCConfigurationList;
			buildConfigurations = (
				BD79D9E1269D6DBB00CADDE5 /* Debug */,
				BD79D9E2269D6DBB00CADDE5 /* Release */,
			);
			defaultConfigurationIsVisible = 0;
			defaultConfigurationName = Release;
		};
/* End XCConfigurationList section */
	};
	rootObject = 57C6E48D2434780200ADF2CB /* Project object */;
}
