// !$*UTF8*$!
{
	archiveVersion = 1;
	classes = {
	};
	objectVersion = 50;
	objects = {

/* Begin PBXBuildFile section */
		572A0B0E2436E8D60003C457 /* Localizable.strings in Resources */ = {isa = PBXBuildFile; fileRef = 572A0B102436E8D60003C457 /* Localizable.strings */; };
		572A0B14243715600003C457 /* SettingTableViewController.m in Sources */ = {isa = PBXBuildFile; fileRef = 572A0B13243715600003C457 /* SettingTableViewController.m */; };
		5752F3EB2437653400CAEA64 /* BeautifyTableViewController.m in Sources */ = {isa = PBXBuildFile; fileRef = 5752F3EA2437653400CAEA64 /* BeautifyTableViewController.m */; };
		575943D4243D7B7F00266F59 /* FeedbackViewController.m in Sources */ = {isa = PBXBuildFile; fileRef = 575943D3243D7B7F00266F59 /* FeedbackViewController.m */; };
		575943D7243D811100266F59 /* PanoCallClient.m in Sources */ = {isa = PBXBuildFile; fileRef = 575943D6243D811100266F59 /* PanoCallClient.m */; };
		57C6E49A2434780200ADF2CB /* AppDelegate.m in Sources */ = {isa = PBXBuildFile; fileRef = 57C6E4992434780200ADF2CB /* AppDelegate.m */; };
		57C6E49D2434780200ADF2CB /* SceneDelegate.m in Sources */ = {isa = PBXBuildFile; fileRef = 57C6E49C2434780200ADF2CB /* SceneDelegate.m */; };
		57C6E4A32434780200ADF2CB /* Main.storyboard in Resources */ = {isa = PBXBuildFile; fileRef = 57C6E4A12434780200ADF2CB /* Main.storyboard */; };
		57C6E4A52434780500ADF2CB /* Assets.xcassets in Resources */ = {isa = PBXBuildFile; fileRef = 57C6E4A42434780500ADF2CB /* Assets.xcassets */; };
		57C6E4A82434780500ADF2CB /* LaunchScreen.storyboard in Resources */ = {isa = PBXBuildFile; fileRef = 57C6E4A62434780500ADF2CB /* LaunchScreen.storyboard */; };
		57C6E4AB2434780500ADF2CB /* main.m in Sources */ = {isa = PBXBuildFile; fileRef = 57C6E4AA2434780500ADF2CB /* main.m */; };
		57C6E4C62434A4C400ADF2CB /* JoinViewController.m in Sources */ = {isa = PBXBuildFile; fileRef = 57C6E4BF2434A4C400ADF2CB /* JoinViewController.m */; };
		57C6E4C72434A4C400ADF2CB /* CallViewController.m in Sources */ = {isa = PBXBuildFile; fileRef = 57C6E4C02434A4C400ADF2CB /* CallViewController.m */; };
		57C6E4C82434A4C400ADF2CB /* WhiteboardViewController.m in Sources */ = {isa = PBXBuildFile; fileRef = 57C6E4C22434A4C400ADF2CB /* WhiteboardViewController.m */; };
		57E4F32F244A18170004A856 /* InfoPlist.strings in Resources */ = {isa = PBXBuildFile; fileRef = 57E4F331244A18170004A856 /* InfoPlist.strings */; };
		57FC408C243769B500508035 /* WebViewController.m in Sources */ = {isa = PBXBuildFile; fileRef = 57FC408B243769B500508035 /* WebViewController.m */; };
		BD0C24DE256F44E7001FDA58 /* Reachability.m in Sources */ = {isa = PBXBuildFile; fileRef = BD0C24DD256F44E7001FDA58 /* Reachability.m */; };
		BD1ABD782530510600973819 /* PanoPoolLayout.m in Sources */ = {isa = PBXBuildFile; fileRef = BD1ABD77253050F800973819 /* PanoPoolLayout.m */; };
		BD1ABD7B253055E100973819 /* UIView+Extension.m in Sources */ = {isa = PBXBuildFile; fileRef = BD1ABD7A253055E100973819 /* UIView+Extension.m */; };
		BD1ABDAC2531BC2100973819 /* PanoDesktopService.m in Sources */ = {isa = PBXBuildFile; fileRef = BD1ABDAB2531BC2100973819 /* PanoDesktopService.m */; };
		BD3DC4292611729300BF844D /* PanoRtcService.m in Sources */ = {isa = PBXBuildFile; fileRef = BD3DC4282611729300BF844D /* PanoRtcService.m */; };
		BD3DC42C26117AD000BF844D /* PanoFeedAudioController.m in Sources */ = {isa = PBXBuildFile; fileRef = BD3DC42B26117AD000BF844D /* PanoFeedAudioController.m */; };
		BD43D62025381DC700FDA5F5 /* PanoMulticastDelegate.m in Sources */ = {isa = PBXBuildFile; fileRef = BD43D61F25381DC700FDA5F5 /* PanoMulticastDelegate.m */; };
		BD451C0C255D18B70034376E /* SystemConfiguration.framework in Frameworks */ = {isa = PBXBuildFile; fileRef = BD451C0B255D18B60034376E /* SystemConfiguration.framework */; };
		BD451C0E255D18C20034376E /* Security.framework in Frameworks */ = {isa = PBXBuildFile; fileRef = BD451C0D255D18C20034376E /* Security.framework */; };
		BD451C10255D18D50034376E /* libz.tbd in Frameworks */ = {isa = PBXBuildFile; fileRef = BD451C0F255D18CD0034376E /* libz.tbd */; };
		BD451C12255D18E50034376E /* libc++.tbd in Frameworks */ = {isa = PBXBuildFile; fileRef = BD451C11255D18E00034376E /* libc++.tbd */; };
		BD4BB41925418B9400C81A6E /* PanoEmptyView.m in Sources */ = {isa = PBXBuildFile; fileRef = BD4BB41825418B9400C81A6E /* PanoEmptyView.m */; };
		BD4D4510252462220098EE28 /* PanoDesktopView.m in Sources */ = {isa = PBXBuildFile; fileRef = BD4D450F252462220098EE28 /* PanoDesktopView.m */; };
		BD4D4513252462370098EE28 /* PanoWhiteBoradView.m in Sources */ = {isa = PBXBuildFile; fileRef = BD4D4512252462370098EE28 /* PanoWhiteBoradView.m */; };
		BD4D4516252465720098EE28 /* PanoWbTopView.m in Sources */ = {isa = PBXBuildFile; fileRef = BD4D4515252465720098EE28 /* PanoWbTopView.m */; };
		BD55505826463B6400B6539E /* PanoAnnotationPenView.m in Sources */ = {isa = PBXBuildFile; fileRef = BD55505726463B6400B6539E /* PanoAnnotationPenView.m */; };
		BD55505C26463FAB00B6539E /* UIImage+Extension.m in Sources */ = {isa = PBXBuildFile; fileRef = BD55505B26463FAB00B6539E /* UIImage+Extension.m */; };
		BD5550662646732200B6539E /* TCPopupViewPath.m in Sources */ = {isa = PBXBuildFile; fileRef = BD5550602646732200B6539E /* TCPopupViewPath.m */; };
		BD5550672646732200B6539E /* TCRectConst.m in Sources */ = {isa = PBXBuildFile; fileRef = BD5550612646732200B6539E /* TCRectConst.m */; };
		BD58864225400E0100EF389C /* PanoMenuCell.m in Sources */ = {isa = PBXBuildFile; fileRef = BD58864125400E0100EF389C /* PanoMenuCell.m */; };
		BD58864625400E3500EF389C /* PanoItem.m in Sources */ = {isa = PBXBuildFile; fileRef = BD58864525400E3500EF389C /* PanoItem.m */; };
		BD64B70F251DBBD900DAB342 /* UIColor+Extension.m in Sources */ = {isa = PBXBuildFile; fileRef = BD64B70E251DBBD900DAB342 /* UIColor+Extension.m */; };
		BD64B7852521712F00DAB342 /* PanoBaseView.m in Sources */ = {isa = PBXBuildFile; fileRef = BD64B7842521712F00DAB342 /* PanoBaseView.m */; };
		BD64B788252171D400DAB342 /* PanoBaseService.m in Sources */ = {isa = PBXBuildFile; fileRef = BD64B787252171D400DAB342 /* PanoBaseService.m */; };
		BD64B7DA252353D500DAB342 /* PanoUserInfo.m in Sources */ = {isa = PBXBuildFile; fileRef = BD64B7BC252353D500DAB342 /* PanoUserInfo.m */; };
		BD64B7DB252353D500DAB342 /* PanoViewInstance.m in Sources */ = {isa = PBXBuildFile; fileRef = BD64B7BD252353D500DAB342 /* PanoViewInstance.m */; };
		BD64B7DC252353D500DAB342 /* PanoBaseMediaView.m in Sources */ = {isa = PBXBuildFile; fileRef = BD64B7C0252353D500DAB342 /* PanoBaseMediaView.m */; };
		BD64B7DD252353D500DAB342 /* PanoVideoView.m in Sources */ = {isa = PBXBuildFile; fileRef = BD64B7C1252353D500DAB342 /* PanoVideoView.m */; };
		BD64B7DE252353D500DAB342 /* PanoPoolView.m in Sources */ = {isa = PBXBuildFile; fileRef = BD64B7C5252353D500DAB342 /* PanoPoolView.m */; };
		BD64B7DF252353D500DAB342 /* PanoPoolFullScreenLayout.m in Sources */ = {isa = PBXBuildFile; fileRef = BD64B7C9252353D500DAB342 /* PanoPoolFullScreenLayout.m */; };
		BD64B7E0252353D500DAB342 /* PanoPoolFourAvgLayout.m in Sources */ = {isa = PBXBuildFile; fileRef = BD64B7CB252353D500DAB342 /* PanoPoolFourAvgLayout.m */; };
		BD64B7E1252353D500DAB342 /* PanoPoolFloatLayout.m in Sources */ = {isa = PBXBuildFile; fileRef = BD64B7CD252353D500DAB342 /* PanoPoolFloatLayout.m */; };
		BD64B7E3252353D500DAB342 /* PanoUserService.m in Sources */ = {isa = PBXBuildFile; fileRef = BD64B7D1252353D500DAB342 /* PanoUserService.m */; };
		BD64B7E5252353D500DAB342 /* PanoAudioService.m in Sources */ = {isa = PBXBuildFile; fileRef = BD64B7D4252353D500DAB342 /* PanoAudioService.m */; };
		BD64B7E6252353D500DAB342 /* PanoVideoService.m in Sources */ = {isa = PBXBuildFile; fileRef = BD64B7D8252353D500DAB342 /* PanoVideoService.m */; };
		BD6A6CA3255B87CC00EC6D78 /* PanoLog.m in Sources */ = {isa = PBXBuildFile; fileRef = BD6A6CA2255B87CC00EC6D78 /* PanoLog.m */; };
		BD7C155525661F2800DAC911 /* PanoBaseViewController.m in Sources */ = {isa = PBXBuildFile; fileRef = BD7C155425661F2800DAC911 /* PanoBaseViewController.m */; };
		BD7C15712566812F00DAC911 /* PanoStatisticsViewController.m in Sources */ = {isa = PBXBuildFile; fileRef = BD7C15702566812F00DAC911 /* PanoStatisticsViewController.m */; };
		BD7C1587256BB2C700DAC911 /* PanoStatisticsView.m in Sources */ = {isa = PBXBuildFile; fileRef = BD7C1586256BB2C700DAC911 /* PanoStatisticsView.m */; };
		BD7C158E256DEC4000DAC911 /* PanoOverallHeaderView.m in Sources */ = {isa = PBXBuildFile; fileRef = BD7C158D256DEC3F00DAC911 /* PanoOverallHeaderView.m */; };
		BD8A30182563C5CA00B03474 /* MBProgressHUD+Extension.m in Sources */ = {isa = PBXBuildFile; fileRef = BD8A30172563C5CA00B03474 /* MBProgressHUD+Extension.m */; };
		BD8A30422564FA9400B03474 /* PanoStatisticsService.m in Sources */ = {isa = PBXBuildFile; fileRef = BD8A30412564FA9400B03474 /* PanoStatisticsService.m */; };
		BD8A304825651ACA00B03474 /* PanoNetworkManager.m in Sources */ = {isa = PBXBuildFile; fileRef = BD8A304725651ACA00B03474 /* PanoNetworkManager.m */; };
		BD8F5DA0265E20BB005CCC29 /* UIView+Designable.m in Sources */ = {isa = PBXBuildFile; fileRef = BD8F5D9F265E20BB005CCC29 /* UIView+Designable.m */; };
		BD9889EE2692AFD0000F75DA /* PanoAnnotationTool.m in Sources */ = {isa = PBXBuildFile; fileRef = BD9889ED2692AFCF000F75DA /* PanoAnnotationTool.m */; };
		BD988A9926942B3D000F75DA /* UIImage+IconFont.m in Sources */ = {isa = PBXBuildFile; fileRef = BD988A9726942B3D000F75DA /* UIImage+IconFont.m */; };
		BD988AA326943416000F75DA /* iconfont.ttf in Resources */ = {isa = PBXBuildFile; fileRef = BD988AA126943416000F75DA /* iconfont.ttf */; };
		BDA011D4263A65D700E8EED1 /* PanoNotificationCenter.m in Sources */ = {isa = PBXBuildFile; fileRef = BDA011D3263A65D700E8EED1 /* PanoNotificationCenter.m */; };
		BDB9C5B0279590D800BC45DF /* NSArray+Extension.m in Sources */ = {isa = PBXBuildFile; fileRef = BDB9C5AE279590D800BC45DF /* NSArray+Extension.m */; };
		BDB9C5C02795944000BC45DF /* PanoPoolService.m in Sources */ = {isa = PBXBuildFile; fileRef = BDB9C5B72795944000BC45DF /* PanoPoolService.m */; };
		BDB9C5FF2796A90E00BC45DF /* PanoRtc.framework in Frameworks */ = {isa = PBXBuildFile; fileRef = BDB9C5FE2796A8FB00BC45DF /* PanoRtc.framework */; };
		BDB9C6002796A90E00BC45DF /* PanoRtc.framework in Embed Frameworks */ = {isa = PBXBuildFile; fileRef = BDB9C5FE2796A8FB00BC45DF /* PanoRtc.framework */; settings = {ATTRIBUTES = (CodeSignOnCopy, RemoveHeadersOnCopy, ); }; };
		BDB9C6582797EC0800BC45DF /* NSLayoutConstraint+MASDebugAdditions.m in Sources */ = {isa = PBXBuildFile; fileRef = BDB9C6402797EC0800BC45DF /* NSLayoutConstraint+MASDebugAdditions.m */; };
		BDB9C6592797EC0800BC45DF /* ViewController+MASAdditions.m in Sources */ = {isa = PBXBuildFile; fileRef = BDB9C6492797EC0800BC45DF /* ViewController+MASAdditions.m */; };
		BDB9C65A2797EC0800BC45DF /* MASCompositeConstraint.m in Sources */ = {isa = PBXBuildFile; fileRef = BDB9C64D2797EC0800BC45DF /* MASCompositeConstraint.m */; };
		BDB9C65B2797EC0800BC45DF /* MASConstraintMaker.m in Sources */ = {isa = PBXBuildFile; fileRef = BDB9C64E2797EC0800BC45DF /* MASConstraintMaker.m */; };
		BDB9C65C2797EC0800BC45DF /* MASLayoutConstraint.m in Sources */ = {isa = PBXBuildFile; fileRef = BDB9C64F2797EC0800BC45DF /* MASLayoutConstraint.m */; };
		BDB9C65D2797EC0800BC45DF /* NSArray+MASAdditions.m in Sources */ = {isa = PBXBuildFile; fileRef = BDB9C6502797EC0800BC45DF /* NSArray+MASAdditions.m */; };
		BDB9C65E2797EC0800BC45DF /* View+MASAdditions.m in Sources */ = {isa = PBXBuildFile; fileRef = BDB9C6512797EC0800BC45DF /* View+MASAdditions.m */; };
		BDB9C65F2797EC0800BC45DF /* MASConstraint.m in Sources */ = {isa = PBXBuildFile; fileRef = BDB9C6542797EC0800BC45DF /* MASConstraint.m */; };
		BDB9C6602797EC0800BC45DF /* MASViewConstraint.m in Sources */ = {isa = PBXBuildFile; fileRef = BDB9C6562797EC0800BC45DF /* MASViewConstraint.m */; };
		BDB9C6612797EC0800BC45DF /* MASViewAttribute.m in Sources */ = {isa = PBXBuildFile; fileRef = BDB9C6572797EC0800BC45DF /* MASViewAttribute.m */; };
		BDB9C6672797EC1400BC45DF /* MBProgressHUD.m in Sources */ = {isa = PBXBuildFile; fileRef = BDB9C6632797EC1400BC45DF /* MBProgressHUD.m */; };
		BDBEB43C26562F5C00625B11 /* image.launch2@3x.png in Resources */ = {isa = PBXBuildFile; fileRef = BDBEB43B26562F5C00625B11 /* image.launch2@3x.png */; };
		BDE679EC2576121D00FD24AF /* PanoUserListViewController.m in Sources */ = {isa = PBXBuildFile; fileRef = BDE679EB2576121D00FD24AF /* PanoUserListViewController.m */; };
		BDE679F02576232400FD24AF /* PanoUserCell.m in Sources */ = {isa = PBXBuildFile; fileRef = BDE679EF2576232400FD24AF /* PanoUserCell.m */; };
		BDE679F3257627AA00FD24AF /* PanoAvatorUtil.m in Sources */ = {isa = PBXBuildFile; fileRef = BDE679F2257627AA00FD24AF /* PanoAvatorUtil.m */; };
		BDE679F62577C5A700FD24AF /* NSURL+Extension.m in Sources */ = {isa = PBXBuildFile; fileRef = BDE679F52577C5A600FD24AF /* NSURL+Extension.m */; };
		BDE8AD3A25FB6AC400B1026E /* PanoAnnotationToolView.m in Sources */ = {isa = PBXBuildFile; fileRef = BDE8AD3925FB6AC400B1026E /* PanoAnnotationToolView.m */; };
		BDE8AD3D25FB6E6D00B1026E /* PanoAction.m in Sources */ = {isa = PBXBuildFile; fileRef = BDE8AD3C25FB6E6D00B1026E /* PanoAction.m */; };
		BDE8AD4325FF4E4100B1026E /* PanoAnnotationService.m in Sources */ = {isa = PBXBuildFile; fileRef = BDE8AD4225FF4E4100B1026E /* PanoAnnotationService.m */; };
		BDEC6FA32631631600E34765 /* PanoBroadcastButton.m in Sources */ = {isa = PBXBuildFile; fileRef = BDEC6FA22631631600E34765 /* PanoBroadcastButton.m */; };
		BDEEEEAE253D4192005EE09B /* PanoWhiteboardService.m in Sources */ = {isa = PBXBuildFile; fileRef = BDEEEEAD253D4192005EE09B /* PanoWhiteboardService.m */; };
		BDEEEEB4253DA469005EE09B /* PanoArrayDataSource.m in Sources */ = {isa = PBXBuildFile; fileRef = BDEEEEB3253DA469005EE09B /* PanoArrayDataSource.m */; };
		BDFEF2FC26957A02005E6A6C /* PanoConfig.m in Sources */ = {isa = PBXBuildFile; fileRef = BDFEF2FB26957A02005E6A6C /* PanoConfig.m */; };
/* End PBXBuildFile section */

/* Begin PBXCopyFilesBuildPhase section */
		BDB9C5FA2796A72200BC45DF /* Embed Frameworks */ = {
			isa = PBXCopyFilesBuildPhase;
			buildActionMask = 2147483647;
			dstPath = "";
			dstSubfolderSpec = 10;
			files = (
				BDB9C6002796A90E00BC45DF /* PanoRtc.framework in Embed Frameworks */,
			);
			name = "Embed Frameworks";
			runOnlyForDeploymentPostprocessing = 0;
		};
/* End PBXCopyFilesBuildPhase section */

/* Begin PBXFileReference section */
		5711DC16244018C400A32DBC /* zh-Hans */ = {isa = PBXFileReference; lastKnownFileType = text.plist.strings; name = "zh-Hans"; path = "zh-Hans.lproj/Main.strings"; sourceTree = "<group>"; };
		572A0B0F2436E8D60003C457 /* zh-Hans */ = {isa = PBXFileReference; lastKnownFileType = text.plist.strings; name = "zh-Hans"; path = "zh-Hans.lproj/Localizable.strings"; sourceTree = "<group>"; };
		572A0B12243715600003C457 /* SettingTableViewController.h */ = {isa = PBXFileReference; lastKnownFileType = sourcecode.c.h; path = SettingTableViewController.h; sourceTree = "<group>"; };
		572A0B13243715600003C457 /* SettingTableViewController.m */ = {isa = PBXFileReference; lastKnownFileType = sourcecode.c.objc; path = SettingTableViewController.m; sourceTree = "<group>"; };
		5752F3E92437653400CAEA64 /* BeautifyTableViewController.h */ = {isa = PBXFileReference; lastKnownFileType = sourcecode.c.h; path = BeautifyTableViewController.h; sourceTree = "<group>"; };
		5752F3EA2437653400CAEA64 /* BeautifyTableViewController.m */ = {isa = PBXFileReference; lastKnownFileType = sourcecode.c.objc; path = BeautifyTableViewController.m; sourceTree = "<group>"; };
		575943D2243D7B7F00266F59 /* FeedbackViewController.h */ = {isa = PBXFileReference; lastKnownFileType = sourcecode.c.h; path = FeedbackViewController.h; sourceTree = "<group>"; };
		575943D3243D7B7F00266F59 /* FeedbackViewController.m */ = {isa = PBXFileReference; lastKnownFileType = sourcecode.c.objc; path = FeedbackViewController.m; sourceTree = "<group>"; };
		575943D5243D811100266F59 /* PanoCallClient.h */ = {isa = PBXFileReference; lastKnownFileType = sourcecode.c.h; path = PanoCallClient.h; sourceTree = "<group>"; };
		575943D6243D811100266F59 /* PanoCallClient.m */ = {isa = PBXFileReference; lastKnownFileType = sourcecode.c.objc; path = PanoCallClient.m; sourceTree = "<group>"; };
		57A7E64B2466B2FD002A04F1 /* en */ = {isa = PBXFileReference; lastKnownFileType = text.plist.strings; name = en; path = en.lproj/Main.strings; sourceTree = "<group>"; };
		57A7E64C2466B3CB002A04F1 /* en */ = {isa = PBXFileReference; lastKnownFileType = text.plist.strings; name = en; path = en.lproj/Localizable.strings; sourceTree = "<group>"; };
		57A7E64D2466B3D7002A04F1 /* en */ = {isa = PBXFileReference; lastKnownFileType = text.plist.strings; name = en; path = en.lproj/InfoPlist.strings; sourceTree = "<group>"; };
		57C6E4952434780200ADF2CB /* PanoVideoCall.app */ = {isa = PBXFileReference; explicitFileType = wrapper.application; includeInIndex = 0; path = PanoVideoCall.app; sourceTree = BUILT_PRODUCTS_DIR; };
		57C6E4982434780200ADF2CB /* AppDelegate.h */ = {isa = PBXFileReference; lastKnownFileType = sourcecode.c.h; path = AppDelegate.h; sourceTree = "<group>"; };
		57C6E4992434780200ADF2CB /* AppDelegate.m */ = {isa = PBXFileReference; lastKnownFileType = sourcecode.c.objc; path = AppDelegate.m; sourceTree = "<group>"; };
		57C6E49B2434780200ADF2CB /* SceneDelegate.h */ = {isa = PBXFileReference; lastKnownFileType = sourcecode.c.h; path = SceneDelegate.h; sourceTree = "<group>"; };
		57C6E49C2434780200ADF2CB /* SceneDelegate.m */ = {isa = PBXFileReference; lastKnownFileType = sourcecode.c.objc; path = SceneDelegate.m; sourceTree = "<group>"; };
		57C6E4A22434780200ADF2CB /* Base */ = {isa = PBXFileReference; lastKnownFileType = file.storyboard; name = Base; path = Base.lproj/Main.storyboard; sourceTree = "<group>"; };
		57C6E4A42434780500ADF2CB /* Assets.xcassets */ = {isa = PBXFileReference; lastKnownFileType = folder.assetcatalog; path = Assets.xcassets; sourceTree = "<group>"; };
		57C6E4A72434780500ADF2CB /* Base */ = {isa = PBXFileReference; lastKnownFileType = file.storyboard; name = Base; path = Base.lproj/LaunchScreen.storyboard; sourceTree = "<group>"; };
		57C6E4A92434780500ADF2CB /* Info.plist */ = {isa = PBXFileReference; lastKnownFileType = text.plist.xml; path = Info.plist; sourceTree = "<group>"; };
		57C6E4AA2434780500ADF2CB /* main.m */ = {isa = PBXFileReference; lastKnownFileType = sourcecode.c.objc; path = main.m; sourceTree = "<group>"; };
		57C6E4BC2434A4C400ADF2CB /* WhiteboardViewController.h */ = {isa = PBXFileReference; fileEncoding = 4; lastKnownFileType = sourcecode.c.h; path = WhiteboardViewController.h; sourceTree = "<group>"; };
		57C6E4BD2434A4C400ADF2CB /* JoinViewController.h */ = {isa = PBXFileReference; fileEncoding = 4; lastKnownFileType = sourcecode.c.h; path = JoinViewController.h; sourceTree = "<group>"; };
		57C6E4BF2434A4C400ADF2CB /* JoinViewController.m */ = {isa = PBXFileReference; fileEncoding = 4; lastKnownFileType = sourcecode.c.objc; path = JoinViewController.m; sourceTree = "<group>"; };
		57C6E4C02434A4C400ADF2CB /* CallViewController.m */ = {isa = PBXFileReference; fileEncoding = 4; lastKnownFileType = sourcecode.c.objc; path = CallViewController.m; sourceTree = "<group>"; };
		57C6E4C12434A4C400ADF2CB /* CallViewController.h */ = {isa = PBXFileReference; fileEncoding = 4; lastKnownFileType = sourcecode.c.h; path = CallViewController.h; sourceTree = "<group>"; };
		57C6E4C22434A4C400ADF2CB /* WhiteboardViewController.m */ = {isa = PBXFileReference; fileEncoding = 4; lastKnownFileType = sourcecode.c.objc; path = WhiteboardViewController.m; sourceTree = "<group>"; };
		57E4F330244A18170004A856 /* zh-Hans */ = {isa = PBXFileReference; lastKnownFileType = text.plist.strings; name = "zh-Hans"; path = "zh-Hans.lproj/InfoPlist.strings"; sourceTree = "<group>"; };
		57FC408A243769B500508035 /* WebViewController.h */ = {isa = PBXFileReference; lastKnownFileType = sourcecode.c.h; path = WebViewController.h; sourceTree = "<group>"; };
		57FC408B243769B500508035 /* WebViewController.m */ = {isa = PBXFileReference; lastKnownFileType = sourcecode.c.objc; path = WebViewController.m; sourceTree = "<group>"; };
		BA36C87B17B1606423CEB47B /* libPods-PanoVideoCall.a */ = {isa = PBXFileReference; explicitFileType = archive.ar; includeInIndex = 0; path = "libPods-PanoVideoCall.a"; sourceTree = BUILT_PRODUCTS_DIR; };
		BD0C24DC256F44E7001FDA58 /* Reachability.h */ = {isa = PBXFileReference; fileEncoding = 4; lastKnownFileType = sourcecode.c.h; path = Reachability.h; sourceTree = "<group>"; };
		BD0C24DD256F44E7001FDA58 /* Reachability.m */ = {isa = PBXFileReference; fileEncoding = 4; lastKnownFileType = sourcecode.c.objc; path = Reachability.m; sourceTree = "<group>"; };
		BD1ABD76253050F800973819 /* PanoPoolLayout.h */ = {isa = PBXFileReference; lastKnownFileType = sourcecode.c.h; path = PanoPoolLayout.h; sourceTree = "<group>"; };
		BD1ABD77253050F800973819 /* PanoPoolLayout.m */ = {isa = PBXFileReference; lastKnownFileType = sourcecode.c.objc; path = PanoPoolLayout.m; sourceTree = "<group>"; };
		BD1ABD79253055E100973819 /* UIView+Extension.h */ = {isa = PBXFileReference; lastKnownFileType = sourcecode.c.h; path = "UIView+Extension.h"; sourceTree = "<group>"; };
		BD1ABD7A253055E100973819 /* UIView+Extension.m */ = {isa = PBXFileReference; lastKnownFileType = sourcecode.c.objc; path = "UIView+Extension.m"; sourceTree = "<group>"; };
		BD1ABDAA2531BC2100973819 /* PanoDesktopService.h */ = {isa = PBXFileReference; lastKnownFileType = sourcecode.c.h; path = PanoDesktopService.h; sourceTree = "<group>"; };
		BD1ABDAB2531BC2100973819 /* PanoDesktopService.m */ = {isa = PBXFileReference; lastKnownFileType = sourcecode.c.objc; path = PanoDesktopService.m; sourceTree = "<group>"; };
		BD3DC4272611729300BF844D /* PanoRtcService.h */ = {isa = PBXFileReference; lastKnownFileType = sourcecode.c.h; path = PanoRtcService.h; sourceTree = "<group>"; };
		BD3DC4282611729300BF844D /* PanoRtcService.m */ = {isa = PBXFileReference; lastKnownFileType = sourcecode.c.objc; path = PanoRtcService.m; sourceTree = "<group>"; };
		BD3DC42A26117AD000BF844D /* PanoFeedAudioController.h */ = {isa = PBXFileReference; lastKnownFileType = sourcecode.c.h; path = PanoFeedAudioController.h; sourceTree = "<group>"; };
		BD3DC42B26117AD000BF844D /* PanoFeedAudioController.m */ = {isa = PBXFileReference; lastKnownFileType = sourcecode.c.objc; path = PanoFeedAudioController.m; sourceTree = "<group>"; };
		BD43D61E25381DC700FDA5F5 /* PanoMulticastDelegate.h */ = {isa = PBXFileReference; lastKnownFileType = sourcecode.c.h; path = PanoMulticastDelegate.h; sourceTree = "<group>"; };
		BD43D61F25381DC700FDA5F5 /* PanoMulticastDelegate.m */ = {isa = PBXFileReference; lastKnownFileType = sourcecode.c.objc; path = PanoMulticastDelegate.m; sourceTree = "<group>"; };
		BD451C0B255D18B60034376E /* SystemConfiguration.framework */ = {isa = PBXFileReference; lastKnownFileType = wrapper.framework; name = SystemConfiguration.framework; path = System/Library/Frameworks/SystemConfiguration.framework; sourceTree = SDKROOT; };
		BD451C0D255D18C20034376E /* Security.framework */ = {isa = PBXFileReference; lastKnownFileType = wrapper.framework; name = Security.framework; path = System/Library/Frameworks/Security.framework; sourceTree = SDKROOT; };
		BD451C0F255D18CD0034376E /* libz.tbd */ = {isa = PBXFileReference; lastKnownFileType = "sourcecode.text-based-dylib-definition"; name = libz.tbd; path = usr/lib/libz.tbd; sourceTree = SDKROOT; };
		BD451C11255D18E00034376E /* libc++.tbd */ = {isa = PBXFileReference; lastKnownFileType = "sourcecode.text-based-dylib-definition"; name = "libc++.tbd"; path = "usr/lib/libc++.tbd"; sourceTree = SDKROOT; };
		BD4BB41725418B9400C81A6E /* PanoEmptyView.h */ = {isa = PBXFileReference; lastKnownFileType = sourcecode.c.h; path = PanoEmptyView.h; sourceTree = "<group>"; };
		BD4BB41825418B9400C81A6E /* PanoEmptyView.m */ = {isa = PBXFileReference; lastKnownFileType = sourcecode.c.objc; path = PanoEmptyView.m; sourceTree = "<group>"; };
		BD4D450E252462220098EE28 /* PanoDesktopView.h */ = {isa = PBXFileReference; lastKnownFileType = sourcecode.c.h; path = PanoDesktopView.h; sourceTree = "<group>"; };
		BD4D450F252462220098EE28 /* PanoDesktopView.m */ = {isa = PBXFileReference; lastKnownFileType = sourcecode.c.objc; path = PanoDesktopView.m; sourceTree = "<group>"; };
		BD4D4511252462370098EE28 /* PanoWhiteBoradView.h */ = {isa = PBXFileReference; lastKnownFileType = sourcecode.c.h; path = PanoWhiteBoradView.h; sourceTree = "<group>"; };
		BD4D4512252462370098EE28 /* PanoWhiteBoradView.m */ = {isa = PBXFileReference; lastKnownFileType = sourcecode.c.objc; path = PanoWhiteBoradView.m; sourceTree = "<group>"; };
		BD4D4514252465720098EE28 /* PanoWbTopView.h */ = {isa = PBXFileReference; lastKnownFileType = sourcecode.c.h; path = PanoWbTopView.h; sourceTree = "<group>"; };
		BD4D4515252465720098EE28 /* PanoWbTopView.m */ = {isa = PBXFileReference; lastKnownFileType = sourcecode.c.objc; path = PanoWbTopView.m; sourceTree = "<group>"; };
		BD55505626463B6400B6539E /* PanoAnnotationPenView.h */ = {isa = PBXFileReference; lastKnownFileType = sourcecode.c.h; path = PanoAnnotationPenView.h; sourceTree = "<group>"; };
		BD55505726463B6400B6539E /* PanoAnnotationPenView.m */ = {isa = PBXFileReference; lastKnownFileType = sourcecode.c.objc; path = PanoAnnotationPenView.m; sourceTree = "<group>"; };
		BD55505A26463FAB00B6539E /* UIImage+Extension.h */ = {isa = PBXFileReference; lastKnownFileType = sourcecode.c.h; path = "UIImage+Extension.h"; sourceTree = "<group>"; };
		BD55505B26463FAB00B6539E /* UIImage+Extension.m */ = {isa = PBXFileReference; lastKnownFileType = sourcecode.c.objc; path = "UIImage+Extension.m"; sourceTree = "<group>"; };
		BD5550602646732200B6539E /* TCPopupViewPath.m */ = {isa = PBXFileReference; fileEncoding = 4; lastKnownFileType = sourcecode.c.objc; path = TCPopupViewPath.m; sourceTree = "<group>"; };
		BD5550612646732200B6539E /* TCRectConst.m */ = {isa = PBXFileReference; fileEncoding = 4; lastKnownFileType = sourcecode.c.objc; path = TCRectConst.m; sourceTree = "<group>"; };
		BD5550632646732200B6539E /* TCPopupViewPath.h */ = {isa = PBXFileReference; fileEncoding = 4; lastKnownFileType = sourcecode.c.h; path = TCPopupViewPath.h; sourceTree = "<group>"; };
		BD5550642646732200B6539E /* TCRectConst.h */ = {isa = PBXFileReference; fileEncoding = 4; lastKnownFileType = sourcecode.c.h; path = TCRectConst.h; sourceTree = "<group>"; };
		BD58864025400E0100EF389C /* PanoMenuCell.h */ = {isa = PBXFileReference; fileEncoding = 4; lastKnownFileType = sourcecode.c.h; path = PanoMenuCell.h; sourceTree = "<group>"; };
		BD58864125400E0100EF389C /* PanoMenuCell.m */ = {isa = PBXFileReference; fileEncoding = 4; lastKnownFileType = sourcecode.c.objc; path = PanoMenuCell.m; sourceTree = "<group>"; };
		BD58864325400E3500EF389C /* PanoItem.h */ = {isa = PBXFileReference; fileEncoding = 4; lastKnownFileType = sourcecode.c.h; path = PanoItem.h; sourceTree = "<group>"; };
		BD58864425400E3500EF389C /* PanoItemDelegate.h */ = {isa = PBXFileReference; fileEncoding = 4; lastKnownFileType = sourcecode.c.h; path = PanoItemDelegate.h; sourceTree = "<group>"; };
		BD58864525400E3500EF389C /* PanoItem.m */ = {isa = PBXFileReference; fileEncoding = 4; lastKnownFileType = sourcecode.c.objc; path = PanoItem.m; sourceTree = "<group>"; };
		BD64B70D251DBBD900DAB342 /* UIColor+Extension.h */ = {isa = PBXFileReference; lastKnownFileType = sourcecode.c.h; path = "UIColor+Extension.h"; sourceTree = "<group>"; };
		BD64B70E251DBBD900DAB342 /* UIColor+Extension.m */ = {isa = PBXFileReference; lastKnownFileType = sourcecode.c.objc; path = "UIColor+Extension.m"; sourceTree = "<group>"; };
		BD64B7832521712F00DAB342 /* PanoBaseView.h */ = {isa = PBXFileReference; lastKnownFileType = sourcecode.c.h; path = PanoBaseView.h; sourceTree = "<group>"; };
		BD64B7842521712F00DAB342 /* PanoBaseView.m */ = {isa = PBXFileReference; lastKnownFileType = sourcecode.c.objc; path = PanoBaseView.m; sourceTree = "<group>"; };
		BD64B786252171D400DAB342 /* PanoBaseService.h */ = {isa = PBXFileReference; lastKnownFileType = sourcecode.c.h; path = PanoBaseService.h; sourceTree = "<group>"; };
		BD64B787252171D400DAB342 /* PanoBaseService.m */ = {isa = PBXFileReference; lastKnownFileType = sourcecode.c.objc; path = PanoBaseService.m; sourceTree = "<group>"; };
		BD64B7B02521BB4100DAB342 /* PanoDefine.h */ = {isa = PBXFileReference; lastKnownFileType = sourcecode.c.h; path = PanoDefine.h; sourceTree = "<group>"; };
		BD64B7BB252353D500DAB342 /* PanoViewInstance.h */ = {isa = PBXFileReference; fileEncoding = 4; lastKnownFileType = sourcecode.c.h; path = PanoViewInstance.h; sourceTree = "<group>"; };
		BD64B7BC252353D500DAB342 /* PanoUserInfo.m */ = {isa = PBXFileReference; fileEncoding = 4; lastKnownFileType = sourcecode.c.objc; path = PanoUserInfo.m; sourceTree = "<group>"; };
		BD64B7BD252353D500DAB342 /* PanoViewInstance.m */ = {isa = PBXFileReference; fileEncoding = 4; lastKnownFileType = sourcecode.c.objc; path = PanoViewInstance.m; sourceTree = "<group>"; };
		BD64B7BE252353D500DAB342 /* PanoUserInfo.h */ = {isa = PBXFileReference; fileEncoding = 4; lastKnownFileType = sourcecode.c.h; path = PanoUserInfo.h; sourceTree = "<group>"; };
		BD64B7C0252353D500DAB342 /* PanoBaseMediaView.m */ = {isa = PBXFileReference; fileEncoding = 4; lastKnownFileType = sourcecode.c.objc; path = PanoBaseMediaView.m; sourceTree = "<group>"; };
		BD64B7C1252353D500DAB342 /* PanoVideoView.m */ = {isa = PBXFileReference; fileEncoding = 4; lastKnownFileType = sourcecode.c.objc; path = PanoVideoView.m; sourceTree = "<group>"; };
		BD64B7C2252353D500DAB342 /* PanoBaseMediaView.h */ = {isa = PBXFileReference; fileEncoding = 4; lastKnownFileType = sourcecode.c.h; path = PanoBaseMediaView.h; sourceTree = "<group>"; };
		BD64B7C3252353D500DAB342 /* PanoVideoView.h */ = {isa = PBXFileReference; fileEncoding = 4; lastKnownFileType = sourcecode.c.h; path = PanoVideoView.h; sourceTree = "<group>"; };
		BD64B7C5252353D500DAB342 /* PanoPoolView.m */ = {isa = PBXFileReference; fileEncoding = 4; lastKnownFileType = sourcecode.c.objc; path = PanoPoolView.m; sourceTree = "<group>"; };
		BD64B7C6252353D500DAB342 /* PanoPoolView.h */ = {isa = PBXFileReference; fileEncoding = 4; lastKnownFileType = sourcecode.c.h; path = PanoPoolView.h; sourceTree = "<group>"; };
		BD64B7C8252353D500DAB342 /* PanoPoolFourAvgLayout.h */ = {isa = PBXFileReference; fileEncoding = 4; lastKnownFileType = sourcecode.c.h; path = PanoPoolFourAvgLayout.h; sourceTree = "<group>"; };
		BD64B7C9252353D500DAB342 /* PanoPoolFullScreenLayout.m */ = {isa = PBXFileReference; fileEncoding = 4; lastKnownFileType = sourcecode.c.objc; path = PanoPoolFullScreenLayout.m; sourceTree = "<group>"; };
		BD64B7CA252353D500DAB342 /* PanoPoolFloatLayout.h */ = {isa = PBXFileReference; fileEncoding = 4; lastKnownFileType = sourcecode.c.h; path = PanoPoolFloatLayout.h; sourceTree = "<group>"; };
		BD64B7CB252353D500DAB342 /* PanoPoolFourAvgLayout.m */ = {isa = PBXFileReference; fileEncoding = 4; lastKnownFileType = sourcecode.c.objc; path = PanoPoolFourAvgLayout.m; sourceTree = "<group>"; };
		BD64B7CC252353D500DAB342 /* PanoPoolLayoutDelegate.h */ = {isa = PBXFileReference; fileEncoding = 4; lastKnownFileType = sourcecode.c.h; path = PanoPoolLayoutDelegate.h; sourceTree = "<group>"; };
		BD64B7CD252353D500DAB342 /* PanoPoolFloatLayout.m */ = {isa = PBXFileReference; fileEncoding = 4; lastKnownFileType = sourcecode.c.objc; path = PanoPoolFloatLayout.m; sourceTree = "<group>"; };
		BD64B7CE252353D500DAB342 /* PanoPoolFullScreenLayout.h */ = {isa = PBXFileReference; fileEncoding = 4; lastKnownFileType = sourcecode.c.h; path = PanoPoolFullScreenLayout.h; sourceTree = "<group>"; };
		BD64B7D1252353D500DAB342 /* PanoUserService.m */ = {isa = PBXFileReference; fileEncoding = 4; lastKnownFileType = sourcecode.c.objc; path = PanoUserService.m; sourceTree = "<group>"; };
		BD64B7D3252353D500DAB342 /* PanoVideoService.h */ = {isa = PBXFileReference; fileEncoding = 4; lastKnownFileType = sourcecode.c.h; path = PanoVideoService.h; sourceTree = "<group>"; };
		BD64B7D4252353D500DAB342 /* PanoAudioService.m */ = {isa = PBXFileReference; fileEncoding = 4; lastKnownFileType = sourcecode.c.objc; path = PanoAudioService.m; sourceTree = "<group>"; };
		BD64B7D7252353D500DAB342 /* PanoUserService.h */ = {isa = PBXFileReference; fileEncoding = 4; lastKnownFileType = sourcecode.c.h; path = PanoUserService.h; sourceTree = "<group>"; };
		BD64B7D8252353D500DAB342 /* PanoVideoService.m */ = {isa = PBXFileReference; fileEncoding = 4; lastKnownFileType = sourcecode.c.objc; path = PanoVideoService.m; sourceTree = "<group>"; };
		BD64B7D9252353D500DAB342 /* PanoAudioService.h */ = {isa = PBXFileReference; fileEncoding = 4; lastKnownFileType = sourcecode.c.h; path = PanoAudioService.h; sourceTree = "<group>"; };
		BD64B7E72523568200DAB342 /* PanoPoolProtocols.h */ = {isa = PBXFileReference; lastKnownFileType = sourcecode.c.h; path = PanoPoolProtocols.h; sourceTree = "<group>"; };
		BD6A6CA1255B87CC00EC6D78 /* PanoLog.h */ = {isa = PBXFileReference; fileEncoding = 4; lastKnownFileType = sourcecode.c.h; path = PanoLog.h; sourceTree = "<group>"; };
		BD6A6CA2255B87CC00EC6D78 /* PanoLog.m */ = {isa = PBXFileReference; fileEncoding = 4; lastKnownFileType = sourcecode.c.objc; path = PanoLog.m; sourceTree = "<group>"; };
		BD7C155325661F2800DAC911 /* PanoBaseViewController.h */ = {isa = PBXFileReference; lastKnownFileType = sourcecode.c.h; path = PanoBaseViewController.h; sourceTree = "<group>"; };
		BD7C155425661F2800DAC911 /* PanoBaseViewController.m */ = {isa = PBXFileReference; lastKnownFileType = sourcecode.c.objc; path = PanoBaseViewController.m; sourceTree = "<group>"; };
		BD7C156F2566812F00DAC911 /* PanoStatisticsViewController.h */ = {isa = PBXFileReference; lastKnownFileType = sourcecode.c.h; path = PanoStatisticsViewController.h; sourceTree = "<group>"; };
		BD7C15702566812F00DAC911 /* PanoStatisticsViewController.m */ = {isa = PBXFileReference; lastKnownFileType = sourcecode.c.objc; path = PanoStatisticsViewController.m; sourceTree = "<group>"; };
		BD7C1585256BB2C700DAC911 /* PanoStatisticsView.h */ = {isa = PBXFileReference; lastKnownFileType = sourcecode.c.h; path = PanoStatisticsView.h; sourceTree = "<group>"; };
		BD7C1586256BB2C700DAC911 /* PanoStatisticsView.m */ = {isa = PBXFileReference; lastKnownFileType = sourcecode.c.objc; path = PanoStatisticsView.m; sourceTree = "<group>"; };
		BD7C158C256DEC3F00DAC911 /* PanoOverallHeaderView.h */ = {isa = PBXFileReference; lastKnownFileType = sourcecode.c.h; path = PanoOverallHeaderView.h; sourceTree = "<group>"; };
		BD7C158D256DEC3F00DAC911 /* PanoOverallHeaderView.m */ = {isa = PBXFileReference; lastKnownFileType = sourcecode.c.objc; path = PanoOverallHeaderView.m; sourceTree = "<group>"; };
		BD8A30162563C5CA00B03474 /* MBProgressHUD+Extension.h */ = {isa = PBXFileReference; lastKnownFileType = sourcecode.c.h; path = "MBProgressHUD+Extension.h"; sourceTree = "<group>"; };
		BD8A30172563C5CA00B03474 /* MBProgressHUD+Extension.m */ = {isa = PBXFileReference; lastKnownFileType = sourcecode.c.objc; path = "MBProgressHUD+Extension.m"; sourceTree = "<group>"; };
		BD8A30402564FA9400B03474 /* PanoStatisticsService.h */ = {isa = PBXFileReference; lastKnownFileType = sourcecode.c.h; path = PanoStatisticsService.h; sourceTree = "<group>"; };
		BD8A30412564FA9400B03474 /* PanoStatisticsService.m */ = {isa = PBXFileReference; lastKnownFileType = sourcecode.c.objc; path = PanoStatisticsService.m; sourceTree = "<group>"; };
		BD8A304625651ACA00B03474 /* PanoNetworkManager.h */ = {isa = PBXFileReference; lastKnownFileType = sourcecode.c.h; path = PanoNetworkManager.h; sourceTree = "<group>"; };
		BD8A304725651ACA00B03474 /* PanoNetworkManager.m */ = {isa = PBXFileReference; lastKnownFileType = sourcecode.c.objc; path = PanoNetworkManager.m; sourceTree = "<group>"; };
		BD8F5D9E265E20BB005CCC29 /* UIView+Designable.h */ = {isa = PBXFileReference; lastKnownFileType = sourcecode.c.h; path = "UIView+Designable.h"; sourceTree = "<group>"; };
		BD8F5D9F265E20BB005CCC29 /* UIView+Designable.m */ = {isa = PBXFileReference; lastKnownFileType = sourcecode.c.objc; path = "UIView+Designable.m"; sourceTree = "<group>"; };
		BD9889EC2692AFCF000F75DA /* PanoAnnotationTool.h */ = {isa = PBXFileReference; lastKnownFileType = sourcecode.c.h; path = PanoAnnotationTool.h; sourceTree = "<group>"; };
		BD9889ED2692AFCF000F75DA /* PanoAnnotationTool.m */ = {isa = PBXFileReference; lastKnownFileType = sourcecode.c.objc; path = PanoAnnotationTool.m; sourceTree = "<group>"; };
		BD988A9726942B3D000F75DA /* UIImage+IconFont.m */ = {isa = PBXFileReference; fileEncoding = 4; lastKnownFileType = sourcecode.c.objc; path = "UIImage+IconFont.m"; sourceTree = "<group>"; };
		BD988A9826942B3D000F75DA /* UIImage+IconFont.h */ = {isa = PBXFileReference; fileEncoding = 4; lastKnownFileType = sourcecode.c.h; path = "UIImage+IconFont.h"; sourceTree = "<group>"; };
		BD988AA126943416000F75DA /* iconfont.ttf */ = {isa = PBXFileReference; lastKnownFileType = file; path = iconfont.ttf; sourceTree = "<group>"; };
		BD988AA226943416000F75DA /* demo_index.html */ = {isa = PBXFileReference; fileEncoding = 4; lastKnownFileType = text.html; path = demo_index.html; sourceTree = "<group>"; };
		BDA011D2263A65D700E8EED1 /* PanoNotificationCenter.h */ = {isa = PBXFileReference; lastKnownFileType = sourcecode.c.h; path = PanoNotificationCenter.h; sourceTree = "<group>"; };
		BDA011D3263A65D700E8EED1 /* PanoNotificationCenter.m */ = {isa = PBXFileReference; lastKnownFileType = sourcecode.c.objc; path = PanoNotificationCenter.m; sourceTree = "<group>"; };
		BDB9C5AE279590D800BC45DF /* NSArray+Extension.m */ = {isa = PBXFileReference; fileEncoding = 4; lastKnownFileType = sourcecode.c.objc; path = "NSArray+Extension.m"; sourceTree = "<group>"; };
		BDB9C5AF279590D800BC45DF /* NSArray+Extension.h */ = {isa = PBXFileReference; fileEncoding = 4; lastKnownFileType = sourcecode.c.h; path = "NSArray+Extension.h"; sourceTree = "<group>"; };
		BDB9C5B72795944000BC45DF /* PanoPoolService.m */ = {isa = PBXFileReference; fileEncoding = 4; lastKnownFileType = sourcecode.c.objc; path = PanoPoolService.m; sourceTree = "<group>"; };
		BDB9C5BC2795944000BC45DF /* PanoPoolService.h */ = {isa = PBXFileReference; fileEncoding = 4; lastKnownFileType = sourcecode.c.h; path = PanoPoolService.h; sourceTree = "<group>"; };
		BDB9C5FE2796A8FB00BC45DF /* PanoRtc.framework */ = {isa = PBXFileReference; lastKnownFileType = wrapper.framework; name = PanoRtc.framework; path = ../SDK/PanoRtc.framework; sourceTree = "<group>"; };
		BDB9C63F2797EC0800BC45DF /* MASCompositeConstraint.h */ = {isa = PBXFileReference; fileEncoding = 4; lastKnownFileType = sourcecode.c.h; path = MASCompositeConstraint.h; sourceTree = "<group>"; };
		BDB9C6402797EC0800BC45DF /* NSLayoutConstraint+MASDebugAdditions.m */ = {isa = PBXFileReference; fileEncoding = 4; lastKnownFileType = sourcecode.c.objc; path = "NSLayoutConstraint+MASDebugAdditions.m"; sourceTree = "<group>"; };
		BDB9C6412797EC0800BC45DF /* MASConstraint+Private.h */ = {isa = PBXFileReference; fileEncoding = 4; lastKnownFileType = sourcecode.c.h; path = "MASConstraint+Private.h"; sourceTree = "<group>"; };
		BDB9C6422797EC0800BC45DF /* MASLayoutConstraint.h */ = {isa = PBXFileReference; fileEncoding = 4; lastKnownFileType = sourcecode.c.h; path = MASLayoutConstraint.h; sourceTree = "<group>"; };
		BDB9C6432797EC0800BC45DF /* NSArray+MASShorthandAdditions.h */ = {isa = PBXFileReference; fileEncoding = 4; lastKnownFileType = sourcecode.c.h; path = "NSArray+MASShorthandAdditions.h"; sourceTree = "<group>"; };
		BDB9C6442797EC0800BC45DF /* MASConstraintMaker.h */ = {isa = PBXFileReference; fileEncoding = 4; lastKnownFileType = sourcecode.c.h; path = MASConstraintMaker.h; sourceTree = "<group>"; };
		BDB9C6452797EC0800BC45DF /* View+MASAdditions.h */ = {isa = PBXFileReference; fileEncoding = 4; lastKnownFileType = sourcecode.c.h; path = "View+MASAdditions.h"; sourceTree = "<group>"; };
		BDB9C6462797EC0800BC45DF /* NSArray+MASAdditions.h */ = {isa = PBXFileReference; fileEncoding = 4; lastKnownFileType = sourcecode.c.h; path = "NSArray+MASAdditions.h"; sourceTree = "<group>"; };
		BDB9C6472797EC0800BC45DF /* MASUtilities.h */ = {isa = PBXFileReference; fileEncoding = 4; lastKnownFileType = sourcecode.c.h; path = MASUtilities.h; sourceTree = "<group>"; };
		BDB9C6482797EC0800BC45DF /* MASViewAttribute.h */ = {isa = PBXFileReference; fileEncoding = 4; lastKnownFileType = sourcecode.c.h; path = MASViewAttribute.h; sourceTree = "<group>"; };
		BDB9C6492797EC0800BC45DF /* ViewController+MASAdditions.m */ = {isa = PBXFileReference; fileEncoding = 4; lastKnownFileType = sourcecode.c.objc; path = "ViewController+MASAdditions.m"; sourceTree = "<group>"; };
		BDB9C64A2797EC0800BC45DF /* MASViewConstraint.h */ = {isa = PBXFileReference; fileEncoding = 4; lastKnownFileType = sourcecode.c.h; path = MASViewConstraint.h; sourceTree = "<group>"; };
		BDB9C64B2797EC0800BC45DF /* MASConstraint.h */ = {isa = PBXFileReference; fileEncoding = 4; lastKnownFileType = sourcecode.c.h; path = MASConstraint.h; sourceTree = "<group>"; };
		BDB9C64C2797EC0800BC45DF /* NSLayoutConstraint+MASDebugAdditions.h */ = {isa = PBXFileReference; fileEncoding = 4; lastKnownFileType = sourcecode.c.h; path = "NSLayoutConstraint+MASDebugAdditions.h"; sourceTree = "<group>"; };
		BDB9C64D2797EC0800BC45DF /* MASCompositeConstraint.m */ = {isa = PBXFileReference; fileEncoding = 4; lastKnownFileType = sourcecode.c.objc; path = MASCompositeConstraint.m; sourceTree = "<group>"; };
		BDB9C64E2797EC0800BC45DF /* MASConstraintMaker.m */ = {isa = PBXFileReference; fileEncoding = 4; lastKnownFileType = sourcecode.c.objc; path = MASConstraintMaker.m; sourceTree = "<group>"; };
		BDB9C64F2797EC0800BC45DF /* MASLayoutConstraint.m */ = {isa = PBXFileReference; fileEncoding = 4; lastKnownFileType = sourcecode.c.objc; path = MASLayoutConstraint.m; sourceTree = "<group>"; };
		BDB9C6502797EC0800BC45DF /* NSArray+MASAdditions.m */ = {isa = PBXFileReference; fileEncoding = 4; lastKnownFileType = sourcecode.c.objc; path = "NSArray+MASAdditions.m"; sourceTree = "<group>"; };
		BDB9C6512797EC0800BC45DF /* View+MASAdditions.m */ = {isa = PBXFileReference; fileEncoding = 4; lastKnownFileType = sourcecode.c.objc; path = "View+MASAdditions.m"; sourceTree = "<group>"; };
		BDB9C6522797EC0800BC45DF /* View+MASShorthandAdditions.h */ = {isa = PBXFileReference; fileEncoding = 4; lastKnownFileType = sourcecode.c.h; path = "View+MASShorthandAdditions.h"; sourceTree = "<group>"; };
		BDB9C6532797EC0800BC45DF /* Masonry.h */ = {isa = PBXFileReference; fileEncoding = 4; lastKnownFileType = sourcecode.c.h; path = Masonry.h; sourceTree = "<group>"; };
		BDB9C6542797EC0800BC45DF /* MASConstraint.m */ = {isa = PBXFileReference; fileEncoding = 4; lastKnownFileType = sourcecode.c.objc; path = MASConstraint.m; sourceTree = "<group>"; };
		BDB9C6552797EC0800BC45DF /* ViewController+MASAdditions.h */ = {isa = PBXFileReference; fileEncoding = 4; lastKnownFileType = sourcecode.c.h; path = "ViewController+MASAdditions.h"; sourceTree = "<group>"; };
		BDB9C6562797EC0800BC45DF /* MASViewConstraint.m */ = {isa = PBXFileReference; fileEncoding = 4; lastKnownFileType = sourcecode.c.objc; path = MASViewConstraint.m; sourceTree = "<group>"; };
		BDB9C6572797EC0800BC45DF /* MASViewAttribute.m */ = {isa = PBXFileReference; fileEncoding = 4; lastKnownFileType = sourcecode.c.objc; path = MASViewAttribute.m; sourceTree = "<group>"; };
		BDB9C6632797EC1400BC45DF /* MBProgressHUD.m */ = {isa = PBXFileReference; fileEncoding = 4; lastKnownFileType = sourcecode.c.objc; path = MBProgressHUD.m; sourceTree = "<group>"; };
		BDB9C6652797EC1400BC45DF /* MBProgressHUD.h */ = {isa = PBXFileReference; fileEncoding = 4; lastKnownFileType = sourcecode.c.h; path = MBProgressHUD.h; sourceTree = "<group>"; };
		BDBEB43B26562F5C00625B11 /* image.launch2@3x.png */ = {isa = PBXFileReference; lastKnownFileType = image.png; path = "image.launch2@3x.png"; sourceTree = "<group>"; };
		BDE679EA2576121D00FD24AF /* PanoUserListViewController.h */ = {isa = PBXFileReference; lastKnownFileType = sourcecode.c.h; path = PanoUserListViewController.h; sourceTree = "<group>"; };
		BDE679EB2576121D00FD24AF /* PanoUserListViewController.m */ = {isa = PBXFileReference; lastKnownFileType = sourcecode.c.objc; path = PanoUserListViewController.m; sourceTree = "<group>"; };
		BDE679EE2576232400FD24AF /* PanoUserCell.h */ = {isa = PBXFileReference; lastKnownFileType = sourcecode.c.h; path = PanoUserCell.h; sourceTree = "<group>"; };
		BDE679EF2576232400FD24AF /* PanoUserCell.m */ = {isa = PBXFileReference; lastKnownFileType = sourcecode.c.objc; path = PanoUserCell.m; sourceTree = "<group>"; };
		BDE679F1257627AA00FD24AF /* PanoAvatorUtil.h */ = {isa = PBXFileReference; lastKnownFileType = sourcecode.c.h; path = PanoAvatorUtil.h; sourceTree = "<group>"; };
		BDE679F2257627AA00FD24AF /* PanoAvatorUtil.m */ = {isa = PBXFileReference; lastKnownFileType = sourcecode.c.objc; path = PanoAvatorUtil.m; sourceTree = "<group>"; };
		BDE679F42577C5A600FD24AF /* NSURL+Extension.h */ = {isa = PBXFileReference; lastKnownFileType = sourcecode.c.h; path = "NSURL+Extension.h"; sourceTree = "<group>"; };
		BDE679F52577C5A600FD24AF /* NSURL+Extension.m */ = {isa = PBXFileReference; lastKnownFileType = sourcecode.c.objc; path = "NSURL+Extension.m"; sourceTree = "<group>"; };
		BDE8AD3825FB6AC400B1026E /* PanoAnnotationToolView.h */ = {isa = PBXFileReference; lastKnownFileType = sourcecode.c.h; path = PanoAnnotationToolView.h; sourceTree = "<group>"; };
		BDE8AD3925FB6AC400B1026E /* PanoAnnotationToolView.m */ = {isa = PBXFileReference; lastKnownFileType = sourcecode.c.objc; path = PanoAnnotationToolView.m; sourceTree = "<group>"; };
		BDE8AD3B25FB6E6D00B1026E /* PanoAction.h */ = {isa = PBXFileReference; lastKnownFileType = sourcecode.c.h; path = PanoAction.h; sourceTree = "<group>"; };
		BDE8AD3C25FB6E6D00B1026E /* PanoAction.m */ = {isa = PBXFileReference; lastKnownFileType = sourcecode.c.objc; path = PanoAction.m; sourceTree = "<group>"; };
		BDE8AD4125FF4E4100B1026E /* PanoAnnotationService.h */ = {isa = PBXFileReference; lastKnownFileType = sourcecode.c.h; path = PanoAnnotationService.h; sourceTree = "<group>"; };
		BDE8AD4225FF4E4100B1026E /* PanoAnnotationService.m */ = {isa = PBXFileReference; lastKnownFileType = sourcecode.c.objc; path = PanoAnnotationService.m; sourceTree = "<group>"; };
		BDEC6F552631196100E34765 /* ReplayKit.framework */ = {isa = PBXFileReference; lastKnownFileType = wrapper.framework; name = ReplayKit.framework; path = System/Library/Frameworks/ReplayKit.framework; sourceTree = SDKROOT; };
		BDEC6F572631196100E34765 /* UIKit.framework */ = {isa = PBXFileReference; lastKnownFileType = wrapper.framework; name = UIKit.framework; path = System/Library/Frameworks/UIKit.framework; sourceTree = SDKROOT; };
		BDEC6FA12631631600E34765 /* PanoBroadcastButton.h */ = {isa = PBXFileReference; lastKnownFileType = sourcecode.c.h; path = PanoBroadcastButton.h; sourceTree = "<group>"; };
		BDEC6FA22631631600E34765 /* PanoBroadcastButton.m */ = {isa = PBXFileReference; lastKnownFileType = sourcecode.c.objc; path = PanoBroadcastButton.m; sourceTree = "<group>"; };
		BDEEEEAC253D4192005EE09B /* PanoWhiteboardService.h */ = {isa = PBXFileReference; lastKnownFileType = sourcecode.c.h; path = PanoWhiteboardService.h; sourceTree = "<group>"; };
		BDEEEEAD253D4192005EE09B /* PanoWhiteboardService.m */ = {isa = PBXFileReference; lastKnownFileType = sourcecode.c.objc; path = PanoWhiteboardService.m; sourceTree = "<group>"; };
		BDEEEEB2253DA469005EE09B /* PanoArrayDataSource.h */ = {isa = PBXFileReference; lastKnownFileType = sourcecode.c.h; path = PanoArrayDataSource.h; sourceTree = "<group>"; };
		BDEEEEB3253DA469005EE09B /* PanoArrayDataSource.m */ = {isa = PBXFileReference; lastKnownFileType = sourcecode.c.objc; path = PanoArrayDataSource.m; sourceTree = "<group>"; };
		BDFEF2FA26957A02005E6A6C /* PanoConfig.h */ = {isa = PBXFileReference; lastKnownFileType = sourcecode.c.h; path = PanoConfig.h; sourceTree = "<group>"; };
		BDFEF2FB26957A02005E6A6C /* PanoConfig.m */ = {isa = PBXFileReference; lastKnownFileType = sourcecode.c.objc; path = PanoConfig.m; sourceTree = "<group>"; };
/* End PBXFileReference section */

/* Begin PBXFrameworksBuildPhase section */
		57C6E4922434780200ADF2CB /* Frameworks */ = {
			isa = PBXFrameworksBuildPhase;
			buildActionMask = 2147483647;
			files = (
				BDB9C5FF2796A90E00BC45DF /* PanoRtc.framework in Frameworks */,
				BD451C0C255D18B70034376E /* SystemConfiguration.framework in Frameworks */,
				BD451C12255D18E50034376E /* libc++.tbd in Frameworks */,
				BD451C10255D18D50034376E /* libz.tbd in Frameworks */,
				BD451C0E255D18C20034376E /* Security.framework in Frameworks */,
			);
			runOnlyForDeploymentPostprocessing = 0;
		};
/* End PBXFrameworksBuildPhase section */

/* Begin PBXGroup section */
		5711DC06243F19B700A32DBC /* Frameworks */ = {
			isa = PBXGroup;
			children = (
				BDB9C5FE2796A8FB00BC45DF /* PanoRtc.framework */,
				BD451C11255D18E00034376E /* libc++.tbd */,
				BD451C0F255D18CD0034376E /* libz.tbd */,
				BD451C0D255D18C20034376E /* Security.framework */,
				BD451C0B255D18B60034376E /* SystemConfiguration.framework */,
				BA36C87B17B1606423CEB47B /* libPods-PanoVideoCall.a */,
				BDEC6F552631196100E34765 /* ReplayKit.framework */,
				BDEC6F572631196100E34765 /* UIKit.framework */,
			);
			name = Frameworks;
			sourceTree = "<group>";
		};
		57C6E48C2434780200ADF2CB = {
			isa = PBXGroup;
			children = (
				57C6E4972434780200ADF2CB /* PanoVideoDemo */,
				5711DC06243F19B700A32DBC /* Frameworks */,
				57C6E4962434780200ADF2CB /* Products */,
			);
			sourceTree = "<group>";
		};
		57C6E4962434780200ADF2CB /* Products */ = {
			isa = PBXGroup;
			children = (
				57C6E4952434780200ADF2CB /* PanoVideoCall.app */,
			);
			name = Products;
			sourceTree = "<group>";
		};
		57C6E4972434780200ADF2CB /* PanoVideoDemo */ = {
			isa = PBXGroup;
			children = (
				BDBEB43726562F2A00625B11 /* Resource */,
				BD64B7AF2521BB3000DAB342 /* Common */,
				BD64B77D2521702200DAB342 /* Source */,
				BD64B70C251DBBBB00DAB342 /* Categary */,
				57C6E4982434780200ADF2CB /* AppDelegate.h */,
				57C6E4992434780200ADF2CB /* AppDelegate.m */,
				57C6E49B2434780200ADF2CB /* SceneDelegate.h */,
				57C6E49C2434780200ADF2CB /* SceneDelegate.m */,
				575943D5243D811100266F59 /* PanoCallClient.h */,
				575943D6243D811100266F59 /* PanoCallClient.m */,
				57C6E4A12434780200ADF2CB /* Main.storyboard */,
				57C6E4A42434780500ADF2CB /* Assets.xcassets */,
				57C6E4A62434780500ADF2CB /* LaunchScreen.storyboard */,
				572A0B102436E8D60003C457 /* Localizable.strings */,
				57C6E4A92434780500ADF2CB /* Info.plist */,
				57E4F331244A18170004A856 /* InfoPlist.strings */,
				57C6E4AA2434780500ADF2CB /* main.m */,
			);
			path = PanoVideoDemo;
			sourceTree = "<group>";
		};
		BD2383E8278457EA0031DBEC /* CallView */ = {
			isa = PBXGroup;
			children = (
				57C6E4C12434A4C400ADF2CB /* CallViewController.h */,
				57C6E4C02434A4C400ADF2CB /* CallViewController.m */,
			);
			path = CallView;
			sourceTree = "<group>";
		};
		BD55505F2646732200B6539E /* TCPopupMenu */ = {
			isa = PBXGroup;
			children = (
				BD5550632646732200B6539E /* TCPopupViewPath.h */,
				BD5550602646732200B6539E /* TCPopupViewPath.m */,
				BD5550642646732200B6539E /* TCRectConst.h */,
				BD5550612646732200B6539E /* TCRectConst.m */,
			);
			path = TCPopupMenu;
			sourceTree = "<group>";
		};
		BD64B70C251DBBBB00DAB342 /* Categary */ = {
			isa = PBXGroup;
			children = (
				BDB9C5AF279590D800BC45DF /* NSArray+Extension.h */,
				BDB9C5AE279590D800BC45DF /* NSArray+Extension.m */,
				BD64B70D251DBBD900DAB342 /* UIColor+Extension.h */,
				BD64B70E251DBBD900DAB342 /* UIColor+Extension.m */,
				BD1ABD79253055E100973819 /* UIView+Extension.h */,
				BD1ABD7A253055E100973819 /* UIView+Extension.m */,
				BD8A30162563C5CA00B03474 /* MBProgressHUD+Extension.h */,
				BD8A30172563C5CA00B03474 /* MBProgressHUD+Extension.m */,
				BDE679F42577C5A600FD24AF /* NSURL+Extension.h */,
				BDE679F52577C5A600FD24AF /* NSURL+Extension.m */,
				BD55505A26463FAB00B6539E /* UIImage+Extension.h */,
				BD55505B26463FAB00B6539E /* UIImage+Extension.m */,
				BD988A9826942B3D000F75DA /* UIImage+IconFont.h */,
				BD988A9726942B3D000F75DA /* UIImage+IconFont.m */,
				BD8F5D9E265E20BB005CCC29 /* UIView+Designable.h */,
				BD8F5D9F265E20BB005CCC29 /* UIView+Designable.m */,
			);
			path = Categary;
			sourceTree = "<group>";
		};
		BD64B77D2521702200DAB342 /* Source */ = {
			isa = PBXGroup;
			children = (
				BD64B7822521711000DAB342 /* Base */,
				BD64B77E2521702E00DAB342 /* Conf */,
			);
			path = Source;
			sourceTree = "<group>";
		};
		BD64B77E2521702E00DAB342 /* Conf */ = {
			isa = PBXGroup;
			children = (
				BD64B7C7252353D500DAB342 /* Layouts */,
				BD64B7BF252353D500DAB342 /* Medias */,
				BD64B7BA252353D500DAB342 /* Model */,
				BD64B7CF252353D500DAB342 /* Services */,
				BD64B7C4252353D500DAB342 /* Views */,
			);
			path = Conf;
			sourceTree = "<group>";
		};
		BD64B7822521711000DAB342 /* Base */ = {
			isa = PBXGroup;
			children = (
				BD64B7832521712F00DAB342 /* PanoBaseView.h */,
				BD64B7842521712F00DAB342 /* PanoBaseView.m */,
				BD64B786252171D400DAB342 /* PanoBaseService.h */,
				BD64B787252171D400DAB342 /* PanoBaseService.m */,
				BD7C155325661F2800DAC911 /* PanoBaseViewController.h */,
				BD7C155425661F2800DAC911 /* PanoBaseViewController.m */,
			);
			path = Base;
			sourceTree = "<group>";
		};
		BD64B7AF2521BB3000DAB342 /* Common */ = {
			isa = PBXGroup;
			children = (
				BDB9C6622797EC1400BC45DF /* MBProgressHUD */,
				BDB9C63E2797EC0800BC45DF /* Masonry */,
				BD6A6CA1255B87CC00EC6D78 /* PanoLog.h */,
				BD6A6CA2255B87CC00EC6D78 /* PanoLog.m */,
				BD58864325400E3500EF389C /* PanoItem.h */,
				BD58864525400E3500EF389C /* PanoItem.m */,
				BD58864425400E3500EF389C /* PanoItemDelegate.h */,
				BD58864025400E0100EF389C /* PanoMenuCell.h */,
				BD58864125400E0100EF389C /* PanoMenuCell.m */,
				BD64B7B02521BB4100DAB342 /* PanoDefine.h */,
				BD43D61E25381DC700FDA5F5 /* PanoMulticastDelegate.h */,
				BD43D61F25381DC700FDA5F5 /* PanoMulticastDelegate.m */,
				BDEEEEB2253DA469005EE09B /* PanoArrayDataSource.h */,
				BDEEEEB3253DA469005EE09B /* PanoArrayDataSource.m */,
				BD4BB41725418B9400C81A6E /* PanoEmptyView.h */,
				BD4BB41825418B9400C81A6E /* PanoEmptyView.m */,
				BD8A304625651ACA00B03474 /* PanoNetworkManager.h */,
				BD8A304725651ACA00B03474 /* PanoNetworkManager.m */,
				BD0C24DC256F44E7001FDA58 /* Reachability.h */,
				BD0C24DD256F44E7001FDA58 /* Reachability.m */,
				BDE679F1257627AA00FD24AF /* PanoAvatorUtil.h */,
				BDE679F2257627AA00FD24AF /* PanoAvatorUtil.m */,
				BDE8AD3B25FB6E6D00B1026E /* PanoAction.h */,
				BDE8AD3C25FB6E6D00B1026E /* PanoAction.m */,
				BDA011D2263A65D700E8EED1 /* PanoNotificationCenter.h */,
				BDA011D3263A65D700E8EED1 /* PanoNotificationCenter.m */,
				BD55505F2646732200B6539E /* TCPopupMenu */,
			);
			path = Common;
			sourceTree = "<group>";
		};
		BD64B7BA252353D500DAB342 /* Model */ = {
			isa = PBXGroup;
			children = (
				BD64B7BE252353D500DAB342 /* PanoUserInfo.h */,
				BD64B7BC252353D500DAB342 /* PanoUserInfo.m */,
				BD64B7BB252353D500DAB342 /* PanoViewInstance.h */,
				BD64B7BD252353D500DAB342 /* PanoViewInstance.m */,
				BDFEF2FA26957A02005E6A6C /* PanoConfig.h */,
				BDFEF2FB26957A02005E6A6C /* PanoConfig.m */,
			);
			path = Model;
			sourceTree = "<group>";
		};
		BD64B7BF252353D500DAB342 /* Medias */ = {
			isa = PBXGroup;
			children = (
				BD64B7C2252353D500DAB342 /* PanoBaseMediaView.h */,
				BD64B7C0252353D500DAB342 /* PanoBaseMediaView.m */,
				BD64B7C3252353D500DAB342 /* PanoVideoView.h */,
				BD64B7C1252353D500DAB342 /* PanoVideoView.m */,
				BD4D450E252462220098EE28 /* PanoDesktopView.h */,
				BD4D450F252462220098EE28 /* PanoDesktopView.m */,
				BD4D4511252462370098EE28 /* PanoWhiteBoradView.h */,
				BD4D4512252462370098EE28 /* PanoWhiteBoradView.m */,
				BD9889EC2692AFCF000F75DA /* PanoAnnotationTool.h */,
				BD9889ED2692AFCF000F75DA /* PanoAnnotationTool.m */,
				BDE8AD3825FB6AC400B1026E /* PanoAnnotationToolView.h */,
				BDE8AD3925FB6AC400B1026E /* PanoAnnotationToolView.m */,
				BD55505626463B6400B6539E /* PanoAnnotationPenView.h */,
				BD55505726463B6400B6539E /* PanoAnnotationPenView.m */,
			);
			path = Medias;
			sourceTree = "<group>";
		};
		BD64B7C4252353D500DAB342 /* Views */ = {
			isa = PBXGroup;
			children = (
				BD2383E8278457EA0031DBEC /* CallView */,
				BDEC6FA02631627C00E34765 /* ShareScreen */,
				BD3DC42A26117AD000BF844D /* PanoFeedAudioController.h */,
				BD3DC42B26117AD000BF844D /* PanoFeedAudioController.m */,
				BD7C158C256DEC3F00DAC911 /* PanoOverallHeaderView.h */,
				BD7C158D256DEC3F00DAC911 /* PanoOverallHeaderView.m */,
				BD64B7C6252353D500DAB342 /* PanoPoolView.h */,
				BD64B7C5252353D500DAB342 /* PanoPoolView.m */,
				BD7C1585256BB2C700DAC911 /* PanoStatisticsView.h */,
				BD7C1586256BB2C700DAC911 /* PanoStatisticsView.m */,
				BD7C156F2566812F00DAC911 /* PanoStatisticsViewController.h */,
				BD7C15702566812F00DAC911 /* PanoStatisticsViewController.m */,
				BDE679EE2576232400FD24AF /* PanoUserCell.h */,
				BDE679EF2576232400FD24AF /* PanoUserCell.m */,
				BDE679EA2576121D00FD24AF /* PanoUserListViewController.h */,
				BDE679EB2576121D00FD24AF /* PanoUserListViewController.m */,
				BD4D4514252465720098EE28 /* PanoWbTopView.h */,
				BD4D4515252465720098EE28 /* PanoWbTopView.m */,
				572A0B12243715600003C457 /* SettingTableViewController.h */,
				572A0B13243715600003C457 /* SettingTableViewController.m */,
				5752F3E92437653400CAEA64 /* BeautifyTableViewController.h */,
				5752F3EA2437653400CAEA64 /* BeautifyTableViewController.m */,
				575943D2243D7B7F00266F59 /* FeedbackViewController.h */,
				575943D3243D7B7F00266F59 /* FeedbackViewController.m */,
				57C6E4BD2434A4C400ADF2CB /* JoinViewController.h */,
				57C6E4BF2434A4C400ADF2CB /* JoinViewController.m */,
				57FC408A243769B500508035 /* WebViewController.h */,
				57FC408B243769B500508035 /* WebViewController.m */,
				57C6E4BC2434A4C400ADF2CB /* WhiteboardViewController.h */,
				57C6E4C22434A4C400ADF2CB /* WhiteboardViewController.m */,
			);
			path = Views;
			sourceTree = "<group>";
		};
		BD64B7C7252353D500DAB342 /* Layouts */ = {
			isa = PBXGroup;
			children = (
				BD1ABD76253050F800973819 /* PanoPoolLayout.h */,
				BD1ABD77253050F800973819 /* PanoPoolLayout.m */,
				BD64B7CA252353D500DAB342 /* PanoPoolFloatLayout.h */,
				BD64B7CD252353D500DAB342 /* PanoPoolFloatLayout.m */,
				BD64B7C8252353D500DAB342 /* PanoPoolFourAvgLayout.h */,
				BD64B7CB252353D500DAB342 /* PanoPoolFourAvgLayout.m */,
				BD64B7CE252353D500DAB342 /* PanoPoolFullScreenLayout.h */,
				BD64B7C9252353D500DAB342 /* PanoPoolFullScreenLayout.m */,
				BD64B7CC252353D500DAB342 /* PanoPoolLayoutDelegate.h */,
			);
			path = Layouts;
			sourceTree = "<group>";
		};
		BD64B7CF252353D500DAB342 /* Services */ = {
			isa = PBXGroup;
			children = (
				BDB9C5B62795943F00BC45DF /* Pool */,
				BD64B7E72523568200DAB342 /* PanoPoolProtocols.h */,
				BD64B7D9252353D500DAB342 /* PanoAudioService.h */,
				BD64B7D4252353D500DAB342 /* PanoAudioService.m */,
				BD64B7D7252353D500DAB342 /* PanoUserService.h */,
				BD64B7D1252353D500DAB342 /* PanoUserService.m */,
				BD64B7D3252353D500DAB342 /* PanoVideoService.h */,
				BD64B7D8252353D500DAB342 /* PanoVideoService.m */,
				BD1ABDAA2531BC2100973819 /* PanoDesktopService.h */,
				BD1ABDAB2531BC2100973819 /* PanoDesktopService.m */,
				BDE8AD4125FF4E4100B1026E /* PanoAnnotationService.h */,
				BDE8AD4225FF4E4100B1026E /* PanoAnnotationService.m */,
				BDEEEEAC253D4192005EE09B /* PanoWhiteboardService.h */,
				BDEEEEAD253D4192005EE09B /* PanoWhiteboardService.m */,
				BD8A30402564FA9400B03474 /* PanoStatisticsService.h */,
				BD8A30412564FA9400B03474 /* PanoStatisticsService.m */,
				BD3DC4272611729300BF844D /* PanoRtcService.h */,
				BD3DC4282611729300BF844D /* PanoRtcService.m */,
			);
			path = Services;
			sourceTree = "<group>";
		};
		BD8F5D86265DF002005CCC29 /* iconFont */ = {
			isa = PBXGroup;
			children = (
				BD988AA226943416000F75DA /* demo_index.html */,
				BD988AA126943416000F75DA /* iconfont.ttf */,
			);
			path = iconFont;
			sourceTree = "<group>";
		};
		BDB9C5B62795943F00BC45DF /* Pool */ = {
			isa = PBXGroup;
			children = (
				BDB9C5BC2795944000BC45DF /* PanoPoolService.h */,
				BDB9C5B72795944000BC45DF /* PanoPoolService.m */,
			);
			path = Pool;
			sourceTree = "<group>";
		};
		BDB9C63E2797EC0800BC45DF /* Masonry */ = {
			isa = PBXGroup;
			children = (
				BDB9C63F2797EC0800BC45DF /* MASCompositeConstraint.h */,
				BDB9C6402797EC0800BC45DF /* NSLayoutConstraint+MASDebugAdditions.m */,
				BDB9C6412797EC0800BC45DF /* MASConstraint+Private.h */,
				BDB9C6422797EC0800BC45DF /* MASLayoutConstraint.h */,
				BDB9C6432797EC0800BC45DF /* NSArray+MASShorthandAdditions.h */,
				BDB9C6442797EC0800BC45DF /* MASConstraintMaker.h */,
				BDB9C6452797EC0800BC45DF /* View+MASAdditions.h */,
				BDB9C6462797EC0800BC45DF /* NSArray+MASAdditions.h */,
				BDB9C6472797EC0800BC45DF /* MASUtilities.h */,
				BDB9C6482797EC0800BC45DF /* MASViewAttribute.h */,
				BDB9C6492797EC0800BC45DF /* ViewController+MASAdditions.m */,
				BDB9C64A2797EC0800BC45DF /* MASViewConstraint.h */,
				BDB9C64B2797EC0800BC45DF /* MASConstraint.h */,
				BDB9C64C2797EC0800BC45DF /* NSLayoutConstraint+MASDebugAdditions.h */,
				BDB9C64D2797EC0800BC45DF /* MASCompositeConstraint.m */,
				BDB9C64E2797EC0800BC45DF /* MASConstraintMaker.m */,
				BDB9C64F2797EC0800BC45DF /* MASLayoutConstraint.m */,
				BDB9C6502797EC0800BC45DF /* NSArray+MASAdditions.m */,
				BDB9C6512797EC0800BC45DF /* View+MASAdditions.m */,
				BDB9C6522797EC0800BC45DF /* View+MASShorthandAdditions.h */,
				BDB9C6532797EC0800BC45DF /* Masonry.h */,
				BDB9C6542797EC0800BC45DF /* MASConstraint.m */,
				BDB9C6552797EC0800BC45DF /* ViewController+MASAdditions.h */,
				BDB9C6562797EC0800BC45DF /* MASViewConstraint.m */,
				BDB9C6572797EC0800BC45DF /* MASViewAttribute.m */,
			);
			name = Masonry;
			path = Masonry/Masonry;
			sourceTree = "<group>";
		};
		BDB9C6622797EC1400BC45DF /* MBProgressHUD */ = {
			isa = PBXGroup;
			children = (
				BDB9C6632797EC1400BC45DF /* MBProgressHUD.m */,
				BDB9C6652797EC1400BC45DF /* MBProgressHUD.h */,
			);
			path = MBProgressHUD;
			sourceTree = "<group>";
		};
		BDBEB43726562F2A00625B11 /* Resource */ = {
			isa = PBXGroup;
			children = (
				BD8F5D86265DF002005CCC29 /* iconFont */,
				BDBEB43B26562F5C00625B11 /* image.launch2@3x.png */,
			);
			path = Resource;
			sourceTree = "<group>";
		};
		BDEC6FA02631627C00E34765 /* ShareScreen */ = {
			isa = PBXGroup;
			children = (
				BDEC6FA12631631600E34765 /* PanoBroadcastButton.h */,
				BDEC6FA22631631600E34765 /* PanoBroadcastButton.m */,
			);
			path = ShareScreen;
			sourceTree = "<group>";
		};
/* End PBXGroup section */

/* Begin PBXNativeTarget section */
		57C6E4942434780200ADF2CB /* PanoVideoCall */ = {
			isa = PBXNativeTarget;
			buildConfigurationList = 57C6E4AE2434780500ADF2CB /* Build configuration list for PBXNativeTarget "PanoVideoCall" */;
			buildPhases = (
				57C6E4912434780200ADF2CB /* Sources */,
				57C6E4922434780200ADF2CB /* Frameworks */,
				57C6E4932434780200ADF2CB /* Resources */,
				BDB9C5FA2796A72200BC45DF /* Embed Frameworks */,
			);
			buildRules = (
			);
			dependencies = (
			);
			name = PanoVideoCall;
			productName = PanoCall;
			productReference = 57C6E4952434780200ADF2CB /* PanoVideoCall.app */;
			productType = "com.apple.product-type.application";
		};
/* End PBXNativeTarget section */

/* Begin PBXProject section */
		57C6E48D2434780200ADF2CB /* Project object */ = {
			isa = PBXProject;
			attributes = {
				LastUpgradeCheck = 1140;
				ORGANIZATIONNAME = Pano;
				TargetAttributes = {
					57C6E4942434780200ADF2CB = {
						CreatedOnToolsVersion = 11.4;
					};
				};
			};
			buildConfigurationList = 57C6E4902434780200ADF2CB /* Build configuration list for PBXProject "PanoVideoDemo" */;
			compatibilityVersion = "Xcode 9.3";
			developmentRegion = en;
			hasScannedForEncodings = 0;
			knownRegions = (
				Base,
				"zh-Hans",
				en,
			);
			mainGroup = 57C6E48C2434780200ADF2CB;
			productRefGroup = 57C6E4962434780200ADF2CB /* Products */;
			projectDirPath = "";
			projectRoot = "";
			targets = (
				57C6E4942434780200ADF2CB /* PanoVideoCall */,
			);
		};
/* End PBXProject section */

/* Begin PBXResourcesBuildPhase section */
		57C6E4932434780200ADF2CB /* Resources */ = {
			isa = PBXResourcesBuildPhase;
			buildActionMask = 2147483647;
			files = (
				BDBEB43C26562F5C00625B11 /* image.launch2@3x.png in Resources */,
				BD988AA326943416000F75DA /* iconfont.ttf in Resources */,
				57C6E4A82434780500ADF2CB /* LaunchScreen.storyboard in Resources */,
				572A0B0E2436E8D60003C457 /* Localizable.strings in Resources */,
				57C6E4A52434780500ADF2CB /* Assets.xcassets in Resources */,
				57C6E4A32434780200ADF2CB /* Main.storyboard in Resources */,
				57E4F32F244A18170004A856 /* InfoPlist.strings in Resources */,
			);
			runOnlyForDeploymentPostprocessing = 0;
		};
/* End PBXResourcesBuildPhase section */

/* Begin PBXSourcesBuildPhase section */
		57C6E4912434780200ADF2CB /* Sources */ = {
			isa = PBXSourcesBuildPhase;
			buildActionMask = 2147483647;
			files = (
				BDB9C65D2797EC0800BC45DF /* NSArray+MASAdditions.m in Sources */,
				BDB9C6612797EC0800BC45DF /* MASViewAttribute.m in Sources */,
				BD64B7DD252353D500DAB342 /* PanoVideoView.m in Sources */,
				BD4BB41925418B9400C81A6E /* PanoEmptyView.m in Sources */,
				BDB9C6602797EC0800BC45DF /* MASViewConstraint.m in Sources */,
				BD5550662646732200B6539E /* TCPopupViewPath.m in Sources */,
				57C6E49A2434780200ADF2CB /* AppDelegate.m in Sources */,
				BD64B7DC252353D500DAB342 /* PanoBaseMediaView.m in Sources */,
				BD8F5DA0265E20BB005CCC29 /* UIView+Designable.m in Sources */,
				BD64B7E3252353D500DAB342 /* PanoUserService.m in Sources */,
				BDE8AD4325FF4E4100B1026E /* PanoAnnotationService.m in Sources */,
				BD55505826463B6400B6539E /* PanoAnnotationPenView.m in Sources */,
				BD5550672646732200B6539E /* TCRectConst.m in Sources */,
				BD8A304825651ACA00B03474 /* PanoNetworkManager.m in Sources */,
				BD64B788252171D400DAB342 /* PanoBaseService.m in Sources */,
				BD58864625400E3500EF389C /* PanoItem.m in Sources */,
				57C6E4AB2434780500ADF2CB /* main.m in Sources */,
				BD1ABD782530510600973819 /* PanoPoolLayout.m in Sources */,
				BDB9C5B0279590D800BC45DF /* NSArray+Extension.m in Sources */,
				BD8A30422564FA9400B03474 /* PanoStatisticsService.m in Sources */,
				BDFEF2FC26957A02005E6A6C /* PanoConfig.m in Sources */,
				BD55505C26463FAB00B6539E /* UIImage+Extension.m in Sources */,
				BD64B7DB252353D500DAB342 /* PanoViewInstance.m in Sources */,
				BD8A30182563C5CA00B03474 /* MBProgressHUD+Extension.m in Sources */,
				BD4D4513252462370098EE28 /* PanoWhiteBoradView.m in Sources */,
				BD7C15712566812F00DAC911 /* PanoStatisticsViewController.m in Sources */,
				BD1ABDAC2531BC2100973819 /* PanoDesktopService.m in Sources */,
				BDB9C65A2797EC0800BC45DF /* MASCompositeConstraint.m in Sources */,
				BDA011D4263A65D700E8EED1 /* PanoNotificationCenter.m in Sources */,
				BD64B7DF252353D500DAB342 /* PanoPoolFullScreenLayout.m in Sources */,
				BDE8AD3A25FB6AC400B1026E /* PanoAnnotationToolView.m in Sources */,
				BD64B70F251DBBD900DAB342 /* UIColor+Extension.m in Sources */,
				BD4D4510252462220098EE28 /* PanoDesktopView.m in Sources */,
				BD1ABD7B253055E100973819 /* UIView+Extension.m in Sources */,
				BD0C24DE256F44E7001FDA58 /* Reachability.m in Sources */,
				BD64B7E1252353D500DAB342 /* PanoPoolFloatLayout.m in Sources */,
				BDE679F02576232400FD24AF /* PanoUserCell.m in Sources */,
				BD64B7DE252353D500DAB342 /* PanoPoolView.m in Sources */,
				57C6E4C82434A4C400ADF2CB /* WhiteboardViewController.m in Sources */,
				575943D7243D811100266F59 /* PanoCallClient.m in Sources */,
				BD3DC42C26117AD000BF844D /* PanoFeedAudioController.m in Sources */,
				BDEEEEB4253DA469005EE09B /* PanoArrayDataSource.m in Sources */,
				BDE679F3257627AA00FD24AF /* PanoAvatorUtil.m in Sources */,
				5752F3EB2437653400CAEA64 /* BeautifyTableViewController.m in Sources */,
				BDB9C65E2797EC0800BC45DF /* View+MASAdditions.m in Sources */,
				BD64B7DA252353D500DAB342 /* PanoUserInfo.m in Sources */,
				57C6E4C72434A4C400ADF2CB /* CallViewController.m in Sources */,
				BD7C155525661F2800DAC911 /* PanoBaseViewController.m in Sources */,
				BD3DC4292611729300BF844D /* PanoRtcService.m in Sources */,
				BDEEEEAE253D4192005EE09B /* PanoWhiteboardService.m in Sources */,
				BDE679F62577C5A700FD24AF /* NSURL+Extension.m in Sources */,
				57FC408C243769B500508035 /* WebViewController.m in Sources */,
				BDB9C6582797EC0800BC45DF /* NSLayoutConstraint+MASDebugAdditions.m in Sources */,
				572A0B14243715600003C457 /* SettingTableViewController.m in Sources */,
				BD7C158E256DEC4000DAC911 /* PanoOverallHeaderView.m in Sources */,
				BD43D62025381DC700FDA5F5 /* PanoMulticastDelegate.m in Sources */,
				BDB9C65C2797EC0800BC45DF /* MASLayoutConstraint.m in Sources */,
				BDB9C65B2797EC0800BC45DF /* MASConstraintMaker.m in Sources */,
				BD64B7E6252353D500DAB342 /* PanoVideoService.m in Sources */,
				BD988A9926942B3D000F75DA /* UIImage+IconFont.m in Sources */,
				BD9889EE2692AFD0000F75DA /* PanoAnnotationTool.m in Sources */,
				BDB9C6672797EC1400BC45DF /* MBProgressHUD.m in Sources */,
				BDB9C65F2797EC0800BC45DF /* MASConstraint.m in Sources */,
				BD64B7E5252353D500DAB342 /* PanoAudioService.m in Sources */,
				BD7C1587256BB2C700DAC911 /* PanoStatisticsView.m in Sources */,
				BD58864225400E0100EF389C /* PanoMenuCell.m in Sources */,
				BDE8AD3D25FB6E6D00B1026E /* PanoAction.m in Sources */,
				BD64B7E0252353D500DAB342 /* PanoPoolFourAvgLayout.m in Sources */,
				BDB9C6592797EC0800BC45DF /* ViewController+MASAdditions.m in Sources */,
				BDE679EC2576121D00FD24AF /* PanoUserListViewController.m in Sources */,
				BDB9C5C02795944000BC45DF /* PanoPoolService.m in Sources */,
				57C6E4C62434A4C400ADF2CB /* JoinViewController.m in Sources */,
				BD6A6CA3255B87CC00EC6D78 /* PanoLog.m in Sources */,
				BD64B7852521712F00DAB342 /* PanoBaseView.m in Sources */,
				575943D4243D7B7F00266F59 /* FeedbackViewController.m in Sources */,
				BD4D4516252465720098EE28 /* PanoWbTopView.m in Sources */,
				BDEC6FA32631631600E34765 /* PanoBroadcastButton.m in Sources */,
				57C6E49D2434780200ADF2CB /* SceneDelegate.m in Sources */,
			);
			runOnlyForDeploymentPostprocessing = 0;
		};
/* End PBXSourcesBuildPhase section */

/* Begin PBXVariantGroup section */
		572A0B102436E8D60003C457 /* Localizable.strings */ = {
			isa = PBXVariantGroup;
			children = (
				572A0B0F2436E8D60003C457 /* zh-Hans */,
				57A7E64C2466B3CB002A04F1 /* en */,
			);
			name = Localizable.strings;
			sourceTree = "<group>";
		};
		57C6E4A12434780200ADF2CB /* Main.storyboard */ = {
			isa = PBXVariantGroup;
			children = (
				57C6E4A22434780200ADF2CB /* Base */,
				5711DC16244018C400A32DBC /* zh-Hans */,
				57A7E64B2466B2FD002A04F1 /* en */,
			);
			name = Main.storyboard;
			sourceTree = "<group>";
		};
		57C6E4A62434780500ADF2CB /* LaunchScreen.storyboard */ = {
			isa = PBXVariantGroup;
			children = (
				57C6E4A72434780500ADF2CB /* Base */,
			);
			name = LaunchScreen.storyboard;
			sourceTree = "<group>";
		};
		57E4F331244A18170004A856 /* InfoPlist.strings */ = {
			isa = PBXVariantGroup;
			children = (
				57E4F330244A18170004A856 /* zh-Hans */,
				57A7E64D2466B3D7002A04F1 /* en */,
			);
			name = InfoPlist.strings;
			sourceTree = "<group>";
		};
/* End PBXVariantGroup section */

/* Begin XCBuildConfiguration section */
		57C6E4AC2434780500ADF2CB /* Debug */ = {
			isa = XCBuildConfiguration;
			buildSettings = {
				ALWAYS_SEARCH_USER_PATHS = NO;
				"ARCHS[sdk=iphonesimulator*]" = x86_64;
				CLANG_ANALYZER_LOCALIZABILITY_NONLOCALIZED = YES;
				CLANG_ANALYZER_NONNULL = YES;
				CLANG_ANALYZER_NUMBER_OBJECT_CONVERSION = YES_AGGRESSIVE;
				CLANG_CXX_LANGUAGE_STANDARD = "gnu++14";
				CLANG_CXX_LIBRARY = "libc++";
				CLANG_ENABLE_MODULES = YES;
				CLANG_ENABLE_OBJC_ARC = YES;
				CLANG_ENABLE_OBJC_WEAK = YES;
				CLANG_WARN_BLOCK_CAPTURE_AUTORELEASING = YES;
				CLANG_WARN_BOOL_CONVERSION = YES;
				CLANG_WARN_COMMA = YES;
				CLANG_WARN_CONSTANT_CONVERSION = YES;
				CLANG_WARN_DEPRECATED_OBJC_IMPLEMENTATIONS = YES;
				CLANG_WARN_DIRECT_OBJC_ISA_USAGE = YES_ERROR;
				CLANG_WARN_EMPTY_BODY = YES;
				CLANG_WARN_ENUM_CONVERSION = YES;
				CLANG_WARN_INFINITE_RECURSION = YES;
				CLANG_WARN_INT_CONVERSION = YES;
				CLANG_WARN_NON_LITERAL_NULL_CONVERSION = YES;
				CLANG_WARN_OBJC_IMPLICIT_RETAIN_SELF = YES;
				CLANG_WARN_OBJC_LITERAL_CONVERSION = YES;
				CLANG_WARN_OBJC_ROOT_CLASS = YES_ERROR;
				CLANG_WARN_RANGE_LOOP_ANALYSIS = YES;
				CLANG_WARN_STRICT_PROTOTYPES = YES;
				CLANG_WARN_SUSPICIOUS_MOVE = YES;
				CLANG_WARN_UNGUARDED_AVAILABILITY = YES_AGGRESSIVE;
				CLANG_WARN_UNREACHABLE_CODE = YES;
				CLANG_WARN__DUPLICATE_METHOD_MATCH = YES;
				COPY_PHASE_STRIP = NO;
				DEBUG_INFORMATION_FORMAT = dwarf;
				ENABLE_BITCODE = NO;
				ENABLE_STRICT_OBJC_MSGSEND = YES;
				ENABLE_TESTABILITY = YES;
				GCC_C_LANGUAGE_STANDARD = gnu11;
				GCC_DYNAMIC_NO_PIC = NO;
				GCC_NO_COMMON_BLOCKS = YES;
				GCC_OPTIMIZATION_LEVEL = 0;
				GCC_PREPROCESSOR_DEFINITIONS = (
					"DEBUG=1",
					"$(inherited)",
				);
				GCC_WARN_64_TO_32_BIT_CONVERSION = YES;
				GCC_WARN_ABOUT_RETURN_TYPE = YES_ERROR;
				GCC_WARN_UNDECLARED_SELECTOR = YES;
				GCC_WARN_UNINITIALIZED_AUTOS = YES_AGGRESSIVE;
				GCC_WARN_UNUSED_FUNCTION = YES;
				GCC_WARN_UNUSED_VARIABLE = YES;
				IPHONEOS_DEPLOYMENT_TARGET = 9.0;
				MTL_ENABLE_DEBUG_INFO = INCLUDE_SOURCE;
				MTL_FAST_MATH = YES;
				ONLY_ACTIVE_ARCH = YES;
				SDKROOT = iphoneos;
			};
			name = Debug;
		};
		57C6E4AD2434780500ADF2CB /* Release */ = {
			isa = XCBuildConfiguration;
			buildSettings = {
				ALWAYS_SEARCH_USER_PATHS = NO;
				"ARCHS[sdk=iphonesimulator*]" = x86_64;
				CLANG_ANALYZER_LOCALIZABILITY_NONLOCALIZED = YES;
				CLANG_ANALYZER_NONNULL = YES;
				CLANG_ANALYZER_NUMBER_OBJECT_CONVERSION = YES_AGGRESSIVE;
				CLANG_CXX_LANGUAGE_STANDARD = "gnu++14";
				CLANG_CXX_LIBRARY = "libc++";
				CLANG_ENABLE_MODULES = YES;
				CLANG_ENABLE_OBJC_ARC = YES;
				CLANG_ENABLE_OBJC_WEAK = YES;
				CLANG_WARN_BLOCK_CAPTURE_AUTORELEASING = YES;
				CLANG_WARN_BOOL_CONVERSION = YES;
				CLANG_WARN_COMMA = YES;
				CLANG_WARN_CONSTANT_CONVERSION = YES;
				CLANG_WARN_DEPRECATED_OBJC_IMPLEMENTATIONS = YES;
				CLANG_WARN_DIRECT_OBJC_ISA_USAGE = YES_ERROR;
				CLANG_WARN_EMPTY_BODY = YES;
				CLANG_WARN_ENUM_CONVERSION = YES;
				CLANG_WARN_INFINITE_RECURSION = YES;
				CLANG_WARN_INT_CONVERSION = YES;
				CLANG_WARN_NON_LITERAL_NULL_CONVERSION = YES;
				CLANG_WARN_OBJC_IMPLICIT_RETAIN_SELF = YES;
				CLANG_WARN_OBJC_LITERAL_CONVERSION = YES;
				CLANG_WARN_OBJC_ROOT_CLASS = YES_ERROR;
				CLANG_WARN_RANGE_LOOP_ANALYSIS = YES;
				CLANG_WARN_STRICT_PROTOTYPES = YES;
				CLANG_WARN_SUSPICIOUS_MOVE = YES;
				CLANG_WARN_UNGUARDED_AVAILABILITY = YES_AGGRESSIVE;
				CLANG_WARN_UNREACHABLE_CODE = YES;
				CLANG_WARN__DUPLICATE_METHOD_MATCH = YES;
				COPY_PHASE_STRIP = NO;
				DEBUG_INFORMATION_FORMAT = "dwarf-with-dsym";
				ENABLE_BITCODE = NO;
				ENABLE_NS_ASSERTIONS = NO;
				ENABLE_STRICT_OBJC_MSGSEND = YES;
				GCC_C_LANGUAGE_STANDARD = gnu11;
				GCC_NO_COMMON_BLOCKS = YES;
				GCC_WARN_64_TO_32_BIT_CONVERSION = YES;
				GCC_WARN_ABOUT_RETURN_TYPE = YES_ERROR;
				GCC_WARN_UNDECLARED_SELECTOR = YES;
				GCC_WARN_UNINITIALIZED_AUTOS = YES_AGGRESSIVE;
				GCC_WARN_UNUSED_FUNCTION = YES;
				GCC_WARN_UNUSED_VARIABLE = YES;
				IPHONEOS_DEPLOYMENT_TARGET = 9.0;
				MTL_ENABLE_DEBUG_INFO = NO;
				MTL_FAST_MATH = YES;
				SDKROOT = iphoneos;
				VALIDATE_PRODUCT = YES;
				VALIDATE_WORKSPACE = YES;
			};
			name = Release;
		};
		57C6E4AF2434780500ADF2CB /* Debug */ = {
			isa = XCBuildConfiguration;
			buildSettings = {
				ASSETCATALOG_COMPILER_APPICON_NAME = AppIcon;
				CODE_SIGN_ENTITLEMENTS = "";
				CODE_SIGN_IDENTITY = "iPhone Developer";
				CODE_SIGN_STYLE = Manual;
				CURRENT_PROJECT_VERSION = 100;
				DEVELOPMENT_TEAM = "";
				FRAMEWORK_SEARCH_PATHS = (
					"$(inherited)",
					"$(PROJECT_DIR)/../SDK",
				);
				INFOPLIST_FILE = PanoVideoDemo/Info.plist;
				LD_RUNPATH_SEARCH_PATHS = (
					"$(inherited)",
					"@executable_path/Frameworks",
				);
				MARKETING_VERSION = 1.8.0;
				PRODUCT_BUNDLE_IDENTIFIER = com.pano.videoDemo;
				PRODUCT_NAME = "$(TARGET_NAME)";
				PROVISIONING_PROFILE_SPECIFIER = "";
				TARGETED_DEVICE_FAMILY = "1,2";
				VALIDATE_WORKSPACE = YES;
			};
			name = Debug;
		};
		57C6E4B02434780500ADF2CB /* Release */ = {
			isa = XCBuildConfiguration;
			buildSettings = {
				ASSETCATALOG_COMPILER_APPICON_NAME = AppIcon;
				CODE_SIGN_ENTITLEMENTS = "";
				CODE_SIGN_IDENTITY = "iPhone Developer";
				CODE_SIGN_STYLE = Manual;
				CURRENT_PROJECT_VERSION = 100;
				DEVELOPMENT_TEAM = "";
				FRAMEWORK_SEARCH_PATHS = (
					"$(inherited)",
					"$(PROJECT_DIR)/../SDK",
				);
				INFOPLIST_FILE = PanoVideoDemo/Info.plist;
				LD_RUNPATH_SEARCH_PATHS = (
					"$(inherited)",
					"@executable_path/Frameworks",
				);
				MARKETING_VERSION = 1.8.0;
				PRODUCT_BUNDLE_IDENTIFIER = com.pano.videoDemo;
				PRODUCT_NAME = "$(TARGET_NAME)";
				PROVISIONING_PROFILE_SPECIFIER = "";
				TARGETED_DEVICE_FAMILY = "1,2";
			};
			name = Release;
		};
/* End XCBuildConfiguration section */

/* Begin XCConfigurationList section */
		57C6E4902434780200ADF2CB /* Build configuration list for PBXProject "PanoVideoDemo" */ = {
			isa = XCConfigurationList;
			buildConfigurations = (
				57C6E4AC2434780500ADF2CB /* Debug */,
				57C6E4AD2434780500ADF2CB /* Release */,
			);
			defaultConfigurationIsVisible = 0;
			defaultConfigurationName = Release;
		};
		57C6E4AE2434780500ADF2CB /* Build configuration list for PBXNativeTarget "PanoVideoCall" */ = {
			isa = XCConfigurationList;
			buildConfigurations = (
				57C6E4AF2434780500ADF2CB /* Debug */,
				57C6E4B02434780500ADF2CB /* Release */,
			);
			defaultConfigurationIsVisible = 0;
			defaultConfigurationName = Release;
		};
/* End XCConfigurationList section */
	};
	rootObject = 57C6E48D2434780200ADF2CB /* Project object */;
}
